
Microsoft Visual Studio Solution File, Format Version 10.00
# Visual Studio 2008
Project("{2150E333-8FDC-42A3-9474-1A3956D46DE8}") = "Security QuickStart", "Security QuickStart", "{03CADF5D-97BD-465C-8A1B-AD60B4FFC805}"
EndProject
Project("{2150E333-8FDC-42A3-9474-1A3956D46DE8}") = "Referenced Enterprise Library Projects", "Referenced Enterprise Library Projects", "{FC5CD332-1EE9-4118-AE31-793A71EA1F9B}"
EndProject
Project("{F184B08F-C81C-45F6-A57F-5ABD9991F28F}") = "SecurityQuickStart", "SecurityQuickStart\SecurityQuickStart.vbproj", "{2FEEE895-6CE0-4471-BED9-403C630495D7}"
	ProjectSection(ProjectDependencies) = postProject
		{CF2CBDAD-4D43-45EA-9D40-4CD9CC7EE744} = {CF2CBDAD-4D43-45EA-9D40-4CD9CC7EE744}
		{E725A5B4-A379-492F-89E3-3D8021376C3F} = {E725A5B4-A379-492F-89E3-3D8021376C3F}
		{933575C4-BCAC-47E0-B651-C57FBC5CE58E} = {933575C4-BCAC-47E0-B651-C57FBC5CE58E}
		{A09297C8-2C40-470B-8856-D856676DDFFA} = {A09297C8-2C40-470B-8856-D856676DDFFA}
	EndProjectSection
EndProject
Project("{FAE04EC0-301F-11D3-BF4B-00C04F79EFBC}") = "Common", "..\..\..\Blocks\Common\Src\Common.csproj", "{A09297C8-2C40-470B-8856-D856676DDFFA}"
EndProject
Project("{FAE04EC0-301F-11D3-BF4B-00C04F79EFBC}") = "Caching", "..\..\..\Blocks\Caching\Src\Caching\Caching.csproj", "{E725A5B4-A379-492F-89E3-3D8021376C3F}"
EndProject
Project("{FAE04EC0-301F-11D3-BF4B-00C04F79EFBC}") = "Security", "..\..\..\Blocks\Security\Src\Security\Security.csproj", "{CF2CBDAD-4D43-45EA-9D40-4CD9CC7EE744}"
EndProject
Project("{FAE04EC0-301F-11D3-BF4B-00C04F79EFBC}") = "Security.Cache.CachingStore", "..\..\..\Blocks\Security\Src\CachingStore\Security.Cache.CachingStore.csproj", "{933575C4-BCAC-47E0-B651-C57FBC5CE58E}"
EndProject
Global
	GlobalSection(SolutionConfigurationPlatforms) = preSolution
		Debug|Any CPU = Debug|Any CPU
		Release|Any CPU = Release|Any CPU
	EndGlobalSection
	GlobalSection(ProjectConfigurationPlatforms) = postSolution
		{2FEEE895-6CE0-4471-BED9-403C630495D7}.Debug|Any CPU.ActiveCfg = Debug|Any CPU
		{2FEEE895-6CE0-4471-BED9-403C630495D7}.Debug|Any CPU.Build.0 = Debug|Any CPU
		{2FEEE895-6CE0-4471-BED9-403C630495D7}.Release|Any CPU.ActiveCfg = Release|Any CPU
		{2FEEE895-6CE0-4471-BED9-403C630495D7}.Release|Any CPU.Build.0 = Release|Any CPU
		{A09297C8-2C40-470B-8856-D856676DDFFA}.Debug|Any CPU.ActiveCfg = Debug|Any CPU
		{A09297C8-2C40-470B-8856-D856676DDFFA}.Debug|Any CPU.Build.0 = Debug|Any CPU
		{A09297C8-2C40-470B-8856-D856676DDFFA}.Release|Any CPU.ActiveCfg = Release|Any CPU
		{A09297C8-2C40-470B-8856-D856676DDFFA}.Release|Any CPU.Build.0 = Release|Any CPU
		{E725A5B4-A379-492F-89E3-3D8021376C3F}.Debug|Any CPU.ActiveCfg = Debug|Any CPU
		{E725A5B4-A379-492F-89E3-3D8021376C3F}.Debug|Any CPU.Build.0 = Debug|Any CPU
		{E725A5B4-A379-492F-89E3-3D8021376C3F}.Release|Any CPU.ActiveCfg = Release|Any CPU
		{E725A5B4-A379-492F-89E3-3D8021376C3F}.Release|Any CPU.Build.0 = Release|Any CPU
		{CF2CBDAD-4D43-45EA-9D40-4CD9CC7EE744}.Debug|Any CPU.ActiveCfg = Debug|Any CPU
		{CF2CBDAD-4D43-45EA-9D40-4CD9CC7EE744}.Debug|Any CPU.Build.0 = Debug|Any CPU
		{CF2CBDAD-4D43-45EA-9D40-4CD9CC7EE744}.Release|Any CPU.ActiveCfg = Release|Any CPU
		{CF2CBDAD-4D43-45EA-9D40-4CD9CC7EE744}.Release|Any CPU.Build.0 = Release|Any CPU
		{933575C4-BCAC-47E0-B651-C57FBC5CE58E}.Debug|Any CPU.ActiveCfg = Debug|Any CPU
		{933575C4-BCAC-47E0-B651-C57FBC5CE58E}.Debug|Any CPU.Build.0 = Debug|Any CPU
		{933575C4-BCAC-47E0-B651-C57FBC5CE58E}.Release|Any CPU.ActiveCfg = Release|Any CPU
		{933575C4-BCAC-47E0-B651-C57FBC5CE58E}.Release|Any CPU.Build.0 = Release|Any CPU
	EndGlobalSection
	GlobalSection(SolutionProperties) = preSolution
		HideSolutionNode = FALSE
	EndGlobalSection
	GlobalSection(NestedProjects) = preSolution
		{2FEEE895-6CE0-4471-BED9-403C630495D7} = {03CADF5D-97BD-465C-8A1B-AD60B4FFC805}
		{A09297C8-2C40-470B-8856-D856676DDFFA} = {FC5CD332-1EE9-4118-AE31-793A71EA1F9B}
		{E725A5B4-A379-492F-89E3-3D8021376C3F} = {FC5CD332-1EE9-4118-AE31-793A71EA1F9B}
		{CF2CBDAD-4D43-45EA-9D40-4CD9CC7EE744} = {FC5CD332-1EE9-4118-AE31-793A71EA1F9B}
		{933575C4-BCAC-47E0-B651-C57FBC5CE58E} = {FC5CD332-1EE9-4118-AE31-793A71EA1F9B}
	EndGlobalSection
	GlobalSection(ExtensibilityGlobals) = postSolution
		SelectedEnterpriseLibraryConfigurationSet = EntLib4Src
	EndGlobalSection
	GlobalSection(DPCodeReviewSolutionGUID) = preSolution
		DPCodeReviewSolutionGUID = {00000000-0000-0000-0000-000000000000}
	EndGlobalSection
EndGlobal
