
Microsoft Visual Studio Solution File, Format Version 11.00
# Visual Studio 2010
Project("{2150E333-8FDC-42A3-9474-1A3956D46DE8}") = "Core", "Core", "{F57E6A6D-0FC7-4482-9EFA-5FEDA8DB59F7}"
	ProjectSection(FolderStartupServices) = postProject
		{B4F97281-0DBD-4835-9ED8-7DFB966E87FF} = {B4F97281-0DBD-4835-9ED8-7DFB966E87FF}
	EndProjectSection
EndProject
Project("{2150E333-8FDC-42A3-9474-1A3956D46DE8}") = "UnitTests", "UnitTests", "{D8102251-EA56-44F1-AD23-42FAF8EA478C}"
	ProjectSection(FolderStartupServices) = postProject
		{B4F97281-0DBD-4835-9ED8-7DFB966E87FF} = {B4F97281-0DBD-4835-9ED8-7DFB966E87FF}
	EndProjectSection
EndProject
Project("{2150E333-8FDC-42A3-9474-1A3956D46DE8}") = "Validation Application Block", "Validation Application Block", "{EBB28437-7393-44EC-BB21-4EF3C08AE3C0}"
	ProjectSection(FolderStartupServices) = postProject
		{B4F97281-0DBD-4835-9ED8-7DFB966E87FF} = {B4F97281-0DBD-4835-9ED8-7DFB966E87FF}
	EndProjectSection
EndProject
Project("{2150E333-8FDC-42A3-9474-1A3956D46DE8}") = "UnitTests", "UnitTests", "{A5AE3165-DDBE-4790-8F8B-DA42FBE1060A}"
	ProjectSection(FolderStartupServices) = postProject
		{B4F97281-0DBD-4835-9ED8-7DFB966E87FF} = {B4F97281-0DBD-4835-9ED8-7DFB966E87FF}
	EndProjectSection
EndProject
Project("{2150E333-8FDC-42A3-9474-1A3956D46DE8}") = "Solution Items", "Solution Items", "{8D9957D1-1802-4FC8-98EF-9B46FB64E79F}"
	ProjectSection(SolutionItems) = preProject
		EnterpriseLibrary.testrunconfig = EnterpriseLibrary.testrunconfig
		EnterpriseLibrary.Tests.vsmdi = EnterpriseLibrary.Tests.vsmdi
		test.exe.config = test.exe.config
	EndProjectSection
	ProjectSection(FolderStartupServices) = postProject
		{B4F97281-0DBD-4835-9ED8-7DFB966E87FF} = {B4F97281-0DBD-4835-9ED8-7DFB966E87FF}
	EndProjectSection
EndProject
Project("{FAE04EC0-301F-11D3-BF4B-00C04F79EFBC}") = "Common", "Common\Src\Common.csproj", "{A09297C8-2C40-470B-8856-D856676DDFFA}"
EndProject
Project("{FAE04EC0-301F-11D3-BF4B-00C04F79EFBC}") = "Validation", "Validation\Src\Validation\Validation.csproj", "{E814A5DC-C15B-4BA4-AB7C-B7C9A34AC2FD}"
EndProject
Project("{FAE04EC0-301F-11D3-BF4B-00C04F79EFBC}") = "Validation.Tests.VSTS", "Validation\Tests\Validation.Tests\Validation.Tests.VSTS.csproj", "{A1EBF2C2-A0BC-4970-8FA3-7796D287152A}"
EndProject
Project("{FAE04EC0-301F-11D3-BF4B-00C04F79EFBC}") = "Common.Tests.VSTS", "Common\Tests\Common\Common.Tests.VSTS.csproj", "{02FC8CE2-2CB3-41B6-8516-0A27B99708A9}"
EndProject
Project("{FAE04EC0-301F-11D3-BF4B-00C04F79EFBC}") = "Common.TestSupport", "Common\Tests\Common.TestSupport\Common.TestSupport.csproj", "{C6DE0220-E31B-486B-AB57-107636AEB927}"
EndProject
Project("{FAE04EC0-301F-11D3-BF4B-00C04F79EFBC}") = "Validation.TestSupport", "Validation\Tests\Validation.TestSupport\Validation.TestSupport.csproj", "{3D3C0BEE-437E-487C-B9B3-46288AE933B9}"
EndProject
Project("{FAE04EC0-301F-11D3-BF4B-00C04F79EFBC}") = "Validation.Silverlight", "Validation\Src\Validation\Validation.Silverlight.csproj", "{6F8B11CC-D60E-4822-84C3-AADFB6757BAE}"
EndProject
Project("{FAE04EC0-301F-11D3-BF4B-00C04F79EFBC}") = "Common.Silverlight", "Common\Src\Common.Silverlight.csproj", "{453CC31C-5264-411F-96C7-84CB52298DE1}"
EndProject
Project("{FAE04EC0-301F-11D3-BF4B-00C04F79EFBC}") = "Validation.Silverlight.Tests", "Validation\Tests\Validation.Tests\Validation.Silverlight.Tests.csproj", "{3B448E8C-E3EB-4E5A-AAF3-0A0D1793D6F4}"
EndProject
Project("{FAE04EC0-301F-11D3-BF4B-00C04F79EFBC}") = "Validation.TestSupport.Silverlight", "Validation\Tests\Validation.TestSupport\Validation.TestSupport.Silverlight.csproj", "{D44A04F1-98FA-48F4-B22C-925D4E47A051}"
EndProject
Project("{FAE04EC0-301F-11D3-BF4B-00C04F79EFBC}") = "Common.TestSupport.Silverlight", "Common\Tests\Common.TestSupport\Common.TestSupport.Silverlight.csproj", "{ACC8EC0A-83D2-442D-A418-739509C742D0}"
EndProject
Project("{FAE04EC0-301F-11D3-BF4B-00C04F79EFBC}") = "Common.Silverlight.Tests", "Common\Tests\Common\Common.Silverlight.Tests.csproj", "{79D204AF-A604-4685-8247-B97E9D1CF440}"
EndProject
Project("{2150E333-8FDC-42A3-9474-1A3956D46DE8}") = "Caching Application Block", "Caching Application Block", "{92CCB7ED-6B62-48E1-9C51-1EAA4B24269A}"
EndProject
Project("{FAE04EC0-301F-11D3-BF4B-00C04F79EFBC}") = "Caching", "Caching\Src\Caching\Caching.csproj", "{E725A5B4-A379-492F-89E3-3D8021376C3F}"
EndProject
Project("{2150E333-8FDC-42A3-9474-1A3956D46DE8}") = "UnitTests", "UnitTests", "{C5E14E40-8E6F-458A-BDAB-CF2D5DF8FA6B}"
EndProject
Project("{FAE04EC0-301F-11D3-BF4B-00C04F79EFBC}") = "Caching.TestSupport", "Caching\Tests\Caching.TestSupport\Caching.TestSupport.csproj", "{D9E0815E-1687-4A2E-A2FD-86CE6D0AE2C4}"
EndProject
Project("{FAE04EC0-301F-11D3-BF4B-00C04F79EFBC}") = "Caching.Tests.VSTS", "Caching\Tests\Caching.Tests\Caching.Tests.VSTS.csproj", "{C2B20EFD-0147-4FF9-A7BD-86A40B78E83A}"
EndProject
Project("{FAE04EC0-301F-11D3-BF4B-00C04F79EFBC}") = "Caching.Silverlight", "Caching.Silverlight\Src\Caching\Caching.Silverlight.csproj", "{2C539874-C74C-4ADE-9E7F-F694CD038EA5}"
EndProject
Project("{FAE04EC0-301F-11D3-BF4B-00C04F79EFBC}") = "Caching.Silverlight.Tests", "Caching.Silverlight\Tests\Caching.Tests\Caching.Silverlight.Tests.csproj", "{7B0C08BE-DA84-4A89-9C80-5385BF31AAC2}"
EndProject
Project("{2150E333-8FDC-42A3-9474-1A3956D46DE8}") = "Logging Application Block", "Logging Application Block", "{874CD462-CB88-496D-903B-C7ECD895C9B3}"
EndProject
Project("{2150E333-8FDC-42A3-9474-1A3956D46DE8}") = "UnitTests", "UnitTests", "{469F41F8-3223-4799-86AA-150A46B5877C}"
EndProject
Project("{FAE04EC0-301F-11D3-BF4B-00C04F79EFBC}") = "Logging", "Logging\Src\Logging\Logging.csproj", "{6AC97717-899D-4F72-BC5B-2C37959CD4FF}"
EndProject
Project("{FAE04EC0-301F-11D3-BF4B-00C04F79EFBC}") = "Logging.Silverlight", "Logging\Src\Logging\Logging.Silverlight.csproj", "{7195499F-52E7-403F-9244-67D752F3CCF7}"
EndProject
Project("{FAE04EC0-301F-11D3-BF4B-00C04F79EFBC}") = "Logging.TestSupport", "Logging\Tests\Logging.TestSupport\Logging.TestSupport.csproj", "{BA6BBE25-09D1-47F8-9BAB-F0FF66AD0D70}"
EndProject
Project("{FAE04EC0-301F-11D3-BF4B-00C04F79EFBC}") = "Logging.Tests.VSTS", "Logging\Tests\Logging\Logging.Tests.VSTS.csproj", "{4804DAD4-EE9C-45E4-A151-DCDE6D06EB61}"
EndProject
Project("{FAE04EC0-301F-11D3-BF4B-00C04F79EFBC}") = "Logging.TestSupport.Silverlight", "Logging\Tests\Logging.TestSupport\Logging.TestSupport.Silverlight.csproj", "{5156E0A2-44CE-4FB7-8572-31CE7F5943F1}"
EndProject
Project("{FAE04EC0-301F-11D3-BF4B-00C04F79EFBC}") = "Logging.Silverlight.Tests", "Logging\Tests\Logging\Logging.Silverlight.Tests.csproj", "{EF011A0E-FE3C-4B95-90B2-0E56C4C88CED}"
EndProject
Project("{FAE04EC0-301F-11D3-BF4B-00C04F79EFBC}") = "Logging.Server", "Logging\Src\Logging.Server\Logging.Server.csproj", "{C02DB172-895B-4065-8F34-D47B146E1608}"
EndProject
Project("{FAE04EC0-301F-11D3-BF4B-00C04F79EFBC}") = "Logging.Server.Tests", "Logging\Tests\Logging.Server.Tests\Logging.Server.Tests.csproj", "{33128B8D-65A4-4528-B91E-12650C82CCB5}"
EndProject
Project("{2150E333-8FDC-42A3-9474-1A3956D46DE8}") = "Exception Handling Application Block", "Exception Handling Application Block", "{DA1E179C-DBD9-492C-8D44-2E6688F2D558}"
EndProject
Project("{2150E333-8FDC-42A3-9474-1A3956D46DE8}") = "UnitTests", "UnitTests", "{FD64F6CD-11FD-4FBC-A9C5-CC3C832DCE5D}"
EndProject
Project("{FAE04EC0-301F-11D3-BF4B-00C04F79EFBC}") = "ExceptionHandling.Silverlight", "ExceptionHandling\Src\ExceptionHandling\ExceptionHandling.Silverlight.csproj", "{E3B0409F-D063-4BC7-A46D-53CDA3BC1AB6}"
EndProject
Project("{FAE04EC0-301F-11D3-BF4B-00C04F79EFBC}") = "ExceptionHandling", "ExceptionHandling\Src\ExceptionHandling\ExceptionHandling.csproj", "{2DB0AD6D-BF59-4EBB-9F99-49ABD8539FD2}"
EndProject
Project("{FAE04EC0-301F-11D3-BF4B-00C04F79EFBC}") = "ExceptionHandling.Tests.VSTS", "ExceptionHandling\Tests\ExceptionHandling\ExceptionHandling.Tests.VSTS.csproj", "{708C6E4C-1380-44A6-ABE9-0C25E633AD85}"
EndProject
Project("{FAE04EC0-301F-11D3-BF4B-00C04F79EFBC}") = "ExceptionHandling.Silverlight.Tests", "ExceptionHandling\Tests\ExceptionHandling\ExceptionHandling.Silverlight.Tests.csproj", "{45FCDE6B-0F91-4B21-9D37-5782F5B0F9D3}"
EndProject
Project("{FAE04EC0-301F-11D3-BF4B-00C04F79EFBC}") = "ExceptionHandling.Logging", "ExceptionHandling\Src\Logging\ExceptionHandling.Logging.csproj", "{EC311AD3-0A26-4808-901B-A983E97E5790}"
EndProject
Project("{FAE04EC0-301F-11D3-BF4B-00C04F79EFBC}") = "ExceptionHandling.Logging.Tests.VSTS", "ExceptionHandling\Tests\Logging\ExceptionHandling.Logging.Tests.VSTS.csproj", "{5179BF96-3EDA-43DD-A636-D98E4C7BE7BC}"
EndProject
Project("{FAE04EC0-301F-11D3-BF4B-00C04F79EFBC}") = "ExceptionHandling.Logging.Silverlight", "ExceptionHandling\Src\Logging\ExceptionHandling.Logging.Silverlight.csproj", "{BC02B853-BE17-4A9B-B7DF-41DD5B4ADC27}"
EndProject
Project("{FAE04EC0-301F-11D3-BF4B-00C04F79EFBC}") = "ExceptionHandling.Logging.Silverlight.Tests", "ExceptionHandling\Tests\Logging\ExceptionHandling.Logging.Silverlight.Tests.csproj", "{B6F5E59A-93D5-4FD7-9667-14F0EF12B065}"
EndProject
Project("{2150E333-8FDC-42A3-9474-1A3956D46DE8}") = "Policy Injection Application Block", "Policy Injection Application Block", "{30D4D3FB-5ADC-43C1-BFF8-A16646B3910A}"
EndProject
Project("{2150E333-8FDC-42A3-9474-1A3956D46DE8}") = "UnitTests", "UnitTests", "{D5FBD8B9-B561-44B6-972E-3686EB4D0922}"
EndProject
Project("{FAE04EC0-301F-11D3-BF4B-00C04F79EFBC}") = "PolicyInjection.Silverlight", "PolicyInjection\Src\PolicyInjection\PolicyInjection.Silverlight.csproj", "{06F06E84-9E3D-48F8-AD21-73222EED6463}"
EndProject
Project("{FAE04EC0-301F-11D3-BF4B-00C04F79EFBC}") = "PolicyInjection", "PolicyInjection\Src\PolicyInjection\PolicyInjection.csproj", "{3E6129C8-18E4-410D-89FC-0DBBE6009FC5}"
EndProject
Project("{FAE04EC0-301F-11D3-BF4B-00C04F79EFBC}") = "PolicyInjection.Silverlight.TestSupport", "PolicyInjection\Tests\PolicyInjection.TestSupport\PolicyInjection.Silverlight.TestSupport.csproj", "{7B4756F2-1C10-42B2-B5D9-BAAF9B47612A}"
EndProject
Project("{FAE04EC0-301F-11D3-BF4B-00C04F79EFBC}") = "PolicyInjection.TestSupport", "PolicyInjection\Tests\PolicyInjection.TestSupport\PolicyInjection.TestSupport.csproj", "{EBCB52B8-C189-4958-9BB2-B7670BCB49FB}"
EndProject
Project("{FAE04EC0-301F-11D3-BF4B-00C04F79EFBC}") = "PolicyInjection.Silverlight.Tests", "PolicyInjection\Tests\PolicyInjection\PolicyInjection.Silverlight.Tests.csproj", "{127579AF-71E9-4366-9665-B2C4FFB64065}"
EndProject
Project("{FAE04EC0-301F-11D3-BF4B-00C04F79EFBC}") = "PolicyInjection.Tests.VSTS", "PolicyInjection\Tests\PolicyInjection\PolicyInjection.Tests.VSTS.csproj", "{37B1BE56-EF65-4012-A4A8-B14E27083E16}"
EndProject
Global
	GlobalSection(TeamFoundationVersionControl) = preSolution
		SccNumberOfProjects = 41
		SccEnterpriseProvider = {4CA58AB2-18FA-4F8D-95D4-32DDF27D184C}
		SccTeamFoundationServer = http://pagtfs2008:8080/
		SccLocalPath0 = .
		SccProjectUniqueName1 = Common\\Src\\Common.csproj
		SccProjectTopLevelParentUniqueName1 = EnterpriseLibrary.Silverlight.Tests.sln
		SccProjectName1 = Common/Src
		SccLocalPath1 = Common\\Src
		SccProjectUniqueName2 = Validation\\Src\\Validation\\Validation.csproj
		SccProjectTopLevelParentUniqueName2 = EnterpriseLibrary.Silverlight.Tests.sln
		SccProjectName2 = Validation/Src/Validation
		SccLocalPath2 = Validation\\Src\\Validation
		SccProjectUniqueName3 = Validation\\Tests\\Validation.Tests\\Validation.Tests.VSTS.csproj
		SccProjectTopLevelParentUniqueName3 = EnterpriseLibrary.Silverlight.Tests.sln
		SccProjectName3 = Validation/Tests/Validation.Tests
		SccLocalPath3 = Validation\\Tests\\Validation.Tests
		SccProjectUniqueName4 = Caching\\Src\\Caching\\Caching.csproj
		SccProjectTopLevelParentUniqueName4 = EnterpriseLibrary.Silverlight.Tests.sln
		SccProjectName4 = Caching/Src/Caching
		SccLocalPath4 = Caching\\Src\\Caching
		SccProjectUniqueName5 = Caching\\Tests\\Caching.Tests\\Caching.Tests.VSTS.csproj
		SccProjectTopLevelParentUniqueName5 = EnterpriseLibrary.Silverlight.Tests.sln
		SccProjectName5 = Caching/Tests/Caching.Tests
		SccLocalPath5 = Caching\\Tests\\Caching.Tests
		SccProjectUniqueName6 = Logging\\Src\\Logging\\Logging.csproj
		SccProjectTopLevelParentUniqueName6 = EnterpriseLibrary.Silverlight.Tests.sln
		SccProjectName6 = Logging/Src/Logging
		SccLocalPath6 = Logging\\Src\\Logging
		SccProjectUniqueName7 = Logging\\Tests\\Logging\\Logging.Tests.VSTS.csproj
		SccProjectTopLevelParentUniqueName7 = EnterpriseLibrary.Silverlight.Tests.sln
		SccProjectName7 = Logging/Tests/Logging
		SccLocalPath7 = Logging\\Tests\\Logging
		SccProjectUniqueName8 = ExceptionHandling\\Src\\ExceptionHandling\\ExceptionHandling.csproj
		SccProjectTopLevelParentUniqueName8 = EnterpriseLibrary.Silverlight.Tests.sln
		SccProjectName8 = ExceptionHandling/Src/ExceptionHandling
		SccLocalPath8 = ExceptionHandling\\Src\\ExceptionHandling
		SccProjectUniqueName9 = ExceptionHandling\\Src\\Logging\\ExceptionHandling.Logging.csproj
		SccProjectTopLevelParentUniqueName9 = EnterpriseLibrary.Silverlight.Tests.sln
		SccProjectName9 = ExceptionHandling/Src/Logging
		SccLocalPath9 = ExceptionHandling\\Src\\Logging
		SccProjectUniqueName10 = ExceptionHandling\\Tests\\Logging\\ExceptionHandling.Logging.Tests.VSTS.csproj
		SccProjectTopLevelParentUniqueName10 = EnterpriseLibrary.Silverlight.Tests.sln
		SccProjectName10 = ExceptionHandling/Tests/Logging
		SccLocalPath10 = ExceptionHandling\\Tests\\Logging
		SccProjectUniqueName11 = ExceptionHandling\\Tests\\ExceptionHandling\\ExceptionHandling.Tests.VSTS.csproj
		SccProjectTopLevelParentUniqueName11 = EnterpriseLibrary.Silverlight.Tests.sln
		SccProjectName11 = ExceptionHandling/Tests/ExceptionHandling
		SccLocalPath11 = ExceptionHandling\\Tests\\ExceptionHandling
		SccProjectUniqueName12 = PolicyInjection\\Src\\PolicyInjection\\PolicyInjection.csproj
		SccProjectTopLevelParentUniqueName12 = EnterpriseLibrary.Silverlight.Tests.sln
		SccProjectName12 = PolicyInjection/Src/PolicyInjection
		SccLocalPath12 = PolicyInjection\\Src\\PolicyInjection
		SccProjectUniqueName13 = PolicyInjection\\Tests\\PolicyInjection\\PolicyInjection.Tests.VSTS.csproj
		SccProjectTopLevelParentUniqueName13 = EnterpriseLibrary.Silverlight.Tests.sln
		SccProjectName13 = PolicyInjection/Tests/PolicyInjection
		SccLocalPath13 = PolicyInjection\\Tests\\PolicyInjection
		SccProjectUniqueName14 = PolicyInjection\\Tests\\CallHandlers\\PolicyInjection.CallHandlers.Tests.VSTS.csproj
		SccProjectTopLevelParentUniqueName14 = EnterpriseLibrary.Silverlight.Tests.sln
		SccProjectName14 = PolicyInjection/Tests/CallHandlers
		SccLocalPath14 = PolicyInjection\\Tests\\CallHandlers
		SccProjectUniqueName15 = Common\\Tests\\Common\\Common.Tests.VSTS.csproj
		SccProjectTopLevelParentUniqueName15 = EnterpriseLibrary.Silverlight.Tests.sln
		SccProjectName15 = Common/Tests/Common
		SccLocalPath15 = Common\\Tests\\Common
		SccProjectUniqueName16 = Common\\Tests\\Common.TestSupport\\Common.TestSupport.csproj
		SccProjectTopLevelParentUniqueName16 = EnterpriseLibrary.Silverlight.Tests.sln
		SccProjectName16 = Common/Tests/Common.TestSupport
		SccLocalPath16 = Common\\Tests\\Common.TestSupport
		SccProjectUniqueName17 = Caching\\Tests\\Caching.TestSupport\\Caching.TestSupport.csproj
		SccProjectTopLevelParentUniqueName17 = EnterpriseLibrary.Silverlight.Tests.sln
		SccProjectName17 = Caching/Tests/Caching.TestSupport
		SccLocalPath17 = Caching\\Tests\\Caching.TestSupport
		SccProjectUniqueName18 = Validation\\Tests\\Validation.TestSupport\\Validation.TestSupport.csproj
		SccProjectTopLevelParentUniqueName18 = EnterpriseLibrary.Silverlight.Tests.sln
		SccProjectName18 = Validation/Tests/Validation.TestSupport
		SccLocalPath18 = Validation\\Tests\\Validation.TestSupport
		SccProjectUniqueName19 = Logging\\Tests\\Logging.TestSupport\\Logging.TestSupport.csproj
		SccProjectTopLevelParentUniqueName19 = EnterpriseLibrary.Silverlight.Tests.sln
		SccProjectName19 = Logging/Tests/Logging.TestSupport
		SccLocalPath19 = Logging\\Tests\\Logging.TestSupport
		SccProjectUniqueName20 = Validation\\Src\\Validation\\Validation.Silverlight.csproj
		SccProjectTopLevelParentUniqueName20 = EnterpriseLibrary.Silverlight.Tests.sln
		SccProjectName20 = Validation/Src/Validation
		SccLocalPath20 = Validation\\Src\\Validation
		SccProjectUniqueName21 = Common\\Src\\Common.Silverlight.csproj
		SccProjectTopLevelParentUniqueName21 = EnterpriseLibrary.Silverlight.Tests.sln
		SccProjectName21 = Common/Src
		SccLocalPath21 = Common\\Src
		SccProjectUniqueName22 = Validation\\Tests\\Validation.Tests\\Validation.Silverlight.Tests.csproj
		SccProjectTopLevelParentUniqueName22 = EnterpriseLibrary.Silverlight.Tests.sln
		SccProjectName22 = Validation/Tests/Validation.Tests
		SccLocalPath22 = Validation\\Tests\\Validation.Tests
		SccProjectUniqueName23 = Validation\\Tests\\Validation.TestSupport\\Validation.TestSupport.Silverlight.csproj
		SccProjectTopLevelParentUniqueName23 = EnterpriseLibrary.Silverlight.Tests.sln
		SccProjectName23 = Validation/Tests/Validation.TestSupport
		SccLocalPath23 = Validation\\Tests\\Validation.TestSupport
		SccProjectUniqueName24 = Common\\Tests\\Common.TestSupport\\Common.TestSupport.Silverlight.csproj
		SccProjectTopLevelParentUniqueName24 = EnterpriseLibrary.Silverlight.Tests.sln
		SccProjectName24 = Common/Tests/Common.TestSupport
		SccLocalPath24 = Common\\Tests\\Common.TestSupport
		SccProjectUniqueName25 = Common\\Tests\\Common\\Common.Silverlight.Tests.csproj
		SccProjectTopLevelParentUniqueName25 = EnterpriseLibrary.Silverlight.Tests.sln
		SccProjectName25 = Common/Tests/Common
		SccLocalPath25 = Common\\Tests\\Common
		SccProjectUniqueName26 = Caching.Silverlight\\Src\\Caching\\Caching.Silverlight.csproj
		SccProjectTopLevelParentUniqueName26 = EnterpriseLibrary.Silverlight.Tests.sln
		SccProjectName26 = Caching.Silverlight/Src/Caching
		SccLocalPath26 = Caching.Silverlight\\Src\\Caching
		SccProjectUniqueName27 = Caching.Silverlight\\Tests\\Caching.Tests\\Caching.Silverlight.Tests.csproj
		SccProjectTopLevelParentUniqueName27 = EnterpriseLibrary.Silverlight.Tests.sln
		SccProjectName27 = Caching.Silverlight/Tests/Caching.Tests
		SccLocalPath27 = Caching.Silverlight\\Tests\\Caching.Tests
		SccProjectUniqueName28 = Logging\\Src\\Logging\\Logging.Silverlight.csproj
		SccProjectTopLevelParentUniqueName28 = EnterpriseLibrary.Silverlight.Tests.sln
		SccProjectName28 = Logging/Src/Logging
		SccLocalPath28 = Logging\\Src\\Logging
		SccProjectUniqueName29 = Logging\\Tests\\Logging.TestSupport\\Logging.TestSupport.Silverlight.csproj
		SccProjectTopLevelParentUniqueName29 = EnterpriseLibrary.Silverlight.Tests.sln
		SccProjectName29 = Logging/Tests/Logging.TestSupport
		SccLocalPath29 = Logging\\Tests\\Logging.TestSupport
		SccProjectUniqueName30 = Logging\\Tests\\Logging\\Logging.Silverlight.Tests.csproj
		SccProjectTopLevelParentUniqueName30 = EnterpriseLibrary.Silverlight.Tests.sln
		SccProjectName30 = Logging/Tests/Logging
		SccLocalPath30 = Logging\\Tests\\Logging
		SccProjectUniqueName31 = Logging\\Src\\Logging.Server\\Logging.Server.csproj
		SccProjectTopLevelParentUniqueName31 = EnterpriseLibrary.Silverlight.Tests.sln
		SccProjectName31 = Logging/Src/Logging.Server
		SccLocalPath31 = Logging\\Src\\Logging.Server
		SccProjectUniqueName32 = Logging\\Tests\\Logging.Server.Tests\\Logging.Server.Tests.csproj
		SccProjectTopLevelParentUniqueName32 = EnterpriseLibrary.Silverlight.Tests.sln
		SccProjectName32 = Logging/Tests/Logging.Server.Tests
		SccLocalPath32 = Logging\\Tests\\Logging.Server.Tests
		SccProjectUniqueName33 = ExceptionHandling\\Src\\ExceptionHandling\\ExceptionHandling.Silverlight.csproj
		SccProjectTopLevelParentUniqueName33 = EnterpriseLibrary.Silverlight.Tests.sln
		SccProjectName33 = ExceptionHandling/Src/ExceptionHandling
		SccLocalPath33 = ExceptionHandling\\Src\\ExceptionHandling
		SccProjectUniqueName34 = ExceptionHandling\\Tests\\ExceptionHandling\\ExceptionHandling.Silverlight.Tests.csproj
		SccProjectTopLevelParentUniqueName34 = EnterpriseLibrary.Silverlight.Tests.sln
		SccProjectName34 = ExceptionHandling/Tests/ExceptionHandling
		SccLocalPath34 = ExceptionHandling\\Tests\\ExceptionHandling
		SccProjectUniqueName35 = PolicyInjection\\Tests\\PolicyInjection.TestSupport\\PolicyInjection.TestSupport.csproj
		SccProjectTopLevelParentUniqueName35 = EnterpriseLibrary.Silverlight.Tests.sln
		SccProjectName35 = PolicyInjection/Tests/PolicyInjection.TestSupport
		SccLocalPath35 = PolicyInjection\\Tests\\PolicyInjection.TestSupport
		SccProjectUniqueName36 = ExceptionHandling\\Src\\Logging\\ExceptionHandling.Logging.Silverlight.csproj
		SccProjectTopLevelParentUniqueName36 = EnterpriseLibrary.Silverlight.Tests.sln
		SccProjectName36 = ExceptionHandling/Src/Logging
		SccLocalPath36 = ExceptionHandling\\Src\\Logging
		SccProjectUniqueName37 = ExceptionHandling\\Tests\\Logging\\ExceptionHandling.Logging.Silverlight.Tests.csproj
		SccProjectTopLevelParentUniqueName37 = EnterpriseLibrary.Silverlight.Tests.sln
		SccProjectName37 = ExceptionHandling/Tests/Logging
		SccLocalPath37 = ExceptionHandling\\Tests\\Logging
		SccProjectUniqueName38 = PolicyInjection\\Src\\PolicyInjection\\PolicyInjection.Silverlight.csproj
		SccProjectTopLevelParentUniqueName38 = EnterpriseLibrary.Silverlight.Tests.sln
		SccProjectName38 = PolicyInjection/Src/PolicyInjection
		SccLocalPath38 = PolicyInjection\\Src\\PolicyInjection
		SccProjectUniqueName39 = PolicyInjection\\Tests\\PolicyInjection.TestSupport\\PolicyInjection.Silverlight.TestSupport.csproj
		SccProjectTopLevelParentUniqueName39 = EnterpriseLibrary.Silverlight.Tests.sln
		SccProjectName39 = PolicyInjection/Tests/PolicyInjection.TestSupport
		SccLocalPath39 = PolicyInjection\\Tests\\PolicyInjection.TestSupport
		SccProjectUniqueName40 = PolicyInjection\\Tests\\PolicyInjection\\PolicyInjection.Silverlight.Tests.csproj
		SccProjectTopLevelParentUniqueName40 = EnterpriseLibrary.Silverlight.Tests.sln
		SccProjectName40 = PolicyInjection/Tests/PolicyInjection
		SccLocalPath40 = PolicyInjection\\Tests\\PolicyInjection
	EndGlobalSection
	GlobalSection(TestCaseManagementSettings) = postSolution
		CategoryFile = EnterpriseLibrary.Tests.vsmdi
	EndGlobalSection
	GlobalSection(SolutionConfigurationPlatforms) = preSolution
		Debug|.NET = Debug|.NET
		Debug|Any CPU = Debug|Any CPU
		Debug|Mixed Platforms = Debug|Mixed Platforms
		Debug|x86 = Debug|x86
		Release|.NET = Release|.NET
		Release|Any CPU = Release|Any CPU
		Release|Mixed Platforms = Release|Mixed Platforms
		Release|x86 = Release|x86
	EndGlobalSection
	GlobalSection(ProjectConfigurationPlatforms) = postSolution
		{A09297C8-2C40-470B-8856-D856676DDFFA}.Debug|.NET.ActiveCfg = Debug|Any CPU
		{A09297C8-2C40-470B-8856-D856676DDFFA}.Debug|Any CPU.ActiveCfg = Debug|Any CPU
		{A09297C8-2C40-470B-8856-D856676DDFFA}.Debug|Any CPU.Build.0 = Debug|Any CPU
		{A09297C8-2C40-470B-8856-D856676DDFFA}.Debug|Mixed Platforms.ActiveCfg = Debug|Any CPU
		{A09297C8-2C40-470B-8856-D856676DDFFA}.Debug|Mixed Platforms.Build.0 = Debug|Any CPU
		{A09297C8-2C40-470B-8856-D856676DDFFA}.Debug|x86.ActiveCfg = Debug|Any CPU
		{A09297C8-2C40-470B-8856-D856676DDFFA}.Release|.NET.ActiveCfg = Release|Any CPU
		{A09297C8-2C40-470B-8856-D856676DDFFA}.Release|Any CPU.ActiveCfg = Release|Any CPU
		{A09297C8-2C40-470B-8856-D856676DDFFA}.Release|Any CPU.Build.0 = Release|Any CPU
		{A09297C8-2C40-470B-8856-D856676DDFFA}.Release|Mixed Platforms.ActiveCfg = Release|Any CPU
		{A09297C8-2C40-470B-8856-D856676DDFFA}.Release|Mixed Platforms.Build.0 = Release|Any CPU
		{A09297C8-2C40-470B-8856-D856676DDFFA}.Release|x86.ActiveCfg = Release|Any CPU
		{E814A5DC-C15B-4BA4-AB7C-B7C9A34AC2FD}.Debug|.NET.ActiveCfg = Debug|Any CPU
		{E814A5DC-C15B-4BA4-AB7C-B7C9A34AC2FD}.Debug|Any CPU.ActiveCfg = Debug|Any CPU
		{E814A5DC-C15B-4BA4-AB7C-B7C9A34AC2FD}.Debug|Any CPU.Build.0 = Debug|Any CPU
		{E814A5DC-C15B-4BA4-AB7C-B7C9A34AC2FD}.Debug|Mixed Platforms.ActiveCfg = Debug|Any CPU
		{E814A5DC-C15B-4BA4-AB7C-B7C9A34AC2FD}.Debug|Mixed Platforms.Build.0 = Debug|Any CPU
		{E814A5DC-C15B-4BA4-AB7C-B7C9A34AC2FD}.Debug|x86.ActiveCfg = Debug|Any CPU
		{E814A5DC-C15B-4BA4-AB7C-B7C9A34AC2FD}.Release|.NET.ActiveCfg = Release|Any CPU
		{E814A5DC-C15B-4BA4-AB7C-B7C9A34AC2FD}.Release|Any CPU.ActiveCfg = Release|Any CPU
		{E814A5DC-C15B-4BA4-AB7C-B7C9A34AC2FD}.Release|Any CPU.Build.0 = Release|Any CPU
		{E814A5DC-C15B-4BA4-AB7C-B7C9A34AC2FD}.Release|Mixed Platforms.ActiveCfg = Release|Any CPU
		{E814A5DC-C15B-4BA4-AB7C-B7C9A34AC2FD}.Release|Mixed Platforms.Build.0 = Release|Any CPU
		{E814A5DC-C15B-4BA4-AB7C-B7C9A34AC2FD}.Release|x86.ActiveCfg = Release|Any CPU
		{A1EBF2C2-A0BC-4970-8FA3-7796D287152A}.Debug|.NET.ActiveCfg = Debug|Any CPU
		{A1EBF2C2-A0BC-4970-8FA3-7796D287152A}.Debug|Any CPU.ActiveCfg = Debug|Any CPU
		{A1EBF2C2-A0BC-4970-8FA3-7796D287152A}.Debug|Any CPU.Build.0 = Debug|Any CPU
		{A1EBF2C2-A0BC-4970-8FA3-7796D287152A}.Debug|Mixed Platforms.ActiveCfg = Debug|Any CPU
		{A1EBF2C2-A0BC-4970-8FA3-7796D287152A}.Debug|Mixed Platforms.Build.0 = Debug|Any CPU
		{A1EBF2C2-A0BC-4970-8FA3-7796D287152A}.Debug|x86.ActiveCfg = Debug|Any CPU
		{A1EBF2C2-A0BC-4970-8FA3-7796D287152A}.Release|.NET.ActiveCfg = Release|Any CPU
		{A1EBF2C2-A0BC-4970-8FA3-7796D287152A}.Release|Any CPU.ActiveCfg = Release|Any CPU
		{A1EBF2C2-A0BC-4970-8FA3-7796D287152A}.Release|Any CPU.Build.0 = Release|Any CPU
		{A1EBF2C2-A0BC-4970-8FA3-7796D287152A}.Release|Mixed Platforms.ActiveCfg = Release|Any CPU
		{A1EBF2C2-A0BC-4970-8FA3-7796D287152A}.Release|Mixed Platforms.Build.0 = Release|Any CPU
		{A1EBF2C2-A0BC-4970-8FA3-7796D287152A}.Release|x86.ActiveCfg = Release|Any CPU
		{02FC8CE2-2CB3-41B6-8516-0A27B99708A9}.Debug|.NET.ActiveCfg = Debug|Any CPU
		{02FC8CE2-2CB3-41B6-8516-0A27B99708A9}.Debug|Any CPU.ActiveCfg = Debug|Any CPU
		{02FC8CE2-2CB3-41B6-8516-0A27B99708A9}.Debug|Any CPU.Build.0 = Debug|Any CPU
		{02FC8CE2-2CB3-41B6-8516-0A27B99708A9}.Debug|Mixed Platforms.ActiveCfg = Debug|Any CPU
		{02FC8CE2-2CB3-41B6-8516-0A27B99708A9}.Debug|Mixed Platforms.Build.0 = Debug|Any CPU
		{02FC8CE2-2CB3-41B6-8516-0A27B99708A9}.Debug|x86.ActiveCfg = Debug|Any CPU
		{02FC8CE2-2CB3-41B6-8516-0A27B99708A9}.Release|.NET.ActiveCfg = Release|Any CPU
		{02FC8CE2-2CB3-41B6-8516-0A27B99708A9}.Release|Any CPU.ActiveCfg = Release|Any CPU
		{02FC8CE2-2CB3-41B6-8516-0A27B99708A9}.Release|Any CPU.Build.0 = Release|Any CPU
		{02FC8CE2-2CB3-41B6-8516-0A27B99708A9}.Release|Mixed Platforms.ActiveCfg = Release|Any CPU
		{02FC8CE2-2CB3-41B6-8516-0A27B99708A9}.Release|Mixed Platforms.Build.0 = Release|Any CPU
		{02FC8CE2-2CB3-41B6-8516-0A27B99708A9}.Release|x86.ActiveCfg = Release|Any CPU
		{C6DE0220-E31B-486B-AB57-107636AEB927}.Debug|.NET.ActiveCfg = Debug|Any CPU
		{C6DE0220-E31B-486B-AB57-107636AEB927}.Debug|Any CPU.ActiveCfg = Debug|Any CPU
		{C6DE0220-E31B-486B-AB57-107636AEB927}.Debug|Any CPU.Build.0 = Debug|Any CPU
		{C6DE0220-E31B-486B-AB57-107636AEB927}.Debug|Mixed Platforms.ActiveCfg = Debug|Any CPU
		{C6DE0220-E31B-486B-AB57-107636AEB927}.Debug|Mixed Platforms.Build.0 = Debug|Any CPU
		{C6DE0220-E31B-486B-AB57-107636AEB927}.Debug|x86.ActiveCfg = Debug|Any CPU
		{C6DE0220-E31B-486B-AB57-107636AEB927}.Release|.NET.ActiveCfg = Release|Any CPU
		{C6DE0220-E31B-486B-AB57-107636AEB927}.Release|Any CPU.ActiveCfg = Release|Any CPU
		{C6DE0220-E31B-486B-AB57-107636AEB927}.Release|Any CPU.Build.0 = Release|Any CPU
		{C6DE0220-E31B-486B-AB57-107636AEB927}.Release|Mixed Platforms.ActiveCfg = Release|Any CPU
		{C6DE0220-E31B-486B-AB57-107636AEB927}.Release|Mixed Platforms.Build.0 = Release|Any CPU
		{C6DE0220-E31B-486B-AB57-107636AEB927}.Release|x86.ActiveCfg = Release|Any CPU
		{3D3C0BEE-437E-487C-B9B3-46288AE933B9}.Debug|.NET.ActiveCfg = Debug|Any CPU
		{3D3C0BEE-437E-487C-B9B3-46288AE933B9}.Debug|Any CPU.ActiveCfg = Debug|Any CPU
		{3D3C0BEE-437E-487C-B9B3-46288AE933B9}.Debug|Any CPU.Build.0 = Debug|Any CPU
		{3D3C0BEE-437E-487C-B9B3-46288AE933B9}.Debug|Mixed Platforms.ActiveCfg = Debug|Any CPU
		{3D3C0BEE-437E-487C-B9B3-46288AE933B9}.Debug|Mixed Platforms.Build.0 = Debug|Any CPU
		{3D3C0BEE-437E-487C-B9B3-46288AE933B9}.Debug|x86.ActiveCfg = Debug|Any CPU
		{3D3C0BEE-437E-487C-B9B3-46288AE933B9}.Release|.NET.ActiveCfg = Release|Any CPU
		{3D3C0BEE-437E-487C-B9B3-46288AE933B9}.Release|Any CPU.ActiveCfg = Release|Any CPU
		{3D3C0BEE-437E-487C-B9B3-46288AE933B9}.Release|Any CPU.Build.0 = Release|Any CPU
		{3D3C0BEE-437E-487C-B9B3-46288AE933B9}.Release|Mixed Platforms.ActiveCfg = Release|Any CPU
		{3D3C0BEE-437E-487C-B9B3-46288AE933B9}.Release|Mixed Platforms.Build.0 = Release|Any CPU
		{3D3C0BEE-437E-487C-B9B3-46288AE933B9}.Release|x86.ActiveCfg = Release|Any CPU
		{6F8B11CC-D60E-4822-84C3-AADFB6757BAE}.Debug|.NET.ActiveCfg = Debug|Any CPU
		{6F8B11CC-D60E-4822-84C3-AADFB6757BAE}.Debug|Any CPU.ActiveCfg = Debug|Any CPU
		{6F8B11CC-D60E-4822-84C3-AADFB6757BAE}.Debug|Any CPU.Build.0 = Debug|Any CPU
		{6F8B11CC-D60E-4822-84C3-AADFB6757BAE}.Debug|Mixed Platforms.ActiveCfg = Debug|Any CPU
		{6F8B11CC-D60E-4822-84C3-AADFB6757BAE}.Debug|Mixed Platforms.Build.0 = Debug|Any CPU
		{6F8B11CC-D60E-4822-84C3-AADFB6757BAE}.Debug|x86.ActiveCfg = Debug|Any CPU
		{6F8B11CC-D60E-4822-84C3-AADFB6757BAE}.Release|.NET.ActiveCfg = Release|Any CPU
		{6F8B11CC-D60E-4822-84C3-AADFB6757BAE}.Release|Any CPU.ActiveCfg = Release|Any CPU
		{6F8B11CC-D60E-4822-84C3-AADFB6757BAE}.Release|Any CPU.Build.0 = Release|Any CPU
		{6F8B11CC-D60E-4822-84C3-AADFB6757BAE}.Release|Mixed Platforms.ActiveCfg = Release|Any CPU
		{6F8B11CC-D60E-4822-84C3-AADFB6757BAE}.Release|Mixed Platforms.Build.0 = Release|Any CPU
		{6F8B11CC-D60E-4822-84C3-AADFB6757BAE}.Release|x86.ActiveCfg = Release|Any CPU
		{453CC31C-5264-411F-96C7-84CB52298DE1}.Debug|.NET.ActiveCfg = Debug|Any CPU
		{453CC31C-5264-411F-96C7-84CB52298DE1}.Debug|Any CPU.ActiveCfg = Debug|Any CPU
		{453CC31C-5264-411F-96C7-84CB52298DE1}.Debug|Any CPU.Build.0 = Debug|Any CPU
		{453CC31C-5264-411F-96C7-84CB52298DE1}.Debug|Mixed Platforms.ActiveCfg = Debug|Any CPU
		{453CC31C-5264-411F-96C7-84CB52298DE1}.Debug|Mixed Platforms.Build.0 = Debug|Any CPU
		{453CC31C-5264-411F-96C7-84CB52298DE1}.Debug|x86.ActiveCfg = Debug|Any CPU
		{453CC31C-5264-411F-96C7-84CB52298DE1}.Release|.NET.ActiveCfg = Release|Any CPU
		{453CC31C-5264-411F-96C7-84CB52298DE1}.Release|Any CPU.ActiveCfg = Release|Any CPU
		{453CC31C-5264-411F-96C7-84CB52298DE1}.Release|Any CPU.Build.0 = Release|Any CPU
		{453CC31C-5264-411F-96C7-84CB52298DE1}.Release|Mixed Platforms.ActiveCfg = Release|Any CPU
		{453CC31C-5264-411F-96C7-84CB52298DE1}.Release|Mixed Platforms.Build.0 = Release|Any CPU
		{453CC31C-5264-411F-96C7-84CB52298DE1}.Release|x86.ActiveCfg = Release|Any CPU
		{3B448E8C-E3EB-4E5A-AAF3-0A0D1793D6F4}.Debug|.NET.ActiveCfg = Debug|Any CPU
		{3B448E8C-E3EB-4E5A-AAF3-0A0D1793D6F4}.Debug|Any CPU.ActiveCfg = Debug|Any CPU
		{3B448E8C-E3EB-4E5A-AAF3-0A0D1793D6F4}.Debug|Any CPU.Build.0 = Debug|Any CPU
		{3B448E8C-E3EB-4E5A-AAF3-0A0D1793D6F4}.Debug|Mixed Platforms.ActiveCfg = Debug|Any CPU
		{3B448E8C-E3EB-4E5A-AAF3-0A0D1793D6F4}.Debug|Mixed Platforms.Build.0 = Debug|Any CPU
		{3B448E8C-E3EB-4E5A-AAF3-0A0D1793D6F4}.Debug|x86.ActiveCfg = Debug|Any CPU
		{3B448E8C-E3EB-4E5A-AAF3-0A0D1793D6F4}.Release|.NET.ActiveCfg = Release|Any CPU
		{3B448E8C-E3EB-4E5A-AAF3-0A0D1793D6F4}.Release|Any CPU.ActiveCfg = Release|Any CPU
		{3B448E8C-E3EB-4E5A-AAF3-0A0D1793D6F4}.Release|Any CPU.Build.0 = Release|Any CPU
		{3B448E8C-E3EB-4E5A-AAF3-0A0D1793D6F4}.Release|Mixed Platforms.ActiveCfg = Release|Any CPU
		{3B448E8C-E3EB-4E5A-AAF3-0A0D1793D6F4}.Release|Mixed Platforms.Build.0 = Release|Any CPU
		{3B448E8C-E3EB-4E5A-AAF3-0A0D1793D6F4}.Release|x86.ActiveCfg = Release|Any CPU
		{D44A04F1-98FA-48F4-B22C-925D4E47A051}.Debug|.NET.ActiveCfg = Debug|Any CPU
		{D44A04F1-98FA-48F4-B22C-925D4E47A051}.Debug|Any CPU.ActiveCfg = Debug|Any CPU
		{D44A04F1-98FA-48F4-B22C-925D4E47A051}.Debug|Any CPU.Build.0 = Debug|Any CPU
		{D44A04F1-98FA-48F4-B22C-925D4E47A051}.Debug|Mixed Platforms.ActiveCfg = Debug|Any CPU
		{D44A04F1-98FA-48F4-B22C-925D4E47A051}.Debug|Mixed Platforms.Build.0 = Debug|Any CPU
		{D44A04F1-98FA-48F4-B22C-925D4E47A051}.Debug|x86.ActiveCfg = Debug|Any CPU
		{D44A04F1-98FA-48F4-B22C-925D4E47A051}.Release|.NET.ActiveCfg = Release|Any CPU
		{D44A04F1-98FA-48F4-B22C-925D4E47A051}.Release|Any CPU.ActiveCfg = Release|Any CPU
		{D44A04F1-98FA-48F4-B22C-925D4E47A051}.Release|Any CPU.Build.0 = Release|Any CPU
		{D44A04F1-98FA-48F4-B22C-925D4E47A051}.Release|Mixed Platforms.ActiveCfg = Release|Any CPU
		{D44A04F1-98FA-48F4-B22C-925D4E47A051}.Release|Mixed Platforms.Build.0 = Release|Any CPU
		{D44A04F1-98FA-48F4-B22C-925D4E47A051}.Release|x86.ActiveCfg = Release|Any CPU
		{ACC8EC0A-83D2-442D-A418-739509C742D0}.Debug|.NET.ActiveCfg = Debug|Any CPU
		{ACC8EC0A-83D2-442D-A418-739509C742D0}.Debug|Any CPU.ActiveCfg = Debug|Any CPU
		{ACC8EC0A-83D2-442D-A418-739509C742D0}.Debug|Any CPU.Build.0 = Debug|Any CPU
		{ACC8EC0A-83D2-442D-A418-739509C742D0}.Debug|Mixed Platforms.ActiveCfg = Debug|Any CPU
		{ACC8EC0A-83D2-442D-A418-739509C742D0}.Debug|Mixed Platforms.Build.0 = Debug|Any CPU
		{ACC8EC0A-83D2-442D-A418-739509C742D0}.Debug|x86.ActiveCfg = Debug|Any CPU
		{ACC8EC0A-83D2-442D-A418-739509C742D0}.Release|.NET.ActiveCfg = Release|Any CPU
		{ACC8EC0A-83D2-442D-A418-739509C742D0}.Release|Any CPU.ActiveCfg = Release|Any CPU
		{ACC8EC0A-83D2-442D-A418-739509C742D0}.Release|Any CPU.Build.0 = Release|Any CPU
		{ACC8EC0A-83D2-442D-A418-739509C742D0}.Release|Mixed Platforms.ActiveCfg = Release|Any CPU
		{ACC8EC0A-83D2-442D-A418-739509C742D0}.Release|Mixed Platforms.Build.0 = Release|Any CPU
		{ACC8EC0A-83D2-442D-A418-739509C742D0}.Release|x86.ActiveCfg = Release|Any CPU
		{79D204AF-A604-4685-8247-B97E9D1CF440}.Debug|.NET.ActiveCfg = Debug|Any CPU
		{79D204AF-A604-4685-8247-B97E9D1CF440}.Debug|Any CPU.ActiveCfg = Debug|Any CPU
		{79D204AF-A604-4685-8247-B97E9D1CF440}.Debug|Any CPU.Build.0 = Debug|Any CPU
		{79D204AF-A604-4685-8247-B97E9D1CF440}.Debug|Mixed Platforms.ActiveCfg = Debug|Any CPU
		{79D204AF-A604-4685-8247-B97E9D1CF440}.Debug|Mixed Platforms.Build.0 = Debug|Any CPU
		{79D204AF-A604-4685-8247-B97E9D1CF440}.Debug|x86.ActiveCfg = Debug|Any CPU
		{79D204AF-A604-4685-8247-B97E9D1CF440}.Release|.NET.ActiveCfg = Release|Any CPU
		{79D204AF-A604-4685-8247-B97E9D1CF440}.Release|Any CPU.ActiveCfg = Release|Any CPU
		{79D204AF-A604-4685-8247-B97E9D1CF440}.Release|Any CPU.Build.0 = Release|Any CPU
		{79D204AF-A604-4685-8247-B97E9D1CF440}.Release|Mixed Platforms.ActiveCfg = Release|Any CPU
		{79D204AF-A604-4685-8247-B97E9D1CF440}.Release|Mixed Platforms.Build.0 = Release|Any CPU
		{79D204AF-A604-4685-8247-B97E9D1CF440}.Release|x86.ActiveCfg = Release|Any CPU
		{E725A5B4-A379-492F-89E3-3D8021376C3F}.Debug|.NET.ActiveCfg = Debug|Any CPU
		{E725A5B4-A379-492F-89E3-3D8021376C3F}.Debug|Any CPU.ActiveCfg = Debug|Any CPU
		{E725A5B4-A379-492F-89E3-3D8021376C3F}.Debug|Any CPU.Build.0 = Debug|Any CPU
		{E725A5B4-A379-492F-89E3-3D8021376C3F}.Debug|Mixed Platforms.ActiveCfg = Debug|Any CPU
		{E725A5B4-A379-492F-89E3-3D8021376C3F}.Debug|Mixed Platforms.Build.0 = Debug|Any CPU
		{E725A5B4-A379-492F-89E3-3D8021376C3F}.Debug|x86.ActiveCfg = Debug|Any CPU
		{E725A5B4-A379-492F-89E3-3D8021376C3F}.Release|.NET.ActiveCfg = Release|Any CPU
		{E725A5B4-A379-492F-89E3-3D8021376C3F}.Release|Any CPU.ActiveCfg = Release|Any CPU
		{E725A5B4-A379-492F-89E3-3D8021376C3F}.Release|Any CPU.Build.0 = Release|Any CPU
		{E725A5B4-A379-492F-89E3-3D8021376C3F}.Release|Mixed Platforms.ActiveCfg = Release|Any CPU
		{E725A5B4-A379-492F-89E3-3D8021376C3F}.Release|Mixed Platforms.Build.0 = Release|Any CPU
		{E725A5B4-A379-492F-89E3-3D8021376C3F}.Release|x86.ActiveCfg = Release|Any CPU
		{D9E0815E-1687-4A2E-A2FD-86CE6D0AE2C4}.Debug|.NET.ActiveCfg = Debug|Any CPU
		{D9E0815E-1687-4A2E-A2FD-86CE6D0AE2C4}.Debug|Any CPU.ActiveCfg = Debug|Any CPU
		{D9E0815E-1687-4A2E-A2FD-86CE6D0AE2C4}.Debug|Any CPU.Build.0 = Debug|Any CPU
		{D9E0815E-1687-4A2E-A2FD-86CE6D0AE2C4}.Debug|Mixed Platforms.ActiveCfg = Debug|Any CPU
		{D9E0815E-1687-4A2E-A2FD-86CE6D0AE2C4}.Debug|Mixed Platforms.Build.0 = Debug|Any CPU
		{D9E0815E-1687-4A2E-A2FD-86CE6D0AE2C4}.Debug|x86.ActiveCfg = Debug|Any CPU
		{D9E0815E-1687-4A2E-A2FD-86CE6D0AE2C4}.Release|.NET.ActiveCfg = Release|Any CPU
		{D9E0815E-1687-4A2E-A2FD-86CE6D0AE2C4}.Release|Any CPU.ActiveCfg = Release|Any CPU
		{D9E0815E-1687-4A2E-A2FD-86CE6D0AE2C4}.Release|Any CPU.Build.0 = Release|Any CPU
		{D9E0815E-1687-4A2E-A2FD-86CE6D0AE2C4}.Release|Mixed Platforms.ActiveCfg = Release|Any CPU
		{D9E0815E-1687-4A2E-A2FD-86CE6D0AE2C4}.Release|Mixed Platforms.Build.0 = Release|Any CPU
		{D9E0815E-1687-4A2E-A2FD-86CE6D0AE2C4}.Release|x86.ActiveCfg = Release|Any CPU
		{C2B20EFD-0147-4FF9-A7BD-86A40B78E83A}.Debug|.NET.ActiveCfg = Debug|Any CPU
		{C2B20EFD-0147-4FF9-A7BD-86A40B78E83A}.Debug|Any CPU.ActiveCfg = Debug|Any CPU
		{C2B20EFD-0147-4FF9-A7BD-86A40B78E83A}.Debug|Any CPU.Build.0 = Debug|Any CPU
		{C2B20EFD-0147-4FF9-A7BD-86A40B78E83A}.Debug|Mixed Platforms.ActiveCfg = Debug|Any CPU
		{C2B20EFD-0147-4FF9-A7BD-86A40B78E83A}.Debug|Mixed Platforms.Build.0 = Debug|Any CPU
		{C2B20EFD-0147-4FF9-A7BD-86A40B78E83A}.Debug|x86.ActiveCfg = Debug|Any CPU
		{C2B20EFD-0147-4FF9-A7BD-86A40B78E83A}.Release|.NET.ActiveCfg = Release|Any CPU
		{C2B20EFD-0147-4FF9-A7BD-86A40B78E83A}.Release|Any CPU.ActiveCfg = Release|Any CPU
		{C2B20EFD-0147-4FF9-A7BD-86A40B78E83A}.Release|Any CPU.Build.0 = Release|Any CPU
		{C2B20EFD-0147-4FF9-A7BD-86A40B78E83A}.Release|Mixed Platforms.ActiveCfg = Release|Any CPU
		{C2B20EFD-0147-4FF9-A7BD-86A40B78E83A}.Release|Mixed Platforms.Build.0 = Release|Any CPU
		{C2B20EFD-0147-4FF9-A7BD-86A40B78E83A}.Release|x86.ActiveCfg = Release|Any CPU
		{2C539874-C74C-4ADE-9E7F-F694CD038EA5}.Debug|.NET.ActiveCfg = Debug|Any CPU
		{2C539874-C74C-4ADE-9E7F-F694CD038EA5}.Debug|Any CPU.ActiveCfg = Debug|Any CPU
		{2C539874-C74C-4ADE-9E7F-F694CD038EA5}.Debug|Any CPU.Build.0 = Debug|Any CPU
		{2C539874-C74C-4ADE-9E7F-F694CD038EA5}.Debug|Mixed Platforms.ActiveCfg = Debug|Any CPU
		{2C539874-C74C-4ADE-9E7F-F694CD038EA5}.Debug|Mixed Platforms.Build.0 = Debug|Any CPU
		{2C539874-C74C-4ADE-9E7F-F694CD038EA5}.Debug|x86.ActiveCfg = Debug|Any CPU
		{2C539874-C74C-4ADE-9E7F-F694CD038EA5}.Release|.NET.ActiveCfg = Release|Any CPU
		{2C539874-C74C-4ADE-9E7F-F694CD038EA5}.Release|Any CPU.ActiveCfg = Release|Any CPU
		{2C539874-C74C-4ADE-9E7F-F694CD038EA5}.Release|Any CPU.Build.0 = Release|Any CPU
		{2C539874-C74C-4ADE-9E7F-F694CD038EA5}.Release|Mixed Platforms.ActiveCfg = Release|Any CPU
		{2C539874-C74C-4ADE-9E7F-F694CD038EA5}.Release|Mixed Platforms.Build.0 = Release|Any CPU
		{2C539874-C74C-4ADE-9E7F-F694CD038EA5}.Release|x86.ActiveCfg = Release|Any CPU
		{7B0C08BE-DA84-4A89-9C80-5385BF31AAC2}.Debug|.NET.ActiveCfg = Debug|Any CPU
		{7B0C08BE-DA84-4A89-9C80-5385BF31AAC2}.Debug|Any CPU.ActiveCfg = Debug|Any CPU
		{7B0C08BE-DA84-4A89-9C80-5385BF31AAC2}.Debug|Any CPU.Build.0 = Debug|Any CPU
		{7B0C08BE-DA84-4A89-9C80-5385BF31AAC2}.Debug|Mixed Platforms.ActiveCfg = Debug|Any CPU
		{7B0C08BE-DA84-4A89-9C80-5385BF31AAC2}.Debug|Mixed Platforms.Build.0 = Debug|Any CPU
		{7B0C08BE-DA84-4A89-9C80-5385BF31AAC2}.Debug|x86.ActiveCfg = Debug|Any CPU
		{7B0C08BE-DA84-4A89-9C80-5385BF31AAC2}.Release|.NET.ActiveCfg = Release|Any CPU
		{7B0C08BE-DA84-4A89-9C80-5385BF31AAC2}.Release|Any CPU.ActiveCfg = Release|Any CPU
		{7B0C08BE-DA84-4A89-9C80-5385BF31AAC2}.Release|Any CPU.Build.0 = Release|Any CPU
		{7B0C08BE-DA84-4A89-9C80-5385BF31AAC2}.Release|Mixed Platforms.ActiveCfg = Release|Any CPU
		{7B0C08BE-DA84-4A89-9C80-5385BF31AAC2}.Release|Mixed Platforms.Build.0 = Release|Any CPU
		{7B0C08BE-DA84-4A89-9C80-5385BF31AAC2}.Release|x86.ActiveCfg = Release|Any CPU
		{6AC97717-899D-4F72-BC5B-2C37959CD4FF}.Debug|.NET.ActiveCfg = Debug|Any CPU
		{6AC97717-899D-4F72-BC5B-2C37959CD4FF}.Debug|Any CPU.ActiveCfg = Debug|Any CPU
		{6AC97717-899D-4F72-BC5B-2C37959CD4FF}.Debug|Any CPU.Build.0 = Debug|Any CPU
		{6AC97717-899D-4F72-BC5B-2C37959CD4FF}.Debug|Mixed Platforms.ActiveCfg = Debug|Any CPU
		{6AC97717-899D-4F72-BC5B-2C37959CD4FF}.Debug|Mixed Platforms.Build.0 = Debug|Any CPU
		{6AC97717-899D-4F72-BC5B-2C37959CD4FF}.Debug|x86.ActiveCfg = Debug|Any CPU
		{6AC97717-899D-4F72-BC5B-2C37959CD4FF}.Release|.NET.ActiveCfg = Release|Any CPU
		{6AC97717-899D-4F72-BC5B-2C37959CD4FF}.Release|Any CPU.ActiveCfg = Release|Any CPU
		{6AC97717-899D-4F72-BC5B-2C37959CD4FF}.Release|Any CPU.Build.0 = Release|Any CPU
		{6AC97717-899D-4F72-BC5B-2C37959CD4FF}.Release|Mixed Platforms.ActiveCfg = Release|Any CPU
		{6AC97717-899D-4F72-BC5B-2C37959CD4FF}.Release|Mixed Platforms.Build.0 = Release|Any CPU
		{6AC97717-899D-4F72-BC5B-2C37959CD4FF}.Release|x86.ActiveCfg = Release|Any CPU
		{7195499F-52E7-403F-9244-67D752F3CCF7}.Debug|.NET.ActiveCfg = Debug|Any CPU
		{7195499F-52E7-403F-9244-67D752F3CCF7}.Debug|Any CPU.ActiveCfg = Debug|Any CPU
		{7195499F-52E7-403F-9244-67D752F3CCF7}.Debug|Any CPU.Build.0 = Debug|Any CPU
		{7195499F-52E7-403F-9244-67D752F3CCF7}.Debug|Mixed Platforms.ActiveCfg = Debug|Any CPU
		{7195499F-52E7-403F-9244-67D752F3CCF7}.Debug|Mixed Platforms.Build.0 = Debug|Any CPU
		{7195499F-52E7-403F-9244-67D752F3CCF7}.Debug|x86.ActiveCfg = Debug|Any CPU
		{7195499F-52E7-403F-9244-67D752F3CCF7}.Release|.NET.ActiveCfg = Release|Any CPU
		{7195499F-52E7-403F-9244-67D752F3CCF7}.Release|Any CPU.ActiveCfg = Release|Any CPU
		{7195499F-52E7-403F-9244-67D752F3CCF7}.Release|Any CPU.Build.0 = Release|Any CPU
		{7195499F-52E7-403F-9244-67D752F3CCF7}.Release|Mixed Platforms.ActiveCfg = Release|Any CPU
		{7195499F-52E7-403F-9244-67D752F3CCF7}.Release|Mixed Platforms.Build.0 = Release|Any CPU
		{7195499F-52E7-403F-9244-67D752F3CCF7}.Release|x86.ActiveCfg = Release|Any CPU
		{BA6BBE25-09D1-47F8-9BAB-F0FF66AD0D70}.Debug|.NET.ActiveCfg = Debug|Any CPU
		{BA6BBE25-09D1-47F8-9BAB-F0FF66AD0D70}.Debug|Any CPU.ActiveCfg = Debug|Any CPU
		{BA6BBE25-09D1-47F8-9BAB-F0FF66AD0D70}.Debug|Any CPU.Build.0 = Debug|Any CPU
		{BA6BBE25-09D1-47F8-9BAB-F0FF66AD0D70}.Debug|Mixed Platforms.ActiveCfg = Debug|Any CPU
		{BA6BBE25-09D1-47F8-9BAB-F0FF66AD0D70}.Debug|Mixed Platforms.Build.0 = Debug|Any CPU
		{BA6BBE25-09D1-47F8-9BAB-F0FF66AD0D70}.Debug|x86.ActiveCfg = Debug|Any CPU
		{BA6BBE25-09D1-47F8-9BAB-F0FF66AD0D70}.Release|.NET.ActiveCfg = Release|Any CPU
		{BA6BBE25-09D1-47F8-9BAB-F0FF66AD0D70}.Release|Any CPU.ActiveCfg = Release|Any CPU
		{BA6BBE25-09D1-47F8-9BAB-F0FF66AD0D70}.Release|Any CPU.Build.0 = Release|Any CPU
		{BA6BBE25-09D1-47F8-9BAB-F0FF66AD0D70}.Release|Mixed Platforms.ActiveCfg = Release|Any CPU
		{BA6BBE25-09D1-47F8-9BAB-F0FF66AD0D70}.Release|Mixed Platforms.Build.0 = Release|Any CPU
		{BA6BBE25-09D1-47F8-9BAB-F0FF66AD0D70}.Release|x86.ActiveCfg = Release|Any CPU
		{4804DAD4-EE9C-45E4-A151-DCDE6D06EB61}.Debug|.NET.ActiveCfg = Debug|Any CPU
		{4804DAD4-EE9C-45E4-A151-DCDE6D06EB61}.Debug|Any CPU.ActiveCfg = Debug|Any CPU
		{4804DAD4-EE9C-45E4-A151-DCDE6D06EB61}.Debug|Any CPU.Build.0 = Debug|Any CPU
		{4804DAD4-EE9C-45E4-A151-DCDE6D06EB61}.Debug|Mixed Platforms.ActiveCfg = Debug|Any CPU
		{4804DAD4-EE9C-45E4-A151-DCDE6D06EB61}.Debug|Mixed Platforms.Build.0 = Debug|Any CPU
		{4804DAD4-EE9C-45E4-A151-DCDE6D06EB61}.Debug|x86.ActiveCfg = Debug|Any CPU
		{4804DAD4-EE9C-45E4-A151-DCDE6D06EB61}.Release|.NET.ActiveCfg = Release|Any CPU
		{4804DAD4-EE9C-45E4-A151-DCDE6D06EB61}.Release|Any CPU.ActiveCfg = Release|Any CPU
		{4804DAD4-EE9C-45E4-A151-DCDE6D06EB61}.Release|Any CPU.Build.0 = Release|Any CPU
		{4804DAD4-EE9C-45E4-A151-DCDE6D06EB61}.Release|Mixed Platforms.ActiveCfg = Release|Any CPU
		{4804DAD4-EE9C-45E4-A151-DCDE6D06EB61}.Release|Mixed Platforms.Build.0 = Release|Any CPU
		{4804DAD4-EE9C-45E4-A151-DCDE6D06EB61}.Release|x86.ActiveCfg = Release|Any CPU
		{5156E0A2-44CE-4FB7-8572-31CE7F5943F1}.Debug|.NET.ActiveCfg = Debug|Any CPU
		{5156E0A2-44CE-4FB7-8572-31CE7F5943F1}.Debug|Any CPU.ActiveCfg = Debug|Any CPU
		{5156E0A2-44CE-4FB7-8572-31CE7F5943F1}.Debug|Any CPU.Build.0 = Debug|Any CPU
		{5156E0A2-44CE-4FB7-8572-31CE7F5943F1}.Debug|Mixed Platforms.ActiveCfg = Debug|Any CPU
		{5156E0A2-44CE-4FB7-8572-31CE7F5943F1}.Debug|Mixed Platforms.Build.0 = Debug|Any CPU
		{5156E0A2-44CE-4FB7-8572-31CE7F5943F1}.Debug|x86.ActiveCfg = Debug|Any CPU
		{5156E0A2-44CE-4FB7-8572-31CE7F5943F1}.Release|.NET.ActiveCfg = Release|Any CPU
		{5156E0A2-44CE-4FB7-8572-31CE7F5943F1}.Release|Any CPU.ActiveCfg = Release|Any CPU
		{5156E0A2-44CE-4FB7-8572-31CE7F5943F1}.Release|Any CPU.Build.0 = Release|Any CPU
		{5156E0A2-44CE-4FB7-8572-31CE7F5943F1}.Release|Mixed Platforms.ActiveCfg = Release|Any CPU
		{5156E0A2-44CE-4FB7-8572-31CE7F5943F1}.Release|Mixed Platforms.Build.0 = Release|Any CPU
		{5156E0A2-44CE-4FB7-8572-31CE7F5943F1}.Release|x86.ActiveCfg = Release|Any CPU
		{EF011A0E-FE3C-4B95-90B2-0E56C4C88CED}.Debug|.NET.ActiveCfg = Debug|Any CPU
		{EF011A0E-FE3C-4B95-90B2-0E56C4C88CED}.Debug|Any CPU.ActiveCfg = Debug|Any CPU
		{EF011A0E-FE3C-4B95-90B2-0E56C4C88CED}.Debug|Any CPU.Build.0 = Debug|Any CPU
		{EF011A0E-FE3C-4B95-90B2-0E56C4C88CED}.Debug|Mixed Platforms.ActiveCfg = Debug|Any CPU
		{EF011A0E-FE3C-4B95-90B2-0E56C4C88CED}.Debug|Mixed Platforms.Build.0 = Debug|Any CPU
		{EF011A0E-FE3C-4B95-90B2-0E56C4C88CED}.Debug|x86.ActiveCfg = Debug|Any CPU
		{EF011A0E-FE3C-4B95-90B2-0E56C4C88CED}.Release|.NET.ActiveCfg = Release|Any CPU
		{EF011A0E-FE3C-4B95-90B2-0E56C4C88CED}.Release|Any CPU.ActiveCfg = Release|Any CPU
		{EF011A0E-FE3C-4B95-90B2-0E56C4C88CED}.Release|Any CPU.Build.0 = Release|Any CPU
		{EF011A0E-FE3C-4B95-90B2-0E56C4C88CED}.Release|Mixed Platforms.ActiveCfg = Release|Any CPU
		{EF011A0E-FE3C-4B95-90B2-0E56C4C88CED}.Release|Mixed Platforms.Build.0 = Release|Any CPU
		{EF011A0E-FE3C-4B95-90B2-0E56C4C88CED}.Release|x86.ActiveCfg = Release|Any CPU
		{C02DB172-895B-4065-8F34-D47B146E1608}.Debug|.NET.ActiveCfg = Debug|Any CPU
		{C02DB172-895B-4065-8F34-D47B146E1608}.Debug|Any CPU.ActiveCfg = Debug|Any CPU
		{C02DB172-895B-4065-8F34-D47B146E1608}.Debug|Any CPU.Build.0 = Debug|Any CPU
		{C02DB172-895B-4065-8F34-D47B146E1608}.Debug|Mixed Platforms.ActiveCfg = Debug|Any CPU
		{C02DB172-895B-4065-8F34-D47B146E1608}.Debug|Mixed Platforms.Build.0 = Debug|Any CPU
		{C02DB172-895B-4065-8F34-D47B146E1608}.Debug|x86.ActiveCfg = Debug|Any CPU
		{C02DB172-895B-4065-8F34-D47B146E1608}.Release|.NET.ActiveCfg = Release|Any CPU
		{C02DB172-895B-4065-8F34-D47B146E1608}.Release|Any CPU.ActiveCfg = Release|Any CPU
		{C02DB172-895B-4065-8F34-D47B146E1608}.Release|Any CPU.Build.0 = Release|Any CPU
		{C02DB172-895B-4065-8F34-D47B146E1608}.Release|Mixed Platforms.ActiveCfg = Release|Any CPU
		{C02DB172-895B-4065-8F34-D47B146E1608}.Release|Mixed Platforms.Build.0 = Release|Any CPU
		{C02DB172-895B-4065-8F34-D47B146E1608}.Release|x86.ActiveCfg = Release|Any CPU
		{33128B8D-65A4-4528-B91E-12650C82CCB5}.Debug|.NET.ActiveCfg = Debug|Any CPU
		{33128B8D-65A4-4528-B91E-12650C82CCB5}.Debug|Any CPU.ActiveCfg = Debug|Any CPU
		{33128B8D-65A4-4528-B91E-12650C82CCB5}.Debug|Any CPU.Build.0 = Debug|Any CPU
		{33128B8D-65A4-4528-B91E-12650C82CCB5}.Debug|Mixed Platforms.ActiveCfg = Debug|Any CPU
		{33128B8D-65A4-4528-B91E-12650C82CCB5}.Debug|Mixed Platforms.Build.0 = Debug|Any CPU
		{33128B8D-65A4-4528-B91E-12650C82CCB5}.Debug|x86.ActiveCfg = Debug|Any CPU
		{33128B8D-65A4-4528-B91E-12650C82CCB5}.Release|.NET.ActiveCfg = Release|Any CPU
		{33128B8D-65A4-4528-B91E-12650C82CCB5}.Release|Any CPU.ActiveCfg = Release|Any CPU
		{33128B8D-65A4-4528-B91E-12650C82CCB5}.Release|Any CPU.Build.0 = Release|Any CPU
		{33128B8D-65A4-4528-B91E-12650C82CCB5}.Release|Mixed Platforms.ActiveCfg = Release|Any CPU
		{33128B8D-65A4-4528-B91E-12650C82CCB5}.Release|Mixed Platforms.Build.0 = Release|Any CPU
		{33128B8D-65A4-4528-B91E-12650C82CCB5}.Release|x86.ActiveCfg = Release|Any CPU
		{E3B0409F-D063-4BC7-A46D-53CDA3BC1AB6}.Debug|.NET.ActiveCfg = Debug|Any CPU
		{E3B0409F-D063-4BC7-A46D-53CDA3BC1AB6}.Debug|Any CPU.ActiveCfg = Debug|Any CPU
		{E3B0409F-D063-4BC7-A46D-53CDA3BC1AB6}.Debug|Any CPU.Build.0 = Debug|Any CPU
		{E3B0409F-D063-4BC7-A46D-53CDA3BC1AB6}.Debug|Mixed Platforms.ActiveCfg = Debug|Any CPU
		{E3B0409F-D063-4BC7-A46D-53CDA3BC1AB6}.Debug|Mixed Platforms.Build.0 = Debug|Any CPU
		{E3B0409F-D063-4BC7-A46D-53CDA3BC1AB6}.Debug|x86.ActiveCfg = Debug|Any CPU
		{E3B0409F-D063-4BC7-A46D-53CDA3BC1AB6}.Release|.NET.ActiveCfg = Release|Any CPU
		{E3B0409F-D063-4BC7-A46D-53CDA3BC1AB6}.Release|Any CPU.ActiveCfg = Release|Any CPU
		{E3B0409F-D063-4BC7-A46D-53CDA3BC1AB6}.Release|Any CPU.Build.0 = Release|Any CPU
		{E3B0409F-D063-4BC7-A46D-53CDA3BC1AB6}.Release|Mixed Platforms.ActiveCfg = Release|Any CPU
		{E3B0409F-D063-4BC7-A46D-53CDA3BC1AB6}.Release|Mixed Platforms.Build.0 = Release|Any CPU
		{E3B0409F-D063-4BC7-A46D-53CDA3BC1AB6}.Release|x86.ActiveCfg = Release|Any CPU
		{2DB0AD6D-BF59-4EBB-9F99-49ABD8539FD2}.Debug|.NET.ActiveCfg = Debug|Any CPU
		{2DB0AD6D-BF59-4EBB-9F99-49ABD8539FD2}.Debug|Any CPU.ActiveCfg = Debug|Any CPU
		{2DB0AD6D-BF59-4EBB-9F99-49ABD8539FD2}.Debug|Any CPU.Build.0 = Debug|Any CPU
		{2DB0AD6D-BF59-4EBB-9F99-49ABD8539FD2}.Debug|Mixed Platforms.ActiveCfg = Debug|Any CPU
		{2DB0AD6D-BF59-4EBB-9F99-49ABD8539FD2}.Debug|Mixed Platforms.Build.0 = Debug|Any CPU
		{2DB0AD6D-BF59-4EBB-9F99-49ABD8539FD2}.Debug|x86.ActiveCfg = Debug|Any CPU
		{2DB0AD6D-BF59-4EBB-9F99-49ABD8539FD2}.Release|.NET.ActiveCfg = Release|Any CPU
		{2DB0AD6D-BF59-4EBB-9F99-49ABD8539FD2}.Release|Any CPU.ActiveCfg = Release|Any CPU
		{2DB0AD6D-BF59-4EBB-9F99-49ABD8539FD2}.Release|Any CPU.Build.0 = Release|Any CPU
		{2DB0AD6D-BF59-4EBB-9F99-49ABD8539FD2}.Release|Mixed Platforms.ActiveCfg = Release|Any CPU
		{2DB0AD6D-BF59-4EBB-9F99-49ABD8539FD2}.Release|Mixed Platforms.Build.0 = Release|Any CPU
		{2DB0AD6D-BF59-4EBB-9F99-49ABD8539FD2}.Release|x86.ActiveCfg = Release|Any CPU
		{708C6E4C-1380-44A6-ABE9-0C25E633AD85}.Debug|.NET.ActiveCfg = Debug|Any CPU
		{708C6E4C-1380-44A6-ABE9-0C25E633AD85}.Debug|Any CPU.ActiveCfg = Debug|Any CPU
		{708C6E4C-1380-44A6-ABE9-0C25E633AD85}.Debug|Any CPU.Build.0 = Debug|Any CPU
		{708C6E4C-1380-44A6-ABE9-0C25E633AD85}.Debug|Mixed Platforms.ActiveCfg = Debug|Any CPU
		{708C6E4C-1380-44A6-ABE9-0C25E633AD85}.Debug|Mixed Platforms.Build.0 = Debug|Any CPU
		{708C6E4C-1380-44A6-ABE9-0C25E633AD85}.Debug|x86.ActiveCfg = Debug|Any CPU
		{708C6E4C-1380-44A6-ABE9-0C25E633AD85}.Release|.NET.ActiveCfg = Release|Any CPU
		{708C6E4C-1380-44A6-ABE9-0C25E633AD85}.Release|Any CPU.ActiveCfg = Release|Any CPU
		{708C6E4C-1380-44A6-ABE9-0C25E633AD85}.Release|Any CPU.Build.0 = Release|Any CPU
		{708C6E4C-1380-44A6-ABE9-0C25E633AD85}.Release|Mixed Platforms.ActiveCfg = Release|Any CPU
		{708C6E4C-1380-44A6-ABE9-0C25E633AD85}.Release|Mixed Platforms.Build.0 = Release|Any CPU
		{708C6E4C-1380-44A6-ABE9-0C25E633AD85}.Release|x86.ActiveCfg = Release|Any CPU
		{45FCDE6B-0F91-4B21-9D37-5782F5B0F9D3}.Debug|.NET.ActiveCfg = Debug|Any CPU
		{45FCDE6B-0F91-4B21-9D37-5782F5B0F9D3}.Debug|Any CPU.ActiveCfg = Debug|Any CPU
		{45FCDE6B-0F91-4B21-9D37-5782F5B0F9D3}.Debug|Any CPU.Build.0 = Debug|Any CPU
		{45FCDE6B-0F91-4B21-9D37-5782F5B0F9D3}.Debug|Mixed Platforms.ActiveCfg = Debug|Any CPU
		{45FCDE6B-0F91-4B21-9D37-5782F5B0F9D3}.Debug|Mixed Platforms.Build.0 = Debug|Any CPU
		{45FCDE6B-0F91-4B21-9D37-5782F5B0F9D3}.Debug|x86.ActiveCfg = Debug|Any CPU
		{45FCDE6B-0F91-4B21-9D37-5782F5B0F9D3}.Release|.NET.ActiveCfg = Release|Any CPU
		{45FCDE6B-0F91-4B21-9D37-5782F5B0F9D3}.Release|Any CPU.ActiveCfg = Release|Any CPU
		{45FCDE6B-0F91-4B21-9D37-5782F5B0F9D3}.Release|Any CPU.Build.0 = Release|Any CPU
		{45FCDE6B-0F91-4B21-9D37-5782F5B0F9D3}.Release|Mixed Platforms.ActiveCfg = Release|Any CPU
		{45FCDE6B-0F91-4B21-9D37-5782F5B0F9D3}.Release|Mixed Platforms.Build.0 = Release|Any CPU
		{45FCDE6B-0F91-4B21-9D37-5782F5B0F9D3}.Release|x86.ActiveCfg = Release|Any CPU
		{EC311AD3-0A26-4808-901B-A983E97E5790}.Debug|.NET.ActiveCfg = Debug|Any CPU
		{EC311AD3-0A26-4808-901B-A983E97E5790}.Debug|Any CPU.ActiveCfg = Debug|Any CPU
		{EC311AD3-0A26-4808-901B-A983E97E5790}.Debug|Any CPU.Build.0 = Debug|Any CPU
		{EC311AD3-0A26-4808-901B-A983E97E5790}.Debug|Mixed Platforms.ActiveCfg = Debug|Any CPU
		{EC311AD3-0A26-4808-901B-A983E97E5790}.Debug|Mixed Platforms.Build.0 = Debug|Any CPU
		{EC311AD3-0A26-4808-901B-A983E97E5790}.Debug|x86.ActiveCfg = Debug|Any CPU
		{EC311AD3-0A26-4808-901B-A983E97E5790}.Release|.NET.ActiveCfg = Release|Any CPU
		{EC311AD3-0A26-4808-901B-A983E97E5790}.Release|Any CPU.ActiveCfg = Release|Any CPU
		{EC311AD3-0A26-4808-901B-A983E97E5790}.Release|Any CPU.Build.0 = Release|Any CPU
		{EC311AD3-0A26-4808-901B-A983E97E5790}.Release|Mixed Platforms.ActiveCfg = Release|Any CPU
		{EC311AD3-0A26-4808-901B-A983E97E5790}.Release|Mixed Platforms.Build.0 = Release|Any CPU
		{EC311AD3-0A26-4808-901B-A983E97E5790}.Release|x86.ActiveCfg = Release|Any CPU
		{5179BF96-3EDA-43DD-A636-D98E4C7BE7BC}.Debug|.NET.ActiveCfg = Debug|Any CPU
		{5179BF96-3EDA-43DD-A636-D98E4C7BE7BC}.Debug|Any CPU.ActiveCfg = Debug|Any CPU
		{5179BF96-3EDA-43DD-A636-D98E4C7BE7BC}.Debug|Any CPU.Build.0 = Debug|Any CPU
		{5179BF96-3EDA-43DD-A636-D98E4C7BE7BC}.Debug|Mixed Platforms.ActiveCfg = Debug|Any CPU
		{5179BF96-3EDA-43DD-A636-D98E4C7BE7BC}.Debug|Mixed Platforms.Build.0 = Debug|Any CPU
		{5179BF96-3EDA-43DD-A636-D98E4C7BE7BC}.Debug|x86.ActiveCfg = Debug|Any CPU
		{5179BF96-3EDA-43DD-A636-D98E4C7BE7BC}.Release|.NET.ActiveCfg = Release|Any CPU
		{5179BF96-3EDA-43DD-A636-D98E4C7BE7BC}.Release|Any CPU.ActiveCfg = Release|Any CPU
		{5179BF96-3EDA-43DD-A636-D98E4C7BE7BC}.Release|Any CPU.Build.0 = Release|Any CPU
		{5179BF96-3EDA-43DD-A636-D98E4C7BE7BC}.Release|Mixed Platforms.ActiveCfg = Release|Any CPU
		{5179BF96-3EDA-43DD-A636-D98E4C7BE7BC}.Release|Mixed Platforms.Build.0 = Release|Any CPU
		{5179BF96-3EDA-43DD-A636-D98E4C7BE7BC}.Release|x86.ActiveCfg = Release|Any CPU
		{BC02B853-BE17-4A9B-B7DF-41DD5B4ADC27}.Debug|.NET.ActiveCfg = Debug|Any CPU
		{BC02B853-BE17-4A9B-B7DF-41DD5B4ADC27}.Debug|Any CPU.ActiveCfg = Debug|Any CPU
		{BC02B853-BE17-4A9B-B7DF-41DD5B4ADC27}.Debug|Any CPU.Build.0 = Debug|Any CPU
		{BC02B853-BE17-4A9B-B7DF-41DD5B4ADC27}.Debug|Mixed Platforms.ActiveCfg = Debug|Any CPU
		{BC02B853-BE17-4A9B-B7DF-41DD5B4ADC27}.Debug|Mixed Platforms.Build.0 = Debug|Any CPU
		{BC02B853-BE17-4A9B-B7DF-41DD5B4ADC27}.Debug|x86.ActiveCfg = Debug|Any CPU
		{BC02B853-BE17-4A9B-B7DF-41DD5B4ADC27}.Release|.NET.ActiveCfg = Release|Any CPU
		{BC02B853-BE17-4A9B-B7DF-41DD5B4ADC27}.Release|Any CPU.ActiveCfg = Release|Any CPU
		{BC02B853-BE17-4A9B-B7DF-41DD5B4ADC27}.Release|Any CPU.Build.0 = Release|Any CPU
		{BC02B853-BE17-4A9B-B7DF-41DD5B4ADC27}.Release|Mixed Platforms.ActiveCfg = Release|Any CPU
		{BC02B853-BE17-4A9B-B7DF-41DD5B4ADC27}.Release|Mixed Platforms.Build.0 = Release|Any CPU
		{BC02B853-BE17-4A9B-B7DF-41DD5B4ADC27}.Release|x86.ActiveCfg = Release|Any CPU
		{B6F5E59A-93D5-4FD7-9667-14F0EF12B065}.Debug|.NET.ActiveCfg = Debug|Any CPU
		{B6F5E59A-93D5-4FD7-9667-14F0EF12B065}.Debug|Any CPU.ActiveCfg = Debug|Any CPU
		{B6F5E59A-93D5-4FD7-9667-14F0EF12B065}.Debug|Any CPU.Build.0 = Debug|Any CPU
		{B6F5E59A-93D5-4FD7-9667-14F0EF12B065}.Debug|Mixed Platforms.ActiveCfg = Debug|Any CPU
		{B6F5E59A-93D5-4FD7-9667-14F0EF12B065}.Debug|Mixed Platforms.Build.0 = Debug|Any CPU
		{B6F5E59A-93D5-4FD7-9667-14F0EF12B065}.Debug|x86.ActiveCfg = Debug|Any CPU
		{B6F5E59A-93D5-4FD7-9667-14F0EF12B065}.Release|.NET.ActiveCfg = Release|Any CPU
		{B6F5E59A-93D5-4FD7-9667-14F0EF12B065}.Release|Any CPU.ActiveCfg = Release|Any CPU
		{B6F5E59A-93D5-4FD7-9667-14F0EF12B065}.Release|Any CPU.Build.0 = Release|Any CPU
		{B6F5E59A-93D5-4FD7-9667-14F0EF12B065}.Release|Mixed Platforms.ActiveCfg = Release|Any CPU
		{B6F5E59A-93D5-4FD7-9667-14F0EF12B065}.Release|Mixed Platforms.Build.0 = Release|Any CPU
		{B6F5E59A-93D5-4FD7-9667-14F0EF12B065}.Release|x86.ActiveCfg = Release|Any CPU
		{06F06E84-9E3D-48F8-AD21-73222EED6463}.Debug|.NET.ActiveCfg = Debug|Any CPU
		{06F06E84-9E3D-48F8-AD21-73222EED6463}.Debug|Any CPU.ActiveCfg = Debug|Any CPU
		{06F06E84-9E3D-48F8-AD21-73222EED6463}.Debug|Any CPU.Build.0 = Debug|Any CPU
		{06F06E84-9E3D-48F8-AD21-73222EED6463}.Debug|Mixed Platforms.ActiveCfg = Debug|Any CPU
		{06F06E84-9E3D-48F8-AD21-73222EED6463}.Debug|Mixed Platforms.Build.0 = Debug|Any CPU
		{06F06E84-9E3D-48F8-AD21-73222EED6463}.Debug|x86.ActiveCfg = Debug|Any CPU
		{06F06E84-9E3D-48F8-AD21-73222EED6463}.Release|.NET.ActiveCfg = Release|Any CPU
		{06F06E84-9E3D-48F8-AD21-73222EED6463}.Release|Any CPU.ActiveCfg = Release|Any CPU
		{06F06E84-9E3D-48F8-AD21-73222EED6463}.Release|Any CPU.Build.0 = Release|Any CPU
		{06F06E84-9E3D-48F8-AD21-73222EED6463}.Release|Mixed Platforms.ActiveCfg = Release|Any CPU
		{06F06E84-9E3D-48F8-AD21-73222EED6463}.Release|Mixed Platforms.Build.0 = Release|Any CPU
		{06F06E84-9E3D-48F8-AD21-73222EED6463}.Release|x86.ActiveCfg = Release|Any CPU
		{3E6129C8-18E4-410D-89FC-0DBBE6009FC5}.Debug|.NET.ActiveCfg = Debug|Any CPU
		{3E6129C8-18E4-410D-89FC-0DBBE6009FC5}.Debug|Any CPU.ActiveCfg = Debug|Any CPU
		{3E6129C8-18E4-410D-89FC-0DBBE6009FC5}.Debug|Any CPU.Build.0 = Debug|Any CPU
		{3E6129C8-18E4-410D-89FC-0DBBE6009FC5}.Debug|Mixed Platforms.ActiveCfg = Debug|Any CPU
		{3E6129C8-18E4-410D-89FC-0DBBE6009FC5}.Debug|Mixed Platforms.Build.0 = Debug|Any CPU
		{3E6129C8-18E4-410D-89FC-0DBBE6009FC5}.Debug|x86.ActiveCfg = Debug|Any CPU
		{3E6129C8-18E4-410D-89FC-0DBBE6009FC5}.Release|.NET.ActiveCfg = Release|Any CPU
		{3E6129C8-18E4-410D-89FC-0DBBE6009FC5}.Release|Any CPU.ActiveCfg = Release|Any CPU
		{3E6129C8-18E4-410D-89FC-0DBBE6009FC5}.Release|Any CPU.Build.0 = Release|Any CPU
		{3E6129C8-18E4-410D-89FC-0DBBE6009FC5}.Release|Mixed Platforms.ActiveCfg = Release|Any CPU
		{3E6129C8-18E4-410D-89FC-0DBBE6009FC5}.Release|Mixed Platforms.Build.0 = Release|Any CPU
		{3E6129C8-18E4-410D-89FC-0DBBE6009FC5}.Release|x86.ActiveCfg = Release|Any CPU
		{7B4756F2-1C10-42B2-B5D9-BAAF9B47612A}.Debug|.NET.ActiveCfg = Debug|Any CPU
		{7B4756F2-1C10-42B2-B5D9-BAAF9B47612A}.Debug|Any CPU.ActiveCfg = Debug|Any CPU
		{7B4756F2-1C10-42B2-B5D9-BAAF9B47612A}.Debug|Any CPU.Build.0 = Debug|Any CPU
		{7B4756F2-1C10-42B2-B5D9-BAAF9B47612A}.Debug|Mixed Platforms.ActiveCfg = Debug|Any CPU
		{7B4756F2-1C10-42B2-B5D9-BAAF9B47612A}.Debug|Mixed Platforms.Build.0 = Debug|Any CPU
		{7B4756F2-1C10-42B2-B5D9-BAAF9B47612A}.Debug|x86.ActiveCfg = Debug|Any CPU
		{7B4756F2-1C10-42B2-B5D9-BAAF9B47612A}.Release|.NET.ActiveCfg = Release|Any CPU
		{7B4756F2-1C10-42B2-B5D9-BAAF9B47612A}.Release|Any CPU.ActiveCfg = Release|Any CPU
		{7B4756F2-1C10-42B2-B5D9-BAAF9B47612A}.Release|Any CPU.Build.0 = Release|Any CPU
		{7B4756F2-1C10-42B2-B5D9-BAAF9B47612A}.Release|Mixed Platforms.ActiveCfg = Release|Any CPU
		{7B4756F2-1C10-42B2-B5D9-BAAF9B47612A}.Release|Mixed Platforms.Build.0 = Release|Any CPU
		{7B4756F2-1C10-42B2-B5D9-BAAF9B47612A}.Release|x86.ActiveCfg = Release|Any CPU
		{EBCB52B8-C189-4958-9BB2-B7670BCB49FB}.Debug|.NET.ActiveCfg = Debug|Any CPU
		{EBCB52B8-C189-4958-9BB2-B7670BCB49FB}.Debug|Any CPU.ActiveCfg = Debug|Any CPU
		{EBCB52B8-C189-4958-9BB2-B7670BCB49FB}.Debug|Any CPU.Build.0 = Debug|Any CPU
		{EBCB52B8-C189-4958-9BB2-B7670BCB49FB}.Debug|Mixed Platforms.ActiveCfg = Debug|Any CPU
		{EBCB52B8-C189-4958-9BB2-B7670BCB49FB}.Debug|Mixed Platforms.Build.0 = Debug|Any CPU
		{EBCB52B8-C189-4958-9BB2-B7670BCB49FB}.Debug|x86.ActiveCfg = Debug|Any CPU
		{EBCB52B8-C189-4958-9BB2-B7670BCB49FB}.Release|.NET.ActiveCfg = Release|Any CPU
		{EBCB52B8-C189-4958-9BB2-B7670BCB49FB}.Release|Any CPU.ActiveCfg = Release|Any CPU
		{EBCB52B8-C189-4958-9BB2-B7670BCB49FB}.Release|Any CPU.Build.0 = Release|Any CPU
		{EBCB52B8-C189-4958-9BB2-B7670BCB49FB}.Release|Mixed Platforms.ActiveCfg = Release|Any CPU
		{EBCB52B8-C189-4958-9BB2-B7670BCB49FB}.Release|Mixed Platforms.Build.0 = Release|Any CPU
		{EBCB52B8-C189-4958-9BB2-B7670BCB49FB}.Release|x86.ActiveCfg = Release|Any CPU
		{127579AF-71E9-4366-9665-B2C4FFB64065}.Debug|.NET.ActiveCfg = Debug|Any CPU
		{127579AF-71E9-4366-9665-B2C4FFB64065}.Debug|Any CPU.ActiveCfg = Debug|Any CPU
		{127579AF-71E9-4366-9665-B2C4FFB64065}.Debug|Any CPU.Build.0 = Debug|Any CPU
		{127579AF-71E9-4366-9665-B2C4FFB64065}.Debug|Mixed Platforms.ActiveCfg = Debug|Any CPU
		{127579AF-71E9-4366-9665-B2C4FFB64065}.Debug|Mixed Platforms.Build.0 = Debug|Any CPU
		{127579AF-71E9-4366-9665-B2C4FFB64065}.Debug|x86.ActiveCfg = Debug|Any CPU
		{127579AF-71E9-4366-9665-B2C4FFB64065}.Release|.NET.ActiveCfg = Release|Any CPU
		{127579AF-71E9-4366-9665-B2C4FFB64065}.Release|Any CPU.ActiveCfg = Release|Any CPU
		{127579AF-71E9-4366-9665-B2C4FFB64065}.Release|Any CPU.Build.0 = Release|Any CPU
		{127579AF-71E9-4366-9665-B2C4FFB64065}.Release|Mixed Platforms.ActiveCfg = Release|Any CPU
		{127579AF-71E9-4366-9665-B2C4FFB64065}.Release|Mixed Platforms.Build.0 = Release|Any CPU
		{127579AF-71E9-4366-9665-B2C4FFB64065}.Release|x86.ActiveCfg = Release|Any CPU
		{37B1BE56-EF65-4012-A4A8-B14E27083E16}.Debug|.NET.ActiveCfg = Debug|Any CPU
		{37B1BE56-EF65-4012-A4A8-B14E27083E16}.Debug|Any CPU.ActiveCfg = Debug|Any CPU
		{37B1BE56-EF65-4012-A4A8-B14E27083E16}.Debug|Any CPU.Build.0 = Debug|Any CPU
		{37B1BE56-EF65-4012-A4A8-B14E27083E16}.Debug|Mixed Platforms.ActiveCfg = Debug|Any CPU
		{37B1BE56-EF65-4012-A4A8-B14E27083E16}.Debug|Mixed Platforms.Build.0 = Debug|Any CPU
		{37B1BE56-EF65-4012-A4A8-B14E27083E16}.Debug|x86.ActiveCfg = Debug|Any CPU
		{37B1BE56-EF65-4012-A4A8-B14E27083E16}.Release|.NET.ActiveCfg = Release|Any CPU
		{37B1BE56-EF65-4012-A4A8-B14E27083E16}.Release|Any CPU.ActiveCfg = Release|Any CPU
		{37B1BE56-EF65-4012-A4A8-B14E27083E16}.Release|Any CPU.Build.0 = Release|Any CPU
		{37B1BE56-EF65-4012-A4A8-B14E27083E16}.Release|Mixed Platforms.ActiveCfg = Release|Any CPU
		{37B1BE56-EF65-4012-A4A8-B14E27083E16}.Release|Mixed Platforms.Build.0 = Release|Any CPU
		{37B1BE56-EF65-4012-A4A8-B14E27083E16}.Release|x86.ActiveCfg = Release|Any CPU
	EndGlobalSection
	GlobalSection(SolutionProperties) = preSolution
		HideSolutionNode = FALSE
	EndGlobalSection
	GlobalSection(NestedProjects) = preSolution
		{D8102251-EA56-44F1-AD23-42FAF8EA478C} = {F57E6A6D-0FC7-4482-9EFA-5FEDA8DB59F7}
		{A09297C8-2C40-470B-8856-D856676DDFFA} = {F57E6A6D-0FC7-4482-9EFA-5FEDA8DB59F7}
		{453CC31C-5264-411F-96C7-84CB52298DE1} = {F57E6A6D-0FC7-4482-9EFA-5FEDA8DB59F7}
		{02FC8CE2-2CB3-41B6-8516-0A27B99708A9} = {D8102251-EA56-44F1-AD23-42FAF8EA478C}
		{C6DE0220-E31B-486B-AB57-107636AEB927} = {D8102251-EA56-44F1-AD23-42FAF8EA478C}
		{ACC8EC0A-83D2-442D-A418-739509C742D0} = {D8102251-EA56-44F1-AD23-42FAF8EA478C}
		{79D204AF-A604-4685-8247-B97E9D1CF440} = {D8102251-EA56-44F1-AD23-42FAF8EA478C}
		{A5AE3165-DDBE-4790-8F8B-DA42FBE1060A} = {EBB28437-7393-44EC-BB21-4EF3C08AE3C0}
		{E814A5DC-C15B-4BA4-AB7C-B7C9A34AC2FD} = {EBB28437-7393-44EC-BB21-4EF3C08AE3C0}
		{6F8B11CC-D60E-4822-84C3-AADFB6757BAE} = {EBB28437-7393-44EC-BB21-4EF3C08AE3C0}
		{A1EBF2C2-A0BC-4970-8FA3-7796D287152A} = {A5AE3165-DDBE-4790-8F8B-DA42FBE1060A}
		{3D3C0BEE-437E-487C-B9B3-46288AE933B9} = {A5AE3165-DDBE-4790-8F8B-DA42FBE1060A}
		{3B448E8C-E3EB-4E5A-AAF3-0A0D1793D6F4} = {A5AE3165-DDBE-4790-8F8B-DA42FBE1060A}
		{D44A04F1-98FA-48F4-B22C-925D4E47A051} = {A5AE3165-DDBE-4790-8F8B-DA42FBE1060A}
		{E725A5B4-A379-492F-89E3-3D8021376C3F} = {92CCB7ED-6B62-48E1-9C51-1EAA4B24269A}
		{C5E14E40-8E6F-458A-BDAB-CF2D5DF8FA6B} = {92CCB7ED-6B62-48E1-9C51-1EAA4B24269A}
		{2C539874-C74C-4ADE-9E7F-F694CD038EA5} = {92CCB7ED-6B62-48E1-9C51-1EAA4B24269A}
		{D9E0815E-1687-4A2E-A2FD-86CE6D0AE2C4} = {C5E14E40-8E6F-458A-BDAB-CF2D5DF8FA6B}
		{C2B20EFD-0147-4FF9-A7BD-86A40B78E83A} = {C5E14E40-8E6F-458A-BDAB-CF2D5DF8FA6B}
		{7B0C08BE-DA84-4A89-9C80-5385BF31AAC2} = {C5E14E40-8E6F-458A-BDAB-CF2D5DF8FA6B}
		{469F41F8-3223-4799-86AA-150A46B5877C} = {874CD462-CB88-496D-903B-C7ECD895C9B3}
		{6AC97717-899D-4F72-BC5B-2C37959CD4FF} = {874CD462-CB88-496D-903B-C7ECD895C9B3}
		{7195499F-52E7-403F-9244-67D752F3CCF7} = {874CD462-CB88-496D-903B-C7ECD895C9B3}
		{C02DB172-895B-4065-8F34-D47B146E1608} = {874CD462-CB88-496D-903B-C7ECD895C9B3}
		{BA6BBE25-09D1-47F8-9BAB-F0FF66AD0D70} = {469F41F8-3223-4799-86AA-150A46B5877C}
		{4804DAD4-EE9C-45E4-A151-DCDE6D06EB61} = {469F41F8-3223-4799-86AA-150A46B5877C}
		{5156E0A2-44CE-4FB7-8572-31CE7F5943F1} = {469F41F8-3223-4799-86AA-150A46B5877C}
		{EF011A0E-FE3C-4B95-90B2-0E56C4C88CED} = {469F41F8-3223-4799-86AA-150A46B5877C}
		{33128B8D-65A4-4528-B91E-12650C82CCB5} = {469F41F8-3223-4799-86AA-150A46B5877C}
		{FD64F6CD-11FD-4FBC-A9C5-CC3C832DCE5D} = {DA1E179C-DBD9-492C-8D44-2E6688F2D558}
		{E3B0409F-D063-4BC7-A46D-53CDA3BC1AB6} = {DA1E179C-DBD9-492C-8D44-2E6688F2D558}
		{2DB0AD6D-BF59-4EBB-9F99-49ABD8539FD2} = {DA1E179C-DBD9-492C-8D44-2E6688F2D558}
		{EC311AD3-0A26-4808-901B-A983E97E5790} = {DA1E179C-DBD9-492C-8D44-2E6688F2D558}
		{BC02B853-BE17-4A9B-B7DF-41DD5B4ADC27} = {DA1E179C-DBD9-492C-8D44-2E6688F2D558}
		{708C6E4C-1380-44A6-ABE9-0C25E633AD85} = {FD64F6CD-11FD-4FBC-A9C5-CC3C832DCE5D}
		{45FCDE6B-0F91-4B21-9D37-5782F5B0F9D3} = {FD64F6CD-11FD-4FBC-A9C5-CC3C832DCE5D}
		{5179BF96-3EDA-43DD-A636-D98E4C7BE7BC} = {FD64F6CD-11FD-4FBC-A9C5-CC3C832DCE5D}
		{B6F5E59A-93D5-4FD7-9667-14F0EF12B065} = {FD64F6CD-11FD-4FBC-A9C5-CC3C832DCE5D}
		{D5FBD8B9-B561-44B6-972E-3686EB4D0922} = {30D4D3FB-5ADC-43C1-BFF8-A16646B3910A}
		{06F06E84-9E3D-48F8-AD21-73222EED6463} = {30D4D3FB-5ADC-43C1-BFF8-A16646B3910A}
		{3E6129C8-18E4-410D-89FC-0DBBE6009FC5} = {30D4D3FB-5ADC-43C1-BFF8-A16646B3910A}
		{7B4756F2-1C10-42B2-B5D9-BAAF9B47612A} = {D5FBD8B9-B561-44B6-972E-3686EB4D0922}
		{EBCB52B8-C189-4958-9BB2-B7670BCB49FB} = {D5FBD8B9-B561-44B6-972E-3686EB4D0922}
		{127579AF-71E9-4366-9665-B2C4FFB64065} = {D5FBD8B9-B561-44B6-972E-3686EB4D0922}
		{37B1BE56-EF65-4012-A4A8-B14E27083E16} = {D5FBD8B9-B561-44B6-972E-3686EB4D0922}
	EndGlobalSection
	GlobalSection(TextTemplating) = postSolution
		TextTemplating = 1
	EndGlobalSection
EndGlobal
