
Microsoft Visual Studio Solution File, Format Version 12.00
# Visual Studio 2012
Project("{2150E333-8FDC-42A3-9474-1A3956D46DE8}") = "Core", "Core", "{F57E6A6D-0FC7-4482-9EFA-5FEDA8DB59F7}"
	ProjectSection(FolderStartupServices) = postProject
		{B4F97281-0DBD-4835-9ED8-7DFB966E87FF} = {B4F97281-0DBD-4835-9ED8-7DFB966E87FF}
	EndProjectSection
EndProject
Project("{2150E333-8FDC-42A3-9474-1A3956D46DE8}") = "Design", "Design", "{72E1502D-A7A8-44C0-9903-0DAE301D5FF4}"
	ProjectSection(FolderStartupServices) = postProject
		{B4F97281-0DBD-4835-9ED8-7DFB966E87FF} = {B4F97281-0DBD-4835-9ED8-7DFB966E87FF}
	EndProjectSection
EndProject
Project("{2150E333-8FDC-42A3-9474-1A3956D46DE8}") = "UnitTests", "UnitTests", "{D8102251-EA56-44F1-AD23-42FAF8EA478C}"
	ProjectSection(FolderStartupServices) = postProject
		{B4F97281-0DBD-4835-9ED8-7DFB966E87FF} = {B4F97281-0DBD-4835-9ED8-7DFB966E87FF}
	EndProjectSection
EndProject
Project("{2150E333-8FDC-42A3-9474-1A3956D46DE8}") = "Validation Application Block", "Validation Application Block", "{EBB28437-7393-44EC-BB21-4EF3C08AE3C0}"
	ProjectSection(FolderStartupServices) = postProject
		{B4F97281-0DBD-4835-9ED8-7DFB966E87FF} = {B4F97281-0DBD-4835-9ED8-7DFB966E87FF}
	EndProjectSection
EndProject
Project("{2150E333-8FDC-42A3-9474-1A3956D46DE8}") = "UnitTests", "UnitTests", "{A5AE3165-DDBE-4790-8F8B-DA42FBE1060A}"
	ProjectSection(FolderStartupServices) = postProject
		{B4F97281-0DBD-4835-9ED8-7DFB966E87FF} = {B4F97281-0DBD-4835-9ED8-7DFB966E87FF}
	EndProjectSection
EndProject
Project("{2150E333-8FDC-42A3-9474-1A3956D46DE8}") = "Data Access Application Block", "Data Access Application Block", "{D63C68DF-3AFE-4433-81F8-2153D161C029}"
	ProjectSection(FolderStartupServices) = postProject
		{B4F97281-0DBD-4835-9ED8-7DFB966E87FF} = {B4F97281-0DBD-4835-9ED8-7DFB966E87FF}
	EndProjectSection
EndProject
Project("{2150E333-8FDC-42A3-9474-1A3956D46DE8}") = "UnitTests", "UnitTests", "{AC321EDA-C130-47A4-B0E7-DBB6B7E560EC}"
	ProjectSection(FolderStartupServices) = postProject
		{B4F97281-0DBD-4835-9ED8-7DFB966E87FF} = {B4F97281-0DBD-4835-9ED8-7DFB966E87FF}
	EndProjectSection
EndProject
Project("{2150E333-8FDC-42A3-9474-1A3956D46DE8}") = "Logging Application Block", "Logging Application Block", "{1F70275F-7058-4456-8FDB-B9168903F671}"
	ProjectSection(FolderStartupServices) = postProject
		{B4F97281-0DBD-4835-9ED8-7DFB966E87FF} = {B4F97281-0DBD-4835-9ED8-7DFB966E87FF}
	EndProjectSection
EndProject
Project("{2150E333-8FDC-42A3-9474-1A3956D46DE8}") = "UnitTests", "UnitTests", "{005550C0-0086-4B26-BA26-06445D3F79AD}"
	ProjectSection(FolderStartupServices) = postProject
		{B4F97281-0DBD-4835-9ED8-7DFB966E87FF} = {B4F97281-0DBD-4835-9ED8-7DFB966E87FF}
	EndProjectSection
EndProject
Project("{2150E333-8FDC-42A3-9474-1A3956D46DE8}") = "Exception Handling Application Block", "Exception Handling Application Block", "{BA30BD64-7E40-4022-8BF2-6E9822964491}"
	ProjectSection(FolderStartupServices) = postProject
		{B4F97281-0DBD-4835-9ED8-7DFB966E87FF} = {B4F97281-0DBD-4835-9ED8-7DFB966E87FF}
	EndProjectSection
EndProject
Project("{2150E333-8FDC-42A3-9474-1A3956D46DE8}") = "UnitTests", "UnitTests", "{AD68682B-01A5-478E-A285-2A56A40367A6}"
	ProjectSection(FolderStartupServices) = postProject
		{B4F97281-0DBD-4835-9ED8-7DFB966E87FF} = {B4F97281-0DBD-4835-9ED8-7DFB966E87FF}
	EndProjectSection
EndProject
Project("{2150E333-8FDC-42A3-9474-1A3956D46DE8}") = "Policy Injection Application Block", "Policy Injection Application Block", "{5C581318-1C04-4232-9F94-4A43F75FB93F}"
	ProjectSection(FolderStartupServices) = postProject
		{B4F97281-0DBD-4835-9ED8-7DFB966E87FF} = {B4F97281-0DBD-4835-9ED8-7DFB966E87FF}
	EndProjectSection
EndProject
Project("{2150E333-8FDC-42A3-9474-1A3956D46DE8}") = "UnitTests", "UnitTests", "{C48EF765-06A2-4570-AB91-A6D5E5F4C854}"
	ProjectSection(FolderStartupServices) = postProject
		{B4F97281-0DBD-4835-9ED8-7DFB966E87FF} = {B4F97281-0DBD-4835-9ED8-7DFB966E87FF}
	EndProjectSection
EndProject
Project("{2150E333-8FDC-42A3-9474-1A3956D46DE8}") = "Solution Items", "Solution Items", "{8D9957D1-1802-4FC8-98EF-9B46FB64E79F}"
	ProjectSection(SolutionItems) = preProject
		test.exe.config = test.exe.config
	EndProjectSection
	ProjectSection(FolderStartupServices) = postProject
		{B4F97281-0DBD-4835-9ED8-7DFB966E87FF} = {B4F97281-0DBD-4835-9ED8-7DFB966E87FF}
	EndProjectSection
EndProject
Project("{FAE04EC0-301F-11D3-BF4B-00C04F79EFBC}") = "Common", "Common\Src\Common.csproj", "{A09297C8-2C40-470B-8856-D856676DDFFA}"
EndProject
Project("{FAE04EC0-301F-11D3-BF4B-00C04F79EFBC}") = "Validation", "Validation\Src\Validation\Validation.csproj", "{E814A5DC-C15B-4BA4-AB7C-B7C9A34AC2FD}"
EndProject
Project("{FAE04EC0-301F-11D3-BF4B-00C04F79EFBC}") = "Validation.Tests.VSTS", "Validation\Tests\Validation.Tests\Validation.Tests.VSTS.csproj", "{A1EBF2C2-A0BC-4970-8FA3-7796D287152A}"
EndProject
Project("{FAE04EC0-301F-11D3-BF4B-00C04F79EFBC}") = "Validation.Integration.WinForms", "Validation\Src\Validation.WinForms\Validation.Integration.WinForms.csproj", "{30E03786-66F1-4F4E-A5C9-3162851D21BD}"
EndProject
Project("{FAE04EC0-301F-11D3-BF4B-00C04F79EFBC}") = "Validation.Integration.WinForms.Tests.VSTS", "Validation\Tests\Integration.WinForms.Tests\Validation.Integration.WinForms.Tests.VSTS.csproj", "{B29D0579-A72E-4B82-A376-342176AF5475}"
EndProject
Project("{FAE04EC0-301F-11D3-BF4B-00C04F79EFBC}") = "Validation.Integration.AspNet", "Validation\Src\Validation.AspNet\Validation.Integration.AspNet.csproj", "{5E66DD34-3ABB-48F7-AF8E-1F6D1C41FB9B}"
EndProject
Project("{FAE04EC0-301F-11D3-BF4B-00C04F79EFBC}") = "Validation.Integration.AspNet.Tests.VSTS", "Validation\Tests\Integration.AspNet.Tests\Validation.Integration.AspNet.Tests.VSTS.csproj", "{09F316EC-2F5F-48C9-9EBE-90E4705E6F09}"
EndProject
Project("{E24C65DC-7377-472B-9ABA-BC803B73C61A}") = "Web", "Validation\Tests\Integration.AspNet.Tests.Web\Web", "{7229C7C8-FEF5-481D-82D9-660D5D6804B4}"
	ProjectSection(WebsiteProperties) = preProject
	TargetFrameworkMoniker = ".NETFramework,Version%3Dv4.5"
		ProjectReferences = "{E814A5DC-C15B-4BA4-AB7C-B7C9A34AC2FD}|Microsoft.Practices.EnterpriseLibrary.Validation.dll;{5E66DD34-3ABB-48F7-AF8E-1F6D1C41FB9B}|Microsoft.Practices.EnterpriseLibrary.Validation.Integration.AspNet.dll;{A09297C8-2C40-470B-8856-D856676DDFFA}|Microsoft.Practices.EnterpriseLibrary.Common.dll;{C6DE0220-E31B-486B-AB57-107636AEB927}|Microsoft.Practices.EnterpriseLibrary.Common.TestSupport.dll;{3D3C0BEE-437E-487C-B9B3-46288AE933B9}|Microsoft.Practices.EnterpriseLibrary.Validation.TestSupport.dll;"
		Debug.AspNetCompiler.VirtualPath = "/Web"
		Debug.AspNetCompiler.PhysicalPath = "Validation\Tests\Integration.AspNet.Tests.Web\Web\"
		Debug.AspNetCompiler.TargetPath = "PrecompiledWeb\Web\"
		Debug.AspNetCompiler.Updateable = "true"
		Debug.AspNetCompiler.ForceOverwrite = "true"
		Debug.AspNetCompiler.FixedNames = "false"
		Debug.AspNetCompiler.Debug = "True"
		Release.AspNetCompiler.VirtualPath = "/Web"
		Release.AspNetCompiler.PhysicalPath = "Validation\Tests\Integration.AspNet.Tests.Web\Web\"
		Release.AspNetCompiler.TargetPath = "PrecompiledWeb\Web\"
		Release.AspNetCompiler.Updateable = "true"
		Release.AspNetCompiler.ForceOverwrite = "true"
		Release.AspNetCompiler.FixedNames = "false"
		Release.AspNetCompiler.Debug = "False"
		VWDPort = "47699"
	EndProjectSection
EndProject
Project("{FAE04EC0-301F-11D3-BF4B-00C04F79EFBC}") = "Data", "Data\Src\Data\Data.csproj", "{D349B6D8-992F-443F-BB57-57E50DD98794}"
EndProject
Project("{FAE04EC0-301F-11D3-BF4B-00C04F79EFBC}") = "Data.Tests.VSTS", "Data\Tests\Data.Tests\Data.Tests.VSTS.csproj", "{C10AAE86-F79E-430E-A5A4-FCDB9BB54AB0}"
EndProject
Project("{FAE04EC0-301F-11D3-BF4B-00C04F79EFBC}") = "Logging", "Logging\Src\Logging\Logging.csproj", "{6AC97717-899D-4F72-BC5B-2C37959CD4FF}"
EndProject
Project("{FAE04EC0-301F-11D3-BF4B-00C04F79EFBC}") = "Logging.Database", "Logging\Src\DatabaseTraceListener\Logging.Database.csproj", "{5DC01A57-1DB2-48B9-AEB3-2BFAE9089FD7}"
EndProject
Project("{FAE04EC0-301F-11D3-BF4B-00C04F79EFBC}") = "Logging.MsmqDistributor", "Logging\Src\MsmqDistributor\Logging.MsmqDistributor.csproj", "{808F5173-C16B-4599-9C2C-9A704A6BD59C}"
EndProject
Project("{FAE04EC0-301F-11D3-BF4B-00C04F79EFBC}") = "Logging.Tests.VSTS", "Logging\Tests\Logging\Logging.Tests.VSTS.csproj", "{4804DAD4-EE9C-45E4-A151-DCDE6D06EB61}"
EndProject
Project("{FAE04EC0-301F-11D3-BF4B-00C04F79EFBC}") = "Logging.Database.Tests.VSTS", "Logging\Tests\DatabaseTraceListener\Logging.Database.Tests.VSTS.csproj", "{E0717C5B-A386-4296-AC23-20A0242CEFE8}"
EndProject
Project("{FAE04EC0-301F-11D3-BF4B-00C04F79EFBC}") = "Logging.MsmqDistributor.Tests.VSTS", "Logging\Tests\MsmqDistributor\Logging.MsmqDistributor.Tests.VSTS.csproj", "{B2B1B817-E31B-4696-8F84-93296F170E22}"
EndProject
Project("{FAE04EC0-301F-11D3-BF4B-00C04F79EFBC}") = "ExceptionHandling", "ExceptionHandling\Src\ExceptionHandling\ExceptionHandling.csproj", "{2DB0AD6D-BF59-4EBB-9F99-49ABD8539FD2}"
EndProject
Project("{FAE04EC0-301F-11D3-BF4B-00C04F79EFBC}") = "ExceptionHandling.Logging", "ExceptionHandling\Src\Logging\ExceptionHandling.Logging.csproj", "{EC311AD3-0A26-4808-901B-A983E97E5790}"
EndProject
Project("{FAE04EC0-301F-11D3-BF4B-00C04F79EFBC}") = "ExceptionHandling.Logging.Tests.VSTS", "ExceptionHandling\Tests\Logging\ExceptionHandling.Logging.Tests.VSTS.csproj", "{5179BF96-3EDA-43DD-A636-D98E4C7BE7BC}"
EndProject
Project("{FAE04EC0-301F-11D3-BF4B-00C04F79EFBC}") = "ExceptionHandling.Tests.VSTS", "ExceptionHandling\Tests\ExceptionHandling\ExceptionHandling.Tests.VSTS.csproj", "{708C6E4C-1380-44A6-ABE9-0C25E633AD85}"
EndProject
Project("{FAE04EC0-301F-11D3-BF4B-00C04F79EFBC}") = "PolicyInjection", "PolicyInjection\Src\PolicyInjection\PolicyInjection.csproj", "{3E6129C8-18E4-410D-89FC-0DBBE6009FC5}"
EndProject
Project("{FAE04EC0-301F-11D3-BF4B-00C04F79EFBC}") = "PolicyInjection.Tests.VSTS", "PolicyInjection\Tests\PolicyInjection\PolicyInjection.Tests.VSTS.csproj", "{37B1BE56-EF65-4012-A4A8-B14E27083E16}"
EndProject
Project("{FAE04EC0-301F-11D3-BF4B-00C04F79EFBC}") = "PolicyInjection.CallHandlers.Tests.VSTS", "PolicyInjection\Tests\CallHandlers\PolicyInjection.CallHandlers.Tests.VSTS.csproj", "{36D93DB7-1E3D-4322-AF2A-BE839E961BB3}"
EndProject
Project("{FAE04EC0-301F-11D3-BF4B-00C04F79EFBC}") = "Common.Tests.VSTS", "Common\Tests\Common\Common.Tests.VSTS.csproj", "{02FC8CE2-2CB3-41B6-8516-0A27B99708A9}"
EndProject
Project("{FAE04EC0-301F-11D3-BF4B-00C04F79EFBC}") = "Configuration.Console", "Configuration\Src\Console\Configuration.Console.csproj", "{241CC28C-B5B3-4F9F-A8CA-A85BB0F52D23}"
EndProject
Project("{FAE04EC0-301F-11D3-BF4B-00C04F79EFBC}") = "Configuration.Design", "Configuration\Src\Design\Configuration.Design.csproj", "{C7E21FE1-53B4-4355-AB4A-834DA21B2607}"
EndProject
Project("{FAE04EC0-301F-11D3-BF4B-00C04F79EFBC}") = "Configuration.EnvironmentalOverrides", "Configuration\Src\EnvironmentalOverrides\Configuration.EnvironmentalOverrides.csproj", "{9CC92B51-39D9-4622-BE1D-57257C894FA7}"
EndProject
Project("{FAE04EC0-301F-11D3-BF4B-00C04F79EFBC}") = "ExceptionHandling.WCF", "ExceptionHandling\Src\WCF\ExceptionHandling.WCF.csproj", "{90CBF2D3-767E-4E3C-AF8C-AB3E5F17BE18}"
EndProject
Project("{FAE04EC0-301F-11D3-BF4B-00C04F79EFBC}") = "ExceptionHandling.WCF.Tests.VSTS", "ExceptionHandling\Tests\WCF\ExceptionHandling.WCF.Tests.VSTS.csproj", "{F703A7CA-B0BB-4EA2-B918-E7BC05C52CD7}"
EndProject
Project("{FAE04EC0-301F-11D3-BF4B-00C04F79EFBC}") = "Validation.Integration.WCF", "Validation\Src\Validation.WCF\Validation.Integration.WCF.csproj", "{891598C1-97B6-4703-B8DF-37024649482F}"
EndProject
Project("{FAE04EC0-301F-11D3-BF4B-00C04F79EFBC}") = "Validation.Integration.WCF.Tests.VSTS", "Validation\Tests\Integration.WCF.Tests\Validation.Integration.WCF.Tests.VSTS.csproj", "{2364A790-3FEF-4CBC-B0DE-A6C9FD9922F4}"
EndProject
Project("{FAE04EC0-301F-11D3-BF4B-00C04F79EFBC}") = "Data.SqlCe", "Data\Src\SqlCe\Data.SqlCe.csproj", "{14DD9908-BB61-4402-810A-4C8A999163A9}"
EndProject
Project("{FAE04EC0-301F-11D3-BF4B-00C04F79EFBC}") = "Data.SqlCe.Tests.VSTS", "Data\Tests\SqlCe.Tests\Data.SqlCe.Tests.VSTS.csproj", "{16D47884-153E-4A57-84F4-54115558CEEC}"
EndProject
Project("{FAE04EC0-301F-11D3-BF4B-00C04F79EFBC}") = "Common.TestSupport", "Common\Tests\Common.TestSupport\Common.TestSupport.csproj", "{C6DE0220-E31B-486B-AB57-107636AEB927}"
EndProject
Project("{FAE04EC0-301F-11D3-BF4B-00C04F79EFBC}") = "PolicyInjection.TestSupport", "PolicyInjection\Tests\PolicyInjection.TestSupport\PolicyInjection.TestSupport.csproj", "{EBCB52B8-C189-4958-9BB2-B7670BCB49FB}"
EndProject
Project("{FAE04EC0-301F-11D3-BF4B-00C04F79EFBC}") = "Validation.TestSupport", "Validation\Tests\Validation.TestSupport\Validation.TestSupport.csproj", "{3D3C0BEE-437E-487C-B9B3-46288AE933B9}"
EndProject
Project("{FAE04EC0-301F-11D3-BF4B-00C04F79EFBC}") = "Logging.TestSupport", "Logging\Tests\Logging.TestSupport\Logging.TestSupport.csproj", "{BA6BBE25-09D1-47F8-9BAB-F0FF66AD0D70}"
EndProject
Project("{FAE04EC0-301F-11D3-BF4B-00C04F79EFBC}") = "Data.TestSupport", "Data\Tests\Data.TestSupport\Data.TestSupport.csproj", "{5D9A30BB-5CC0-46F3-BD4B-828FC6270323}"
EndProject
Project("{FAE04EC0-301F-11D3-BF4B-00C04F79EFBC}") = "Oracle.Tests.VSTS", "Data\Tests\Oracle.Tests.VSTS\Oracle.Tests.VSTS.csproj", "{8258FB05-E92F-428E-AB48-86D7E3F5FE43}"
EndProject
Project("{FAE04EC0-301F-11D3-BF4B-00C04F79EFBC}") = "Validation.Integration.WPF", "Validation\Src\Validation.Integration.WPF\Validation.Integration.WPF.csproj", "{F2B37E3C-5C7C-468A-8497-AD0A13A1005B}"
EndProject
Project("{FAE04EC0-301F-11D3-BF4B-00C04F79EFBC}") = "Configuration.EnvironmentalOverrides.Console", "Configuration\Src\EnvironmentalOverrides.Console\Configuration.EnvironmentalOverrides.Console.csproj", "{85032C2A-91D2-40C8-BE83-D7002FE58AC7}"
EndProject
Project("{2150E333-8FDC-42A3-9474-1A3956D46DE8}") = "Transient Fault Handling Application Block", "Transient Fault Handling Application Block", "{4D23CB21-B917-4487-9794-4C467FDAA862}"
EndProject
Project("{2150E333-8FDC-42A3-9474-1A3956D46DE8}") = "UnitTests", "UnitTests", "{52EDBD26-8878-48F7-991A-F4B9216AE3A3}"
EndProject
Project("{2150E333-8FDC-42A3-9474-1A3956D46DE8}") = ".nuget", ".nuget", "{DB0D802F-1170-45EB-BF1F-1516ACBE23E2}"
	ProjectSection(SolutionItems) = preProject
		.nuget\NuGet.Config = .nuget\NuGet.Config
		.nuget\NuGet.targets = .nuget\NuGet.targets
	EndProjectSection
EndProject
Project("{FAE04EC0-301F-11D3-BF4B-00C04F79EFBC}") = "TransientFaultHandling", "TransientFaultHandling\Source\TransientFaultHandling\TransientFaultHandling.csproj", "{E7A6F876-1FA6-45A8-898C-9EE3D33440CC}"
EndProject
Project("{FAE04EC0-301F-11D3-BF4B-00C04F79EFBC}") = "TransientFaultHandling.Data", "TransientFaultHandling\Source\TransientFaultHandling.Data\TransientFaultHandling.Data.csproj", "{373B9B52-66D1-406D-B2B3-43C370804AD3}"
EndProject
Project("{FAE04EC0-301F-11D3-BF4B-00C04F79EFBC}") = "TransientFaultHandling.Caching", "TransientFaultHandling\Source\TransientFaultHandling.Caching\TransientFaultHandling.Caching.csproj", "{694F23B5-C150-4965-B3BB-9906B2245019}"
EndProject
Project("{FAE04EC0-301F-11D3-BF4B-00C04F79EFBC}") = "TransientFaultHandling.ServiceBus", "TransientFaultHandling\Source\TransientFaultHandling.ServiceBus\TransientFaultHandling.ServiceBus.csproj", "{939E2D99-434C-49A7-96CA-372D78FA0D7C}"
EndProject
Project("{FAE04EC0-301F-11D3-BF4B-00C04F79EFBC}") = "TransientFaultHandling.WindowsAzure.Storage", "TransientFaultHandling\Source\TransientFaultHandling.WindowsAzure.Storage\TransientFaultHandling.WindowsAzure.Storage.csproj", "{3D1F8654-BA08-472E-9A5D-F2D1EEE59134}"
EndProject
Project("{FAE04EC0-301F-11D3-BF4B-00C04F79EFBC}") = "TransientFaultHandling.Configuration", "TransientFaultHandling\Source\TransientFaultHandling.Configuration\TransientFaultHandling.Configuration.csproj", "{F1FA20FB-5634-41B8-8196-14589DF98684}"
EndProject
Project("{FAE04EC0-301F-11D3-BF4B-00C04F79EFBC}") = "TransientFaultHandling.TestSupport", "TransientFaultHandling\Tests\TransientFaultHandling.TestSupport\TransientFaultHandling.TestSupport.csproj", "{BF660C02-400E-4230-B8F1-9AB48B164EFF}"
EndProject
Project("{FAE04EC0-301F-11D3-BF4B-00C04F79EFBC}") = "TransientFaultHandling.Core.Tests", "TransientFaultHandling\Tests\TransientFaultHandling.Core.Tests\TransientFaultHandling.Core.Tests.csproj", "{A954B853-8B69-401B-BE1E-F9984AF68BC0}"
EndProject
Project("{FAE04EC0-301F-11D3-BF4B-00C04F79EFBC}") = "TransientFaultHandling.Tests", "TransientFaultHandling\Tests\TransientFaultHandling.Tests\TransientFaultHandling.Tests.csproj", "{851D1031-8E5C-40F7-9D4C-CEE71BCD82A8}"
EndProject
Project("{FAE04EC0-301F-11D3-BF4B-00C04F79EFBC}") = "Validation.Integration.WPF.Tests.VSTS", "Validation\Tests\Integration.WPF.Tests\Validation.Integration.WPF.Tests.VSTS.csproj", "{18B678FE-E8BB-4B8B-B152-44D94BE5EB7B}"
EndProject
Project("{2150E333-8FDC-42A3-9474-1A3956D46DE8}") = "Semantic Logging Application Block", "Semantic Logging Application Block", "{C764AAB6-7784-4D70-8114-AD6EC541729E}"
EndProject
Project("{FAE04EC0-301F-11D3-BF4B-00C04F79EFBC}") = "SemanticLogging", "SemanticLogging\Src\SemanticLogging\SemanticLogging.csproj", "{2CD4105B-0DD6-4C18-9B37-05D8E8F57303}"
EndProject
Project("{FAE04EC0-301F-11D3-BF4B-00C04F79EFBC}") = "SemanticLogging.Database", "SemanticLogging\Src\SemanticLogging.Database\SemanticLogging.Database.csproj", "{AC34C8E7-2A5B-412C-AFF7-CF7F52EE4569}"
EndProject
Project("{FAE04EC0-301F-11D3-BF4B-00C04F79EFBC}") = "SemanticLogging.Etw", "SemanticLogging\Src\SemanticLogging.Etw\SemanticLogging.Etw.csproj", "{8440AEA2-CD55-42A0-8724-2ECCE2B32374}"
EndProject
Project("{FAE04EC0-301F-11D3-BF4B-00C04F79EFBC}") = "SemanticLogging.Etw.WindowsService", "SemanticLogging\Src\SemanticLogging.Etw.WindowsService\SemanticLogging.Etw.WindowsService.csproj", "{0EBF89E7-D2B2-4968-BC17-0DA066029C46}"
EndProject
Project("{FAE04EC0-301F-11D3-BF4B-00C04F79EFBC}") = "SemanticLogging.WindowsAzure", "SemanticLogging\Src\SemanticLogging.WindowsAzure\SemanticLogging.WindowsAzure.csproj", "{D7979E9B-7978-48FE-B345-3C767A20F9A1}"
EndProject
Project("{FAE04EC0-301F-11D3-BF4B-00C04F79EFBC}") = "TraceEvent", "SemanticLogging\Src\TraceEvent1.2.7\TraceEvent.csproj", "{B68F4968-A7CF-41CC-AD6E-373DB5E67944}"
EndProject
Project("{2150E333-8FDC-42A3-9474-1A3956D46DE8}") = "UnitTests", "UnitTests", "{557F4B70-BFA9-4238-B18B-3E021635F266}"
EndProject
Project("{FAE04EC0-301F-11D3-BF4B-00C04F79EFBC}") = "SemanticLogging.Tests", "SemanticLogging\Tests\SemanticLogging.Tests\SemanticLogging.Tests.csproj", "{1735E7F3-65BA-4E29-B319-6C2CA03659D1}"
EndProject
Global
	GlobalSection(SolutionConfigurationPlatforms) = preSolution
		Debug|.NET = Debug|.NET
		Debug|Any CPU = Debug|Any CPU
		Debug|Mixed Platforms = Debug|Mixed Platforms
		Release|.NET = Release|.NET
		Release|Any CPU = Release|Any CPU
		Release|Mixed Platforms = Release|Mixed Platforms
	EndGlobalSection
	GlobalSection(ProjectConfigurationPlatforms) = postSolution
		{A09297C8-2C40-470B-8856-D856676DDFFA}.Debug|.NET.ActiveCfg = Debug|Any CPU
		{A09297C8-2C40-470B-8856-D856676DDFFA}.Debug|Any CPU.ActiveCfg = Debug|Any CPU
		{A09297C8-2C40-470B-8856-D856676DDFFA}.Debug|Any CPU.Build.0 = Debug|Any CPU
		{A09297C8-2C40-470B-8856-D856676DDFFA}.Debug|Mixed Platforms.ActiveCfg = Debug|Any CPU
		{A09297C8-2C40-470B-8856-D856676DDFFA}.Debug|Mixed Platforms.Build.0 = Debug|Any CPU
		{A09297C8-2C40-470B-8856-D856676DDFFA}.Release|.NET.ActiveCfg = Release|Any CPU
		{A09297C8-2C40-470B-8856-D856676DDFFA}.Release|Any CPU.ActiveCfg = Release|Any CPU
		{A09297C8-2C40-470B-8856-D856676DDFFA}.Release|Any CPU.Build.0 = Release|Any CPU
		{A09297C8-2C40-470B-8856-D856676DDFFA}.Release|Mixed Platforms.ActiveCfg = Release|Any CPU
		{A09297C8-2C40-470B-8856-D856676DDFFA}.Release|Mixed Platforms.Build.0 = Release|Any CPU
		{E814A5DC-C15B-4BA4-AB7C-B7C9A34AC2FD}.Debug|.NET.ActiveCfg = Debug|Any CPU
		{E814A5DC-C15B-4BA4-AB7C-B7C9A34AC2FD}.Debug|Any CPU.ActiveCfg = Debug|Any CPU
		{E814A5DC-C15B-4BA4-AB7C-B7C9A34AC2FD}.Debug|Any CPU.Build.0 = Debug|Any CPU
		{E814A5DC-C15B-4BA4-AB7C-B7C9A34AC2FD}.Debug|Mixed Platforms.ActiveCfg = Debug|Any CPU
		{E814A5DC-C15B-4BA4-AB7C-B7C9A34AC2FD}.Debug|Mixed Platforms.Build.0 = Debug|Any CPU
		{E814A5DC-C15B-4BA4-AB7C-B7C9A34AC2FD}.Release|.NET.ActiveCfg = Release|Any CPU
		{E814A5DC-C15B-4BA4-AB7C-B7C9A34AC2FD}.Release|Any CPU.ActiveCfg = Release|Any CPU
		{E814A5DC-C15B-4BA4-AB7C-B7C9A34AC2FD}.Release|Any CPU.Build.0 = Release|Any CPU
		{E814A5DC-C15B-4BA4-AB7C-B7C9A34AC2FD}.Release|Mixed Platforms.ActiveCfg = Release|Any CPU
		{E814A5DC-C15B-4BA4-AB7C-B7C9A34AC2FD}.Release|Mixed Platforms.Build.0 = Release|Any CPU
		{A1EBF2C2-A0BC-4970-8FA3-7796D287152A}.Debug|.NET.ActiveCfg = Debug|Any CPU
		{A1EBF2C2-A0BC-4970-8FA3-7796D287152A}.Debug|Any CPU.ActiveCfg = Debug|Any CPU
		{A1EBF2C2-A0BC-4970-8FA3-7796D287152A}.Debug|Any CPU.Build.0 = Debug|Any CPU
		{A1EBF2C2-A0BC-4970-8FA3-7796D287152A}.Debug|Mixed Platforms.ActiveCfg = Debug|Any CPU
		{A1EBF2C2-A0BC-4970-8FA3-7796D287152A}.Debug|Mixed Platforms.Build.0 = Debug|Any CPU
		{A1EBF2C2-A0BC-4970-8FA3-7796D287152A}.Release|.NET.ActiveCfg = Release|Any CPU
		{A1EBF2C2-A0BC-4970-8FA3-7796D287152A}.Release|Any CPU.ActiveCfg = Release|Any CPU
		{A1EBF2C2-A0BC-4970-8FA3-7796D287152A}.Release|Any CPU.Build.0 = Release|Any CPU
		{A1EBF2C2-A0BC-4970-8FA3-7796D287152A}.Release|Mixed Platforms.ActiveCfg = Release|Any CPU
		{A1EBF2C2-A0BC-4970-8FA3-7796D287152A}.Release|Mixed Platforms.Build.0 = Release|Any CPU
		{30E03786-66F1-4F4E-A5C9-3162851D21BD}.Debug|.NET.ActiveCfg = Debug|Any CPU
		{30E03786-66F1-4F4E-A5C9-3162851D21BD}.Debug|Any CPU.ActiveCfg = Debug|Any CPU
		{30E03786-66F1-4F4E-A5C9-3162851D21BD}.Debug|Any CPU.Build.0 = Debug|Any CPU
		{30E03786-66F1-4F4E-A5C9-3162851D21BD}.Debug|Mixed Platforms.ActiveCfg = Debug|Any CPU
		{30E03786-66F1-4F4E-A5C9-3162851D21BD}.Debug|Mixed Platforms.Build.0 = Debug|Any CPU
		{30E03786-66F1-4F4E-A5C9-3162851D21BD}.Release|.NET.ActiveCfg = Release|Any CPU
		{30E03786-66F1-4F4E-A5C9-3162851D21BD}.Release|Any CPU.ActiveCfg = Release|Any CPU
		{30E03786-66F1-4F4E-A5C9-3162851D21BD}.Release|Any CPU.Build.0 = Release|Any CPU
		{30E03786-66F1-4F4E-A5C9-3162851D21BD}.Release|Mixed Platforms.ActiveCfg = Release|Any CPU
		{30E03786-66F1-4F4E-A5C9-3162851D21BD}.Release|Mixed Platforms.Build.0 = Release|Any CPU
		{B29D0579-A72E-4B82-A376-342176AF5475}.Debug|.NET.ActiveCfg = Debug|Any CPU
		{B29D0579-A72E-4B82-A376-342176AF5475}.Debug|Any CPU.ActiveCfg = Debug|Any CPU
		{B29D0579-A72E-4B82-A376-342176AF5475}.Debug|Any CPU.Build.0 = Debug|Any CPU
		{B29D0579-A72E-4B82-A376-342176AF5475}.Debug|Mixed Platforms.ActiveCfg = Debug|Any CPU
		{B29D0579-A72E-4B82-A376-342176AF5475}.Debug|Mixed Platforms.Build.0 = Debug|Any CPU
		{B29D0579-A72E-4B82-A376-342176AF5475}.Release|.NET.ActiveCfg = Release|Any CPU
		{B29D0579-A72E-4B82-A376-342176AF5475}.Release|Any CPU.ActiveCfg = Release|Any CPU
		{B29D0579-A72E-4B82-A376-342176AF5475}.Release|Any CPU.Build.0 = Release|Any CPU
		{B29D0579-A72E-4B82-A376-342176AF5475}.Release|Mixed Platforms.ActiveCfg = Release|Any CPU
		{B29D0579-A72E-4B82-A376-342176AF5475}.Release|Mixed Platforms.Build.0 = Release|Any CPU
		{5E66DD34-3ABB-48F7-AF8E-1F6D1C41FB9B}.Debug|.NET.ActiveCfg = Debug|Any CPU
		{5E66DD34-3ABB-48F7-AF8E-1F6D1C41FB9B}.Debug|Any CPU.ActiveCfg = Debug|Any CPU
		{5E66DD34-3ABB-48F7-AF8E-1F6D1C41FB9B}.Debug|Any CPU.Build.0 = Debug|Any CPU
		{5E66DD34-3ABB-48F7-AF8E-1F6D1C41FB9B}.Debug|Mixed Platforms.ActiveCfg = Debug|Any CPU
		{5E66DD34-3ABB-48F7-AF8E-1F6D1C41FB9B}.Debug|Mixed Platforms.Build.0 = Debug|Any CPU
		{5E66DD34-3ABB-48F7-AF8E-1F6D1C41FB9B}.Release|.NET.ActiveCfg = Release|Any CPU
		{5E66DD34-3ABB-48F7-AF8E-1F6D1C41FB9B}.Release|Any CPU.ActiveCfg = Release|Any CPU
		{5E66DD34-3ABB-48F7-AF8E-1F6D1C41FB9B}.Release|Any CPU.Build.0 = Release|Any CPU
		{5E66DD34-3ABB-48F7-AF8E-1F6D1C41FB9B}.Release|Mixed Platforms.ActiveCfg = Release|Any CPU
		{5E66DD34-3ABB-48F7-AF8E-1F6D1C41FB9B}.Release|Mixed Platforms.Build.0 = Release|Any CPU
		{09F316EC-2F5F-48C9-9EBE-90E4705E6F09}.Debug|.NET.ActiveCfg = Debug|Any CPU
		{09F316EC-2F5F-48C9-9EBE-90E4705E6F09}.Debug|Any CPU.ActiveCfg = Debug|Any CPU
		{09F316EC-2F5F-48C9-9EBE-90E4705E6F09}.Debug|Any CPU.Build.0 = Debug|Any CPU
		{09F316EC-2F5F-48C9-9EBE-90E4705E6F09}.Debug|Mixed Platforms.ActiveCfg = Debug|Any CPU
		{09F316EC-2F5F-48C9-9EBE-90E4705E6F09}.Debug|Mixed Platforms.Build.0 = Debug|Any CPU
		{09F316EC-2F5F-48C9-9EBE-90E4705E6F09}.Release|.NET.ActiveCfg = Release|Any CPU
		{09F316EC-2F5F-48C9-9EBE-90E4705E6F09}.Release|Any CPU.ActiveCfg = Release|Any CPU
		{09F316EC-2F5F-48C9-9EBE-90E4705E6F09}.Release|Any CPU.Build.0 = Release|Any CPU
		{09F316EC-2F5F-48C9-9EBE-90E4705E6F09}.Release|Mixed Platforms.ActiveCfg = Release|Any CPU
		{09F316EC-2F5F-48C9-9EBE-90E4705E6F09}.Release|Mixed Platforms.Build.0 = Release|Any CPU
		{7229C7C8-FEF5-481D-82D9-660D5D6804B4}.Debug|.NET.ActiveCfg = Debug|Any CPU
		{7229C7C8-FEF5-481D-82D9-660D5D6804B4}.Debug|Any CPU.ActiveCfg = Debug|Any CPU
		{7229C7C8-FEF5-481D-82D9-660D5D6804B4}.Debug|Any CPU.Build.0 = Debug|Any CPU
		{7229C7C8-FEF5-481D-82D9-660D5D6804B4}.Debug|Mixed Platforms.ActiveCfg = Debug|Any CPU
		{7229C7C8-FEF5-481D-82D9-660D5D6804B4}.Debug|Mixed Platforms.Build.0 = Debug|Any CPU
		{7229C7C8-FEF5-481D-82D9-660D5D6804B4}.Release|.NET.ActiveCfg = Debug|Any CPU
		{7229C7C8-FEF5-481D-82D9-660D5D6804B4}.Release|Any CPU.ActiveCfg = Debug|Any CPU
		{7229C7C8-FEF5-481D-82D9-660D5D6804B4}.Release|Any CPU.Build.0 = Debug|Any CPU
		{7229C7C8-FEF5-481D-82D9-660D5D6804B4}.Release|Mixed Platforms.ActiveCfg = Debug|Any CPU
		{7229C7C8-FEF5-481D-82D9-660D5D6804B4}.Release|Mixed Platforms.Build.0 = Debug|Any CPU
		{D349B6D8-992F-443F-BB57-57E50DD98794}.Debug|.NET.ActiveCfg = Debug|Any CPU
		{D349B6D8-992F-443F-BB57-57E50DD98794}.Debug|Any CPU.ActiveCfg = Debug|Any CPU
		{D349B6D8-992F-443F-BB57-57E50DD98794}.Debug|Any CPU.Build.0 = Debug|Any CPU
		{D349B6D8-992F-443F-BB57-57E50DD98794}.Debug|Mixed Platforms.ActiveCfg = Debug|Any CPU
		{D349B6D8-992F-443F-BB57-57E50DD98794}.Debug|Mixed Platforms.Build.0 = Debug|Any CPU
		{D349B6D8-992F-443F-BB57-57E50DD98794}.Release|.NET.ActiveCfg = Release|Any CPU
		{D349B6D8-992F-443F-BB57-57E50DD98794}.Release|Any CPU.ActiveCfg = Release|Any CPU
		{D349B6D8-992F-443F-BB57-57E50DD98794}.Release|Any CPU.Build.0 = Release|Any CPU
		{D349B6D8-992F-443F-BB57-57E50DD98794}.Release|Mixed Platforms.ActiveCfg = Release|Any CPU
		{D349B6D8-992F-443F-BB57-57E50DD98794}.Release|Mixed Platforms.Build.0 = Release|Any CPU
		{C10AAE86-F79E-430E-A5A4-FCDB9BB54AB0}.Debug|.NET.ActiveCfg = Debug|Any CPU
		{C10AAE86-F79E-430E-A5A4-FCDB9BB54AB0}.Debug|Any CPU.ActiveCfg = Debug|Any CPU
		{C10AAE86-F79E-430E-A5A4-FCDB9BB54AB0}.Debug|Any CPU.Build.0 = Debug|Any CPU
		{C10AAE86-F79E-430E-A5A4-FCDB9BB54AB0}.Debug|Mixed Platforms.ActiveCfg = Debug|Any CPU
		{C10AAE86-F79E-430E-A5A4-FCDB9BB54AB0}.Debug|Mixed Platforms.Build.0 = Debug|Any CPU
		{C10AAE86-F79E-430E-A5A4-FCDB9BB54AB0}.Release|.NET.ActiveCfg = Release|Any CPU
		{C10AAE86-F79E-430E-A5A4-FCDB9BB54AB0}.Release|Any CPU.ActiveCfg = Release|Any CPU
		{C10AAE86-F79E-430E-A5A4-FCDB9BB54AB0}.Release|Any CPU.Build.0 = Release|Any CPU
		{C10AAE86-F79E-430E-A5A4-FCDB9BB54AB0}.Release|Mixed Platforms.ActiveCfg = Release|Any CPU
		{C10AAE86-F79E-430E-A5A4-FCDB9BB54AB0}.Release|Mixed Platforms.Build.0 = Release|Any CPU
		{6AC97717-899D-4F72-BC5B-2C37959CD4FF}.Debug|.NET.ActiveCfg = Debug|Any CPU
		{6AC97717-899D-4F72-BC5B-2C37959CD4FF}.Debug|Any CPU.ActiveCfg = Debug|Any CPU
		{6AC97717-899D-4F72-BC5B-2C37959CD4FF}.Debug|Any CPU.Build.0 = Debug|Any CPU
		{6AC97717-899D-4F72-BC5B-2C37959CD4FF}.Debug|Mixed Platforms.ActiveCfg = Debug|Any CPU
		{6AC97717-899D-4F72-BC5B-2C37959CD4FF}.Debug|Mixed Platforms.Build.0 = Debug|Any CPU
		{6AC97717-899D-4F72-BC5B-2C37959CD4FF}.Release|.NET.ActiveCfg = Release|Any CPU
		{6AC97717-899D-4F72-BC5B-2C37959CD4FF}.Release|Any CPU.ActiveCfg = Release|Any CPU
		{6AC97717-899D-4F72-BC5B-2C37959CD4FF}.Release|Any CPU.Build.0 = Release|Any CPU
		{6AC97717-899D-4F72-BC5B-2C37959CD4FF}.Release|Mixed Platforms.ActiveCfg = Release|Any CPU
		{6AC97717-899D-4F72-BC5B-2C37959CD4FF}.Release|Mixed Platforms.Build.0 = Release|Any CPU
		{5DC01A57-1DB2-48B9-AEB3-2BFAE9089FD7}.Debug|.NET.ActiveCfg = Debug|Any CPU
		{5DC01A57-1DB2-48B9-AEB3-2BFAE9089FD7}.Debug|Any CPU.ActiveCfg = Debug|Any CPU
		{5DC01A57-1DB2-48B9-AEB3-2BFAE9089FD7}.Debug|Any CPU.Build.0 = Debug|Any CPU
		{5DC01A57-1DB2-48B9-AEB3-2BFAE9089FD7}.Debug|Mixed Platforms.ActiveCfg = Debug|Any CPU
		{5DC01A57-1DB2-48B9-AEB3-2BFAE9089FD7}.Debug|Mixed Platforms.Build.0 = Debug|Any CPU
		{5DC01A57-1DB2-48B9-AEB3-2BFAE9089FD7}.Release|.NET.ActiveCfg = Release|Any CPU
		{5DC01A57-1DB2-48B9-AEB3-2BFAE9089FD7}.Release|Any CPU.ActiveCfg = Release|Any CPU
		{5DC01A57-1DB2-48B9-AEB3-2BFAE9089FD7}.Release|Any CPU.Build.0 = Release|Any CPU
		{5DC01A57-1DB2-48B9-AEB3-2BFAE9089FD7}.Release|Mixed Platforms.ActiveCfg = Release|Any CPU
		{5DC01A57-1DB2-48B9-AEB3-2BFAE9089FD7}.Release|Mixed Platforms.Build.0 = Release|Any CPU
		{808F5173-C16B-4599-9C2C-9A704A6BD59C}.Debug|.NET.ActiveCfg = Debug|Any CPU
		{808F5173-C16B-4599-9C2C-9A704A6BD59C}.Debug|Any CPU.ActiveCfg = Debug|Any CPU
		{808F5173-C16B-4599-9C2C-9A704A6BD59C}.Debug|Any CPU.Build.0 = Debug|Any CPU
		{808F5173-C16B-4599-9C2C-9A704A6BD59C}.Debug|Mixed Platforms.ActiveCfg = Debug|Any CPU
		{808F5173-C16B-4599-9C2C-9A704A6BD59C}.Debug|Mixed Platforms.Build.0 = Debug|Any CPU
		{808F5173-C16B-4599-9C2C-9A704A6BD59C}.Release|.NET.ActiveCfg = Release|Any CPU
		{808F5173-C16B-4599-9C2C-9A704A6BD59C}.Release|Any CPU.ActiveCfg = Release|Any CPU
		{808F5173-C16B-4599-9C2C-9A704A6BD59C}.Release|Any CPU.Build.0 = Release|Any CPU
		{808F5173-C16B-4599-9C2C-9A704A6BD59C}.Release|Mixed Platforms.ActiveCfg = Release|Any CPU
		{808F5173-C16B-4599-9C2C-9A704A6BD59C}.Release|Mixed Platforms.Build.0 = Release|Any CPU
		{4804DAD4-EE9C-45E4-A151-DCDE6D06EB61}.Debug|.NET.ActiveCfg = Debug|Any CPU
		{4804DAD4-EE9C-45E4-A151-DCDE6D06EB61}.Debug|Any CPU.ActiveCfg = Debug|Any CPU
		{4804DAD4-EE9C-45E4-A151-DCDE6D06EB61}.Debug|Any CPU.Build.0 = Debug|Any CPU
		{4804DAD4-EE9C-45E4-A151-DCDE6D06EB61}.Debug|Mixed Platforms.ActiveCfg = Debug|Any CPU
		{4804DAD4-EE9C-45E4-A151-DCDE6D06EB61}.Debug|Mixed Platforms.Build.0 = Debug|Any CPU
		{4804DAD4-EE9C-45E4-A151-DCDE6D06EB61}.Release|.NET.ActiveCfg = Release|Any CPU
		{4804DAD4-EE9C-45E4-A151-DCDE6D06EB61}.Release|Any CPU.ActiveCfg = Release|Any CPU
		{4804DAD4-EE9C-45E4-A151-DCDE6D06EB61}.Release|Any CPU.Build.0 = Release|Any CPU
		{4804DAD4-EE9C-45E4-A151-DCDE6D06EB61}.Release|Mixed Platforms.ActiveCfg = Release|Any CPU
		{4804DAD4-EE9C-45E4-A151-DCDE6D06EB61}.Release|Mixed Platforms.Build.0 = Release|Any CPU
		{E0717C5B-A386-4296-AC23-20A0242CEFE8}.Debug|.NET.ActiveCfg = Debug|Any CPU
		{E0717C5B-A386-4296-AC23-20A0242CEFE8}.Debug|Any CPU.ActiveCfg = Debug|Any CPU
		{E0717C5B-A386-4296-AC23-20A0242CEFE8}.Debug|Any CPU.Build.0 = Debug|Any CPU
		{E0717C5B-A386-4296-AC23-20A0242CEFE8}.Debug|Mixed Platforms.ActiveCfg = Debug|Any CPU
		{E0717C5B-A386-4296-AC23-20A0242CEFE8}.Debug|Mixed Platforms.Build.0 = Debug|Any CPU
		{E0717C5B-A386-4296-AC23-20A0242CEFE8}.Release|.NET.ActiveCfg = Release|Any CPU
		{E0717C5B-A386-4296-AC23-20A0242CEFE8}.Release|Any CPU.ActiveCfg = Release|Any CPU
		{E0717C5B-A386-4296-AC23-20A0242CEFE8}.Release|Any CPU.Build.0 = Release|Any CPU
		{E0717C5B-A386-4296-AC23-20A0242CEFE8}.Release|Mixed Platforms.ActiveCfg = Release|Any CPU
		{E0717C5B-A386-4296-AC23-20A0242CEFE8}.Release|Mixed Platforms.Build.0 = Release|Any CPU
		{B2B1B817-E31B-4696-8F84-93296F170E22}.Debug|.NET.ActiveCfg = Debug|Any CPU
		{B2B1B817-E31B-4696-8F84-93296F170E22}.Debug|Any CPU.ActiveCfg = Debug|Any CPU
		{B2B1B817-E31B-4696-8F84-93296F170E22}.Debug|Any CPU.Build.0 = Debug|Any CPU
		{B2B1B817-E31B-4696-8F84-93296F170E22}.Debug|Mixed Platforms.ActiveCfg = Debug|Any CPU
		{B2B1B817-E31B-4696-8F84-93296F170E22}.Debug|Mixed Platforms.Build.0 = Debug|Any CPU
		{B2B1B817-E31B-4696-8F84-93296F170E22}.Release|.NET.ActiveCfg = Release|Any CPU
		{B2B1B817-E31B-4696-8F84-93296F170E22}.Release|Any CPU.ActiveCfg = Release|Any CPU
		{B2B1B817-E31B-4696-8F84-93296F170E22}.Release|Any CPU.Build.0 = Release|Any CPU
		{B2B1B817-E31B-4696-8F84-93296F170E22}.Release|Mixed Platforms.ActiveCfg = Release|Any CPU
		{B2B1B817-E31B-4696-8F84-93296F170E22}.Release|Mixed Platforms.Build.0 = Release|Any CPU
		{2DB0AD6D-BF59-4EBB-9F99-49ABD8539FD2}.Debug|.NET.ActiveCfg = Debug|Any CPU
		{2DB0AD6D-BF59-4EBB-9F99-49ABD8539FD2}.Debug|Any CPU.ActiveCfg = Debug|Any CPU
		{2DB0AD6D-BF59-4EBB-9F99-49ABD8539FD2}.Debug|Any CPU.Build.0 = Debug|Any CPU
		{2DB0AD6D-BF59-4EBB-9F99-49ABD8539FD2}.Debug|Mixed Platforms.ActiveCfg = Debug|Any CPU
		{2DB0AD6D-BF59-4EBB-9F99-49ABD8539FD2}.Debug|Mixed Platforms.Build.0 = Debug|Any CPU
		{2DB0AD6D-BF59-4EBB-9F99-49ABD8539FD2}.Release|.NET.ActiveCfg = Release|Any CPU
		{2DB0AD6D-BF59-4EBB-9F99-49ABD8539FD2}.Release|Any CPU.ActiveCfg = Release|Any CPU
		{2DB0AD6D-BF59-4EBB-9F99-49ABD8539FD2}.Release|Any CPU.Build.0 = Release|Any CPU
		{2DB0AD6D-BF59-4EBB-9F99-49ABD8539FD2}.Release|Mixed Platforms.ActiveCfg = Release|Any CPU
		{2DB0AD6D-BF59-4EBB-9F99-49ABD8539FD2}.Release|Mixed Platforms.Build.0 = Release|Any CPU
		{EC311AD3-0A26-4808-901B-A983E97E5790}.Debug|.NET.ActiveCfg = Debug|Any CPU
		{EC311AD3-0A26-4808-901B-A983E97E5790}.Debug|Any CPU.ActiveCfg = Debug|Any CPU
		{EC311AD3-0A26-4808-901B-A983E97E5790}.Debug|Any CPU.Build.0 = Debug|Any CPU
		{EC311AD3-0A26-4808-901B-A983E97E5790}.Debug|Mixed Platforms.ActiveCfg = Debug|Any CPU
		{EC311AD3-0A26-4808-901B-A983E97E5790}.Debug|Mixed Platforms.Build.0 = Debug|Any CPU
		{EC311AD3-0A26-4808-901B-A983E97E5790}.Release|.NET.ActiveCfg = Release|Any CPU
		{EC311AD3-0A26-4808-901B-A983E97E5790}.Release|Any CPU.ActiveCfg = Release|Any CPU
		{EC311AD3-0A26-4808-901B-A983E97E5790}.Release|Any CPU.Build.0 = Release|Any CPU
		{EC311AD3-0A26-4808-901B-A983E97E5790}.Release|Mixed Platforms.ActiveCfg = Release|Any CPU
		{EC311AD3-0A26-4808-901B-A983E97E5790}.Release|Mixed Platforms.Build.0 = Release|Any CPU
		{5179BF96-3EDA-43DD-A636-D98E4C7BE7BC}.Debug|.NET.ActiveCfg = Debug|Any CPU
		{5179BF96-3EDA-43DD-A636-D98E4C7BE7BC}.Debug|Any CPU.ActiveCfg = Debug|Any CPU
		{5179BF96-3EDA-43DD-A636-D98E4C7BE7BC}.Debug|Any CPU.Build.0 = Debug|Any CPU
		{5179BF96-3EDA-43DD-A636-D98E4C7BE7BC}.Debug|Mixed Platforms.ActiveCfg = Debug|Any CPU
		{5179BF96-3EDA-43DD-A636-D98E4C7BE7BC}.Debug|Mixed Platforms.Build.0 = Debug|Any CPU
		{5179BF96-3EDA-43DD-A636-D98E4C7BE7BC}.Release|.NET.ActiveCfg = Release|Any CPU
		{5179BF96-3EDA-43DD-A636-D98E4C7BE7BC}.Release|Any CPU.ActiveCfg = Release|Any CPU
		{5179BF96-3EDA-43DD-A636-D98E4C7BE7BC}.Release|Any CPU.Build.0 = Release|Any CPU
		{5179BF96-3EDA-43DD-A636-D98E4C7BE7BC}.Release|Mixed Platforms.ActiveCfg = Release|Any CPU
		{5179BF96-3EDA-43DD-A636-D98E4C7BE7BC}.Release|Mixed Platforms.Build.0 = Release|Any CPU
		{708C6E4C-1380-44A6-ABE9-0C25E633AD85}.Debug|.NET.ActiveCfg = Debug|Any CPU
		{708C6E4C-1380-44A6-ABE9-0C25E633AD85}.Debug|Any CPU.ActiveCfg = Debug|Any CPU
		{708C6E4C-1380-44A6-ABE9-0C25E633AD85}.Debug|Any CPU.Build.0 = Debug|Any CPU
		{708C6E4C-1380-44A6-ABE9-0C25E633AD85}.Debug|Mixed Platforms.ActiveCfg = Debug|Any CPU
		{708C6E4C-1380-44A6-ABE9-0C25E633AD85}.Debug|Mixed Platforms.Build.0 = Debug|Any CPU
		{708C6E4C-1380-44A6-ABE9-0C25E633AD85}.Release|.NET.ActiveCfg = Release|Any CPU
		{708C6E4C-1380-44A6-ABE9-0C25E633AD85}.Release|Any CPU.ActiveCfg = Release|Any CPU
		{708C6E4C-1380-44A6-ABE9-0C25E633AD85}.Release|Any CPU.Build.0 = Release|Any CPU
		{708C6E4C-1380-44A6-ABE9-0C25E633AD85}.Release|Mixed Platforms.ActiveCfg = Release|Any CPU
		{708C6E4C-1380-44A6-ABE9-0C25E633AD85}.Release|Mixed Platforms.Build.0 = Release|Any CPU
		{3E6129C8-18E4-410D-89FC-0DBBE6009FC5}.Debug|.NET.ActiveCfg = Debug|Any CPU
		{3E6129C8-18E4-410D-89FC-0DBBE6009FC5}.Debug|Any CPU.ActiveCfg = Debug|Any CPU
		{3E6129C8-18E4-410D-89FC-0DBBE6009FC5}.Debug|Any CPU.Build.0 = Debug|Any CPU
		{3E6129C8-18E4-410D-89FC-0DBBE6009FC5}.Debug|Mixed Platforms.ActiveCfg = Debug|Any CPU
		{3E6129C8-18E4-410D-89FC-0DBBE6009FC5}.Debug|Mixed Platforms.Build.0 = Debug|Any CPU
		{3E6129C8-18E4-410D-89FC-0DBBE6009FC5}.Release|.NET.ActiveCfg = Release|Any CPU
		{3E6129C8-18E4-410D-89FC-0DBBE6009FC5}.Release|Any CPU.ActiveCfg = Release|Any CPU
		{3E6129C8-18E4-410D-89FC-0DBBE6009FC5}.Release|Any CPU.Build.0 = Release|Any CPU
		{3E6129C8-18E4-410D-89FC-0DBBE6009FC5}.Release|Mixed Platforms.ActiveCfg = Release|Any CPU
		{3E6129C8-18E4-410D-89FC-0DBBE6009FC5}.Release|Mixed Platforms.Build.0 = Release|Any CPU
		{37B1BE56-EF65-4012-A4A8-B14E27083E16}.Debug|.NET.ActiveCfg = Debug|Any CPU
		{37B1BE56-EF65-4012-A4A8-B14E27083E16}.Debug|Any CPU.ActiveCfg = Debug|Any CPU
		{37B1BE56-EF65-4012-A4A8-B14E27083E16}.Debug|Any CPU.Build.0 = Debug|Any CPU
		{37B1BE56-EF65-4012-A4A8-B14E27083E16}.Debug|Mixed Platforms.ActiveCfg = Debug|Any CPU
		{37B1BE56-EF65-4012-A4A8-B14E27083E16}.Debug|Mixed Platforms.Build.0 = Debug|Any CPU
		{37B1BE56-EF65-4012-A4A8-B14E27083E16}.Release|.NET.ActiveCfg = Release|Any CPU
		{37B1BE56-EF65-4012-A4A8-B14E27083E16}.Release|Any CPU.ActiveCfg = Release|Any CPU
		{37B1BE56-EF65-4012-A4A8-B14E27083E16}.Release|Any CPU.Build.0 = Release|Any CPU
		{37B1BE56-EF65-4012-A4A8-B14E27083E16}.Release|Mixed Platforms.ActiveCfg = Release|Any CPU
		{37B1BE56-EF65-4012-A4A8-B14E27083E16}.Release|Mixed Platforms.Build.0 = Release|Any CPU
		{36D93DB7-1E3D-4322-AF2A-BE839E961BB3}.Debug|.NET.ActiveCfg = Debug|Any CPU
		{36D93DB7-1E3D-4322-AF2A-BE839E961BB3}.Debug|Any CPU.ActiveCfg = Debug|Any CPU
		{36D93DB7-1E3D-4322-AF2A-BE839E961BB3}.Debug|Any CPU.Build.0 = Debug|Any CPU
		{36D93DB7-1E3D-4322-AF2A-BE839E961BB3}.Debug|Mixed Platforms.ActiveCfg = Debug|Any CPU
		{36D93DB7-1E3D-4322-AF2A-BE839E961BB3}.Debug|Mixed Platforms.Build.0 = Debug|Any CPU
		{36D93DB7-1E3D-4322-AF2A-BE839E961BB3}.Release|.NET.ActiveCfg = Release|Any CPU
		{36D93DB7-1E3D-4322-AF2A-BE839E961BB3}.Release|Any CPU.ActiveCfg = Release|Any CPU
		{36D93DB7-1E3D-4322-AF2A-BE839E961BB3}.Release|Any CPU.Build.0 = Release|Any CPU
		{36D93DB7-1E3D-4322-AF2A-BE839E961BB3}.Release|Mixed Platforms.ActiveCfg = Release|Any CPU
		{36D93DB7-1E3D-4322-AF2A-BE839E961BB3}.Release|Mixed Platforms.Build.0 = Release|Any CPU
		{02FC8CE2-2CB3-41B6-8516-0A27B99708A9}.Debug|.NET.ActiveCfg = Debug|Any CPU
		{02FC8CE2-2CB3-41B6-8516-0A27B99708A9}.Debug|Any CPU.ActiveCfg = Debug|Any CPU
		{02FC8CE2-2CB3-41B6-8516-0A27B99708A9}.Debug|Any CPU.Build.0 = Debug|Any CPU
		{02FC8CE2-2CB3-41B6-8516-0A27B99708A9}.Debug|Mixed Platforms.ActiveCfg = Debug|Any CPU
		{02FC8CE2-2CB3-41B6-8516-0A27B99708A9}.Debug|Mixed Platforms.Build.0 = Debug|Any CPU
		{02FC8CE2-2CB3-41B6-8516-0A27B99708A9}.Release|.NET.ActiveCfg = Release|Any CPU
		{02FC8CE2-2CB3-41B6-8516-0A27B99708A9}.Release|Any CPU.ActiveCfg = Release|Any CPU
		{02FC8CE2-2CB3-41B6-8516-0A27B99708A9}.Release|Any CPU.Build.0 = Release|Any CPU
		{02FC8CE2-2CB3-41B6-8516-0A27B99708A9}.Release|Mixed Platforms.ActiveCfg = Release|Any CPU
		{02FC8CE2-2CB3-41B6-8516-0A27B99708A9}.Release|Mixed Platforms.Build.0 = Release|Any CPU
		{241CC28C-B5B3-4F9F-A8CA-A85BB0F52D23}.Debug|.NET.ActiveCfg = Debug|Any CPU
		{241CC28C-B5B3-4F9F-A8CA-A85BB0F52D23}.Debug|Any CPU.ActiveCfg = Debug|Any CPU
		{241CC28C-B5B3-4F9F-A8CA-A85BB0F52D23}.Debug|Any CPU.Build.0 = Debug|Any CPU
		{241CC28C-B5B3-4F9F-A8CA-A85BB0F52D23}.Debug|Mixed Platforms.ActiveCfg = Debug|Any CPU
		{241CC28C-B5B3-4F9F-A8CA-A85BB0F52D23}.Debug|Mixed Platforms.Build.0 = Debug|Any CPU
		{241CC28C-B5B3-4F9F-A8CA-A85BB0F52D23}.Release|.NET.ActiveCfg = Release|Any CPU
		{241CC28C-B5B3-4F9F-A8CA-A85BB0F52D23}.Release|Any CPU.ActiveCfg = Release|Any CPU
		{241CC28C-B5B3-4F9F-A8CA-A85BB0F52D23}.Release|Any CPU.Build.0 = Release|Any CPU
		{241CC28C-B5B3-4F9F-A8CA-A85BB0F52D23}.Release|Mixed Platforms.ActiveCfg = Release|Any CPU
		{241CC28C-B5B3-4F9F-A8CA-A85BB0F52D23}.Release|Mixed Platforms.Build.0 = Release|Any CPU
		{C7E21FE1-53B4-4355-AB4A-834DA21B2607}.Debug|.NET.ActiveCfg = Debug|Any CPU
		{C7E21FE1-53B4-4355-AB4A-834DA21B2607}.Debug|Any CPU.ActiveCfg = Debug|Any CPU
		{C7E21FE1-53B4-4355-AB4A-834DA21B2607}.Debug|Any CPU.Build.0 = Debug|Any CPU
		{C7E21FE1-53B4-4355-AB4A-834DA21B2607}.Debug|Mixed Platforms.ActiveCfg = Debug|Any CPU
		{C7E21FE1-53B4-4355-AB4A-834DA21B2607}.Debug|Mixed Platforms.Build.0 = Debug|Any CPU
		{C7E21FE1-53B4-4355-AB4A-834DA21B2607}.Release|.NET.ActiveCfg = Release|Any CPU
		{C7E21FE1-53B4-4355-AB4A-834DA21B2607}.Release|Any CPU.ActiveCfg = Release|Any CPU
		{C7E21FE1-53B4-4355-AB4A-834DA21B2607}.Release|Any CPU.Build.0 = Release|Any CPU
		{C7E21FE1-53B4-4355-AB4A-834DA21B2607}.Release|Mixed Platforms.ActiveCfg = Release|Any CPU
		{C7E21FE1-53B4-4355-AB4A-834DA21B2607}.Release|Mixed Platforms.Build.0 = Release|Any CPU
		{9CC92B51-39D9-4622-BE1D-57257C894FA7}.Debug|.NET.ActiveCfg = Debug|Any CPU
		{9CC92B51-39D9-4622-BE1D-57257C894FA7}.Debug|Any CPU.ActiveCfg = Debug|Any CPU
		{9CC92B51-39D9-4622-BE1D-57257C894FA7}.Debug|Any CPU.Build.0 = Debug|Any CPU
		{9CC92B51-39D9-4622-BE1D-57257C894FA7}.Debug|Mixed Platforms.ActiveCfg = Debug|Any CPU
		{9CC92B51-39D9-4622-BE1D-57257C894FA7}.Debug|Mixed Platforms.Build.0 = Debug|Any CPU
		{9CC92B51-39D9-4622-BE1D-57257C894FA7}.Release|.NET.ActiveCfg = Release|Any CPU
		{9CC92B51-39D9-4622-BE1D-57257C894FA7}.Release|Any CPU.ActiveCfg = Release|Any CPU
		{9CC92B51-39D9-4622-BE1D-57257C894FA7}.Release|Any CPU.Build.0 = Release|Any CPU
		{9CC92B51-39D9-4622-BE1D-57257C894FA7}.Release|Mixed Platforms.ActiveCfg = Release|Any CPU
		{9CC92B51-39D9-4622-BE1D-57257C894FA7}.Release|Mixed Platforms.Build.0 = Release|Any CPU
		{90CBF2D3-767E-4E3C-AF8C-AB3E5F17BE18}.Debug|.NET.ActiveCfg = Debug|Any CPU
		{90CBF2D3-767E-4E3C-AF8C-AB3E5F17BE18}.Debug|Any CPU.ActiveCfg = Debug|Any CPU
		{90CBF2D3-767E-4E3C-AF8C-AB3E5F17BE18}.Debug|Any CPU.Build.0 = Debug|Any CPU
		{90CBF2D3-767E-4E3C-AF8C-AB3E5F17BE18}.Debug|Mixed Platforms.ActiveCfg = Debug|Any CPU
		{90CBF2D3-767E-4E3C-AF8C-AB3E5F17BE18}.Debug|Mixed Platforms.Build.0 = Debug|Any CPU
		{90CBF2D3-767E-4E3C-AF8C-AB3E5F17BE18}.Release|.NET.ActiveCfg = Release|Any CPU
		{90CBF2D3-767E-4E3C-AF8C-AB3E5F17BE18}.Release|Any CPU.ActiveCfg = Release|Any CPU
		{90CBF2D3-767E-4E3C-AF8C-AB3E5F17BE18}.Release|Any CPU.Build.0 = Release|Any CPU
		{90CBF2D3-767E-4E3C-AF8C-AB3E5F17BE18}.Release|Mixed Platforms.ActiveCfg = Release|Any CPU
		{90CBF2D3-767E-4E3C-AF8C-AB3E5F17BE18}.Release|Mixed Platforms.Build.0 = Release|Any CPU
		{F703A7CA-B0BB-4EA2-B918-E7BC05C52CD7}.Debug|.NET.ActiveCfg = Debug|Any CPU
		{F703A7CA-B0BB-4EA2-B918-E7BC05C52CD7}.Debug|Any CPU.ActiveCfg = Debug|Any CPU
		{F703A7CA-B0BB-4EA2-B918-E7BC05C52CD7}.Debug|Any CPU.Build.0 = Debug|Any CPU
		{F703A7CA-B0BB-4EA2-B918-E7BC05C52CD7}.Debug|Mixed Platforms.ActiveCfg = Debug|Any CPU
		{F703A7CA-B0BB-4EA2-B918-E7BC05C52CD7}.Debug|Mixed Platforms.Build.0 = Debug|Any CPU
		{F703A7CA-B0BB-4EA2-B918-E7BC05C52CD7}.Release|.NET.ActiveCfg = Release|Any CPU
		{F703A7CA-B0BB-4EA2-B918-E7BC05C52CD7}.Release|Any CPU.ActiveCfg = Release|Any CPU
		{F703A7CA-B0BB-4EA2-B918-E7BC05C52CD7}.Release|Any CPU.Build.0 = Release|Any CPU
		{F703A7CA-B0BB-4EA2-B918-E7BC05C52CD7}.Release|Mixed Platforms.ActiveCfg = Release|Any CPU
		{F703A7CA-B0BB-4EA2-B918-E7BC05C52CD7}.Release|Mixed Platforms.Build.0 = Release|Any CPU
		{891598C1-97B6-4703-B8DF-37024649482F}.Debug|.NET.ActiveCfg = Debug|Any CPU
		{891598C1-97B6-4703-B8DF-37024649482F}.Debug|Any CPU.ActiveCfg = Debug|Any CPU
		{891598C1-97B6-4703-B8DF-37024649482F}.Debug|Any CPU.Build.0 = Debug|Any CPU
		{891598C1-97B6-4703-B8DF-37024649482F}.Debug|Mixed Platforms.ActiveCfg = Debug|Any CPU
		{891598C1-97B6-4703-B8DF-37024649482F}.Debug|Mixed Platforms.Build.0 = Debug|Any CPU
		{891598C1-97B6-4703-B8DF-37024649482F}.Release|.NET.ActiveCfg = Release|Any CPU
		{891598C1-97B6-4703-B8DF-37024649482F}.Release|Any CPU.ActiveCfg = Release|Any CPU
		{891598C1-97B6-4703-B8DF-37024649482F}.Release|Any CPU.Build.0 = Release|Any CPU
		{891598C1-97B6-4703-B8DF-37024649482F}.Release|Mixed Platforms.ActiveCfg = Release|Any CPU
		{891598C1-97B6-4703-B8DF-37024649482F}.Release|Mixed Platforms.Build.0 = Release|Any CPU
		{2364A790-3FEF-4CBC-B0DE-A6C9FD9922F4}.Debug|.NET.ActiveCfg = Debug|Any CPU
		{2364A790-3FEF-4CBC-B0DE-A6C9FD9922F4}.Debug|Any CPU.ActiveCfg = Debug|Any CPU
		{2364A790-3FEF-4CBC-B0DE-A6C9FD9922F4}.Debug|Any CPU.Build.0 = Debug|Any CPU
		{2364A790-3FEF-4CBC-B0DE-A6C9FD9922F4}.Debug|Mixed Platforms.ActiveCfg = Debug|Any CPU
		{2364A790-3FEF-4CBC-B0DE-A6C9FD9922F4}.Debug|Mixed Platforms.Build.0 = Debug|Any CPU
		{2364A790-3FEF-4CBC-B0DE-A6C9FD9922F4}.Release|.NET.ActiveCfg = Release|Any CPU
		{2364A790-3FEF-4CBC-B0DE-A6C9FD9922F4}.Release|Any CPU.ActiveCfg = Release|Any CPU
		{2364A790-3FEF-4CBC-B0DE-A6C9FD9922F4}.Release|Any CPU.Build.0 = Release|Any CPU
		{2364A790-3FEF-4CBC-B0DE-A6C9FD9922F4}.Release|Mixed Platforms.ActiveCfg = Release|Any CPU
		{2364A790-3FEF-4CBC-B0DE-A6C9FD9922F4}.Release|Mixed Platforms.Build.0 = Release|Any CPU
		{14DD9908-BB61-4402-810A-4C8A999163A9}.Debug|.NET.ActiveCfg = Debug|Any CPU
		{14DD9908-BB61-4402-810A-4C8A999163A9}.Debug|Any CPU.ActiveCfg = Debug|Any CPU
		{14DD9908-BB61-4402-810A-4C8A999163A9}.Debug|Any CPU.Build.0 = Debug|Any CPU
		{14DD9908-BB61-4402-810A-4C8A999163A9}.Debug|Mixed Platforms.ActiveCfg = Debug|Any CPU
		{14DD9908-BB61-4402-810A-4C8A999163A9}.Debug|Mixed Platforms.Build.0 = Debug|Any CPU
		{14DD9908-BB61-4402-810A-4C8A999163A9}.Release|.NET.ActiveCfg = Release|Any CPU
		{14DD9908-BB61-4402-810A-4C8A999163A9}.Release|Any CPU.ActiveCfg = Release|Any CPU
		{14DD9908-BB61-4402-810A-4C8A999163A9}.Release|Any CPU.Build.0 = Release|Any CPU
		{14DD9908-BB61-4402-810A-4C8A999163A9}.Release|Mixed Platforms.ActiveCfg = Release|Any CPU
		{14DD9908-BB61-4402-810A-4C8A999163A9}.Release|Mixed Platforms.Build.0 = Release|Any CPU
		{16D47884-153E-4A57-84F4-54115558CEEC}.Debug|.NET.ActiveCfg = Debug|Any CPU
		{16D47884-153E-4A57-84F4-54115558CEEC}.Debug|Any CPU.ActiveCfg = Debug|Any CPU
		{16D47884-153E-4A57-84F4-54115558CEEC}.Debug|Any CPU.Build.0 = Debug|Any CPU
		{16D47884-153E-4A57-84F4-54115558CEEC}.Debug|Mixed Platforms.ActiveCfg = Debug|Any CPU
		{16D47884-153E-4A57-84F4-54115558CEEC}.Debug|Mixed Platforms.Build.0 = Debug|Any CPU
		{16D47884-153E-4A57-84F4-54115558CEEC}.Release|.NET.ActiveCfg = Release|Any CPU
		{16D47884-153E-4A57-84F4-54115558CEEC}.Release|Any CPU.ActiveCfg = Release|Any CPU
		{16D47884-153E-4A57-84F4-54115558CEEC}.Release|Any CPU.Build.0 = Release|Any CPU
		{16D47884-153E-4A57-84F4-54115558CEEC}.Release|Mixed Platforms.ActiveCfg = Release|Any CPU
		{16D47884-153E-4A57-84F4-54115558CEEC}.Release|Mixed Platforms.Build.0 = Release|Any CPU
		{C6DE0220-E31B-486B-AB57-107636AEB927}.Debug|.NET.ActiveCfg = Debug|Any CPU
		{C6DE0220-E31B-486B-AB57-107636AEB927}.Debug|Any CPU.ActiveCfg = Debug|Any CPU
		{C6DE0220-E31B-486B-AB57-107636AEB927}.Debug|Any CPU.Build.0 = Debug|Any CPU
		{C6DE0220-E31B-486B-AB57-107636AEB927}.Debug|Mixed Platforms.ActiveCfg = Debug|Any CPU
		{C6DE0220-E31B-486B-AB57-107636AEB927}.Debug|Mixed Platforms.Build.0 = Debug|Any CPU
		{C6DE0220-E31B-486B-AB57-107636AEB927}.Release|.NET.ActiveCfg = Release|Any CPU
		{C6DE0220-E31B-486B-AB57-107636AEB927}.Release|Any CPU.ActiveCfg = Release|Any CPU
		{C6DE0220-E31B-486B-AB57-107636AEB927}.Release|Any CPU.Build.0 = Release|Any CPU
		{C6DE0220-E31B-486B-AB57-107636AEB927}.Release|Mixed Platforms.ActiveCfg = Release|Any CPU
		{C6DE0220-E31B-486B-AB57-107636AEB927}.Release|Mixed Platforms.Build.0 = Release|Any CPU
		{EBCB52B8-C189-4958-9BB2-B7670BCB49FB}.Debug|.NET.ActiveCfg = Debug|Any CPU
		{EBCB52B8-C189-4958-9BB2-B7670BCB49FB}.Debug|Any CPU.ActiveCfg = Debug|Any CPU
		{EBCB52B8-C189-4958-9BB2-B7670BCB49FB}.Debug|Any CPU.Build.0 = Debug|Any CPU
		{EBCB52B8-C189-4958-9BB2-B7670BCB49FB}.Debug|Mixed Platforms.ActiveCfg = Debug|Any CPU
		{EBCB52B8-C189-4958-9BB2-B7670BCB49FB}.Debug|Mixed Platforms.Build.0 = Debug|Any CPU
		{EBCB52B8-C189-4958-9BB2-B7670BCB49FB}.Release|.NET.ActiveCfg = Release|Any CPU
		{EBCB52B8-C189-4958-9BB2-B7670BCB49FB}.Release|Any CPU.ActiveCfg = Release|Any CPU
		{EBCB52B8-C189-4958-9BB2-B7670BCB49FB}.Release|Any CPU.Build.0 = Release|Any CPU
		{EBCB52B8-C189-4958-9BB2-B7670BCB49FB}.Release|Mixed Platforms.ActiveCfg = Release|Any CPU
		{EBCB52B8-C189-4958-9BB2-B7670BCB49FB}.Release|Mixed Platforms.Build.0 = Release|Any CPU
		{3D3C0BEE-437E-487C-B9B3-46288AE933B9}.Debug|.NET.ActiveCfg = Debug|Any CPU
		{3D3C0BEE-437E-487C-B9B3-46288AE933B9}.Debug|Any CPU.ActiveCfg = Debug|Any CPU
		{3D3C0BEE-437E-487C-B9B3-46288AE933B9}.Debug|Any CPU.Build.0 = Debug|Any CPU
		{3D3C0BEE-437E-487C-B9B3-46288AE933B9}.Debug|Mixed Platforms.ActiveCfg = Debug|Any CPU
		{3D3C0BEE-437E-487C-B9B3-46288AE933B9}.Debug|Mixed Platforms.Build.0 = Debug|Any CPU
		{3D3C0BEE-437E-487C-B9B3-46288AE933B9}.Release|.NET.ActiveCfg = Release|Any CPU
		{3D3C0BEE-437E-487C-B9B3-46288AE933B9}.Release|Any CPU.ActiveCfg = Release|Any CPU
		{3D3C0BEE-437E-487C-B9B3-46288AE933B9}.Release|Any CPU.Build.0 = Release|Any CPU
		{3D3C0BEE-437E-487C-B9B3-46288AE933B9}.Release|Mixed Platforms.ActiveCfg = Release|Any CPU
		{3D3C0BEE-437E-487C-B9B3-46288AE933B9}.Release|Mixed Platforms.Build.0 = Release|Any CPU
		{BA6BBE25-09D1-47F8-9BAB-F0FF66AD0D70}.Debug|.NET.ActiveCfg = Debug|Any CPU
		{BA6BBE25-09D1-47F8-9BAB-F0FF66AD0D70}.Debug|Any CPU.ActiveCfg = Debug|Any CPU
		{BA6BBE25-09D1-47F8-9BAB-F0FF66AD0D70}.Debug|Any CPU.Build.0 = Debug|Any CPU
		{BA6BBE25-09D1-47F8-9BAB-F0FF66AD0D70}.Debug|Mixed Platforms.ActiveCfg = Debug|Any CPU
		{BA6BBE25-09D1-47F8-9BAB-F0FF66AD0D70}.Debug|Mixed Platforms.Build.0 = Debug|Any CPU
		{BA6BBE25-09D1-47F8-9BAB-F0FF66AD0D70}.Release|.NET.ActiveCfg = Release|Any CPU
		{BA6BBE25-09D1-47F8-9BAB-F0FF66AD0D70}.Release|Any CPU.ActiveCfg = Release|Any CPU
		{BA6BBE25-09D1-47F8-9BAB-F0FF66AD0D70}.Release|Any CPU.Build.0 = Release|Any CPU
		{BA6BBE25-09D1-47F8-9BAB-F0FF66AD0D70}.Release|Mixed Platforms.ActiveCfg = Release|Any CPU
		{BA6BBE25-09D1-47F8-9BAB-F0FF66AD0D70}.Release|Mixed Platforms.Build.0 = Release|Any CPU
		{5D9A30BB-5CC0-46F3-BD4B-828FC6270323}.Debug|.NET.ActiveCfg = Debug|Any CPU
		{5D9A30BB-5CC0-46F3-BD4B-828FC6270323}.Debug|Any CPU.ActiveCfg = Debug|Any CPU
		{5D9A30BB-5CC0-46F3-BD4B-828FC6270323}.Debug|Any CPU.Build.0 = Debug|Any CPU
		{5D9A30BB-5CC0-46F3-BD4B-828FC6270323}.Debug|Mixed Platforms.ActiveCfg = Debug|Any CPU
		{5D9A30BB-5CC0-46F3-BD4B-828FC6270323}.Debug|Mixed Platforms.Build.0 = Debug|Any CPU
		{5D9A30BB-5CC0-46F3-BD4B-828FC6270323}.Release|.NET.ActiveCfg = Release|Any CPU
		{5D9A30BB-5CC0-46F3-BD4B-828FC6270323}.Release|Any CPU.ActiveCfg = Release|Any CPU
		{5D9A30BB-5CC0-46F3-BD4B-828FC6270323}.Release|Any CPU.Build.0 = Release|Any CPU
		{5D9A30BB-5CC0-46F3-BD4B-828FC6270323}.Release|Mixed Platforms.ActiveCfg = Release|Any CPU
		{5D9A30BB-5CC0-46F3-BD4B-828FC6270323}.Release|Mixed Platforms.Build.0 = Release|Any CPU
		{8258FB05-E92F-428E-AB48-86D7E3F5FE43}.Debug|.NET.ActiveCfg = Debug|Any CPU
		{8258FB05-E92F-428E-AB48-86D7E3F5FE43}.Debug|Any CPU.ActiveCfg = Debug|Any CPU
		{8258FB05-E92F-428E-AB48-86D7E3F5FE43}.Debug|Any CPU.Build.0 = Debug|Any CPU
		{8258FB05-E92F-428E-AB48-86D7E3F5FE43}.Debug|Mixed Platforms.ActiveCfg = Debug|Any CPU
		{8258FB05-E92F-428E-AB48-86D7E3F5FE43}.Debug|Mixed Platforms.Build.0 = Debug|Any CPU
		{8258FB05-E92F-428E-AB48-86D7E3F5FE43}.Release|.NET.ActiveCfg = Release|Any CPU
		{8258FB05-E92F-428E-AB48-86D7E3F5FE43}.Release|Any CPU.ActiveCfg = Release|Any CPU
		{8258FB05-E92F-428E-AB48-86D7E3F5FE43}.Release|Any CPU.Build.0 = Release|Any CPU
		{8258FB05-E92F-428E-AB48-86D7E3F5FE43}.Release|Mixed Platforms.ActiveCfg = Release|Any CPU
		{8258FB05-E92F-428E-AB48-86D7E3F5FE43}.Release|Mixed Platforms.Build.0 = Release|Any CPU
		{F2B37E3C-5C7C-468A-8497-AD0A13A1005B}.Debug|.NET.ActiveCfg = Debug|Any CPU
		{F2B37E3C-5C7C-468A-8497-AD0A13A1005B}.Debug|Any CPU.ActiveCfg = Debug|Any CPU
		{F2B37E3C-5C7C-468A-8497-AD0A13A1005B}.Debug|Any CPU.Build.0 = Debug|Any CPU
		{F2B37E3C-5C7C-468A-8497-AD0A13A1005B}.Debug|Mixed Platforms.ActiveCfg = Debug|Any CPU
		{F2B37E3C-5C7C-468A-8497-AD0A13A1005B}.Debug|Mixed Platforms.Build.0 = Debug|Any CPU
		{F2B37E3C-5C7C-468A-8497-AD0A13A1005B}.Release|.NET.ActiveCfg = Release|Any CPU
		{F2B37E3C-5C7C-468A-8497-AD0A13A1005B}.Release|Any CPU.ActiveCfg = Release|Any CPU
		{F2B37E3C-5C7C-468A-8497-AD0A13A1005B}.Release|Any CPU.Build.0 = Release|Any CPU
		{F2B37E3C-5C7C-468A-8497-AD0A13A1005B}.Release|Mixed Platforms.ActiveCfg = Release|Any CPU
		{F2B37E3C-5C7C-468A-8497-AD0A13A1005B}.Release|Mixed Platforms.Build.0 = Release|Any CPU
		{85032C2A-91D2-40C8-BE83-D7002FE58AC7}.Debug|.NET.ActiveCfg = Debug|Any CPU
		{85032C2A-91D2-40C8-BE83-D7002FE58AC7}.Debug|Any CPU.ActiveCfg = Debug|Any CPU
		{85032C2A-91D2-40C8-BE83-D7002FE58AC7}.Debug|Any CPU.Build.0 = Debug|Any CPU
		{85032C2A-91D2-40C8-BE83-D7002FE58AC7}.Debug|Mixed Platforms.ActiveCfg = Debug|Any CPU
		{85032C2A-91D2-40C8-BE83-D7002FE58AC7}.Debug|Mixed Platforms.Build.0 = Debug|Any CPU
		{85032C2A-91D2-40C8-BE83-D7002FE58AC7}.Release|.NET.ActiveCfg = Release|Any CPU
		{85032C2A-91D2-40C8-BE83-D7002FE58AC7}.Release|Any CPU.ActiveCfg = Release|Any CPU
		{85032C2A-91D2-40C8-BE83-D7002FE58AC7}.Release|Any CPU.Build.0 = Release|Any CPU
		{85032C2A-91D2-40C8-BE83-D7002FE58AC7}.Release|Mixed Platforms.ActiveCfg = Release|Any CPU
		{85032C2A-91D2-40C8-BE83-D7002FE58AC7}.Release|Mixed Platforms.Build.0 = Release|Any CPU
		{E7A6F876-1FA6-45A8-898C-9EE3D33440CC}.Debug|.NET.ActiveCfg = Debug|Any CPU
		{E7A6F876-1FA6-45A8-898C-9EE3D33440CC}.Debug|Any CPU.ActiveCfg = Debug|Any CPU
		{E7A6F876-1FA6-45A8-898C-9EE3D33440CC}.Debug|Any CPU.Build.0 = Debug|Any CPU
		{E7A6F876-1FA6-45A8-898C-9EE3D33440CC}.Debug|Mixed Platforms.ActiveCfg = Debug|Any CPU
		{E7A6F876-1FA6-45A8-898C-9EE3D33440CC}.Debug|Mixed Platforms.Build.0 = Debug|Any CPU
		{E7A6F876-1FA6-45A8-898C-9EE3D33440CC}.Release|.NET.ActiveCfg = Release|Any CPU
		{E7A6F876-1FA6-45A8-898C-9EE3D33440CC}.Release|Any CPU.ActiveCfg = Release|Any CPU
		{E7A6F876-1FA6-45A8-898C-9EE3D33440CC}.Release|Any CPU.Build.0 = Release|Any CPU
		{E7A6F876-1FA6-45A8-898C-9EE3D33440CC}.Release|Mixed Platforms.ActiveCfg = Release|Any CPU
		{E7A6F876-1FA6-45A8-898C-9EE3D33440CC}.Release|Mixed Platforms.Build.0 = Release|Any CPU
		{373B9B52-66D1-406D-B2B3-43C370804AD3}.Debug|.NET.ActiveCfg = Debug|Any CPU
		{373B9B52-66D1-406D-B2B3-43C370804AD3}.Debug|Any CPU.ActiveCfg = Debug|Any CPU
		{373B9B52-66D1-406D-B2B3-43C370804AD3}.Debug|Any CPU.Build.0 = Debug|Any CPU
		{373B9B52-66D1-406D-B2B3-43C370804AD3}.Debug|Mixed Platforms.ActiveCfg = Debug|Any CPU
		{373B9B52-66D1-406D-B2B3-43C370804AD3}.Debug|Mixed Platforms.Build.0 = Debug|Any CPU
		{373B9B52-66D1-406D-B2B3-43C370804AD3}.Release|.NET.ActiveCfg = Release|Any CPU
		{373B9B52-66D1-406D-B2B3-43C370804AD3}.Release|Any CPU.ActiveCfg = Release|Any CPU
		{373B9B52-66D1-406D-B2B3-43C370804AD3}.Release|Any CPU.Build.0 = Release|Any CPU
		{373B9B52-66D1-406D-B2B3-43C370804AD3}.Release|Mixed Platforms.ActiveCfg = Release|Any CPU
		{373B9B52-66D1-406D-B2B3-43C370804AD3}.Release|Mixed Platforms.Build.0 = Release|Any CPU
		{694F23B5-C150-4965-B3BB-9906B2245019}.Debug|.NET.ActiveCfg = Debug|Any CPU
		{694F23B5-C150-4965-B3BB-9906B2245019}.Debug|Any CPU.ActiveCfg = Debug|Any CPU
		{694F23B5-C150-4965-B3BB-9906B2245019}.Debug|Any CPU.Build.0 = Debug|Any CPU
		{694F23B5-C150-4965-B3BB-9906B2245019}.Debug|Mixed Platforms.ActiveCfg = Debug|Any CPU
		{694F23B5-C150-4965-B3BB-9906B2245019}.Debug|Mixed Platforms.Build.0 = Debug|Any CPU
		{694F23B5-C150-4965-B3BB-9906B2245019}.Release|.NET.ActiveCfg = Release|Any CPU
		{694F23B5-C150-4965-B3BB-9906B2245019}.Release|Any CPU.ActiveCfg = Release|Any CPU
		{694F23B5-C150-4965-B3BB-9906B2245019}.Release|Any CPU.Build.0 = Release|Any CPU
		{694F23B5-C150-4965-B3BB-9906B2245019}.Release|Mixed Platforms.ActiveCfg = Release|Any CPU
		{694F23B5-C150-4965-B3BB-9906B2245019}.Release|Mixed Platforms.Build.0 = Release|Any CPU
		{939E2D99-434C-49A7-96CA-372D78FA0D7C}.Debug|.NET.ActiveCfg = Debug|Any CPU
		{939E2D99-434C-49A7-96CA-372D78FA0D7C}.Debug|Any CPU.ActiveCfg = Debug|Any CPU
		{939E2D99-434C-49A7-96CA-372D78FA0D7C}.Debug|Any CPU.Build.0 = Debug|Any CPU
		{939E2D99-434C-49A7-96CA-372D78FA0D7C}.Debug|Mixed Platforms.ActiveCfg = Debug|Any CPU
		{939E2D99-434C-49A7-96CA-372D78FA0D7C}.Debug|Mixed Platforms.Build.0 = Debug|Any CPU
		{939E2D99-434C-49A7-96CA-372D78FA0D7C}.Release|.NET.ActiveCfg = Release|Any CPU
		{939E2D99-434C-49A7-96CA-372D78FA0D7C}.Release|Any CPU.ActiveCfg = Release|Any CPU
		{939E2D99-434C-49A7-96CA-372D78FA0D7C}.Release|Any CPU.Build.0 = Release|Any CPU
		{939E2D99-434C-49A7-96CA-372D78FA0D7C}.Release|Mixed Platforms.ActiveCfg = Release|Any CPU
		{939E2D99-434C-49A7-96CA-372D78FA0D7C}.Release|Mixed Platforms.Build.0 = Release|Any CPU
		{3D1F8654-BA08-472E-9A5D-F2D1EEE59134}.Debug|.NET.ActiveCfg = Debug|Any CPU
		{3D1F8654-BA08-472E-9A5D-F2D1EEE59134}.Debug|Any CPU.ActiveCfg = Debug|Any CPU
		{3D1F8654-BA08-472E-9A5D-F2D1EEE59134}.Debug|Any CPU.Build.0 = Debug|Any CPU
		{3D1F8654-BA08-472E-9A5D-F2D1EEE59134}.Debug|Mixed Platforms.ActiveCfg = Debug|Any CPU
		{3D1F8654-BA08-472E-9A5D-F2D1EEE59134}.Debug|Mixed Platforms.Build.0 = Debug|Any CPU
		{3D1F8654-BA08-472E-9A5D-F2D1EEE59134}.Release|.NET.ActiveCfg = Release|Any CPU
		{3D1F8654-BA08-472E-9A5D-F2D1EEE59134}.Release|Any CPU.ActiveCfg = Release|Any CPU
		{3D1F8654-BA08-472E-9A5D-F2D1EEE59134}.Release|Any CPU.Build.0 = Release|Any CPU
		{3D1F8654-BA08-472E-9A5D-F2D1EEE59134}.Release|Mixed Platforms.ActiveCfg = Release|Any CPU
		{3D1F8654-BA08-472E-9A5D-F2D1EEE59134}.Release|Mixed Platforms.Build.0 = Release|Any CPU
		{F1FA20FB-5634-41B8-8196-14589DF98684}.Debug|.NET.ActiveCfg = Debug|Any CPU
		{F1FA20FB-5634-41B8-8196-14589DF98684}.Debug|Any CPU.ActiveCfg = Debug|Any CPU
		{F1FA20FB-5634-41B8-8196-14589DF98684}.Debug|Any CPU.Build.0 = Debug|Any CPU
		{F1FA20FB-5634-41B8-8196-14589DF98684}.Debug|Mixed Platforms.ActiveCfg = Debug|Any CPU
		{F1FA20FB-5634-41B8-8196-14589DF98684}.Debug|Mixed Platforms.Build.0 = Debug|Any CPU
		{F1FA20FB-5634-41B8-8196-14589DF98684}.Release|.NET.ActiveCfg = Release|Any CPU
		{F1FA20FB-5634-41B8-8196-14589DF98684}.Release|Any CPU.ActiveCfg = Release|Any CPU
		{F1FA20FB-5634-41B8-8196-14589DF98684}.Release|Any CPU.Build.0 = Release|Any CPU
		{F1FA20FB-5634-41B8-8196-14589DF98684}.Release|Mixed Platforms.ActiveCfg = Release|Any CPU
		{F1FA20FB-5634-41B8-8196-14589DF98684}.Release|Mixed Platforms.Build.0 = Release|Any CPU
		{BF660C02-400E-4230-B8F1-9AB48B164EFF}.Debug|.NET.ActiveCfg = Debug|Any CPU
		{BF660C02-400E-4230-B8F1-9AB48B164EFF}.Debug|Any CPU.ActiveCfg = Debug|Any CPU
		{BF660C02-400E-4230-B8F1-9AB48B164EFF}.Debug|Any CPU.Build.0 = Debug|Any CPU
		{BF660C02-400E-4230-B8F1-9AB48B164EFF}.Debug|Mixed Platforms.ActiveCfg = Debug|Any CPU
		{BF660C02-400E-4230-B8F1-9AB48B164EFF}.Debug|Mixed Platforms.Build.0 = Debug|Any CPU
		{BF660C02-400E-4230-B8F1-9AB48B164EFF}.Release|.NET.ActiveCfg = Release|Any CPU
		{BF660C02-400E-4230-B8F1-9AB48B164EFF}.Release|Any CPU.ActiveCfg = Release|Any CPU
		{BF660C02-400E-4230-B8F1-9AB48B164EFF}.Release|Any CPU.Build.0 = Release|Any CPU
		{BF660C02-400E-4230-B8F1-9AB48B164EFF}.Release|Mixed Platforms.ActiveCfg = Release|Any CPU
		{BF660C02-400E-4230-B8F1-9AB48B164EFF}.Release|Mixed Platforms.Build.0 = Release|Any CPU
		{A954B853-8B69-401B-BE1E-F9984AF68BC0}.Debug|.NET.ActiveCfg = Debug|Any CPU
		{A954B853-8B69-401B-BE1E-F9984AF68BC0}.Debug|Any CPU.ActiveCfg = Debug|Any CPU
		{A954B853-8B69-401B-BE1E-F9984AF68BC0}.Debug|Any CPU.Build.0 = Debug|Any CPU
		{A954B853-8B69-401B-BE1E-F9984AF68BC0}.Debug|Mixed Platforms.ActiveCfg = Debug|Any CPU
		{A954B853-8B69-401B-BE1E-F9984AF68BC0}.Debug|Mixed Platforms.Build.0 = Debug|Any CPU
		{A954B853-8B69-401B-BE1E-F9984AF68BC0}.Release|.NET.ActiveCfg = Release|Any CPU
		{A954B853-8B69-401B-BE1E-F9984AF68BC0}.Release|Any CPU.ActiveCfg = Release|Any CPU
		{A954B853-8B69-401B-BE1E-F9984AF68BC0}.Release|Any CPU.Build.0 = Release|Any CPU
		{A954B853-8B69-401B-BE1E-F9984AF68BC0}.Release|Mixed Platforms.ActiveCfg = Release|Any CPU
		{A954B853-8B69-401B-BE1E-F9984AF68BC0}.Release|Mixed Platforms.Build.0 = Release|Any CPU
		{851D1031-8E5C-40F7-9D4C-CEE71BCD82A8}.Debug|.NET.ActiveCfg = Debug|Any CPU
		{851D1031-8E5C-40F7-9D4C-CEE71BCD82A8}.Debug|Any CPU.ActiveCfg = Debug|Any CPU
		{851D1031-8E5C-40F7-9D4C-CEE71BCD82A8}.Debug|Any CPU.Build.0 = Debug|Any CPU
		{851D1031-8E5C-40F7-9D4C-CEE71BCD82A8}.Debug|Mixed Platforms.ActiveCfg = Debug|Any CPU
		{851D1031-8E5C-40F7-9D4C-CEE71BCD82A8}.Debug|Mixed Platforms.Build.0 = Debug|Any CPU
		{851D1031-8E5C-40F7-9D4C-CEE71BCD82A8}.Release|.NET.ActiveCfg = Release|Any CPU
		{851D1031-8E5C-40F7-9D4C-CEE71BCD82A8}.Release|Any CPU.ActiveCfg = Release|Any CPU
		{851D1031-8E5C-40F7-9D4C-CEE71BCD82A8}.Release|Any CPU.Build.0 = Release|Any CPU
		{851D1031-8E5C-40F7-9D4C-CEE71BCD82A8}.Release|Mixed Platforms.ActiveCfg = Release|Any CPU
		{851D1031-8E5C-40F7-9D4C-CEE71BCD82A8}.Release|Mixed Platforms.Build.0 = Release|Any CPU
		{18B678FE-E8BB-4B8B-B152-44D94BE5EB7B}.Debug|.NET.ActiveCfg = Debug|Any CPU
		{18B678FE-E8BB-4B8B-B152-44D94BE5EB7B}.Debug|Any CPU.ActiveCfg = Debug|Any CPU
		{18B678FE-E8BB-4B8B-B152-44D94BE5EB7B}.Debug|Any CPU.Build.0 = Debug|Any CPU
		{18B678FE-E8BB-4B8B-B152-44D94BE5EB7B}.Debug|Mixed Platforms.ActiveCfg = Debug|Any CPU
		{18B678FE-E8BB-4B8B-B152-44D94BE5EB7B}.Debug|Mixed Platforms.Build.0 = Debug|Any CPU
		{18B678FE-E8BB-4B8B-B152-44D94BE5EB7B}.Release|.NET.ActiveCfg = Release|Any CPU
		{18B678FE-E8BB-4B8B-B152-44D94BE5EB7B}.Release|Any CPU.ActiveCfg = Release|Any CPU
		{18B678FE-E8BB-4B8B-B152-44D94BE5EB7B}.Release|Any CPU.Build.0 = Release|Any CPU
		{18B678FE-E8BB-4B8B-B152-44D94BE5EB7B}.Release|Mixed Platforms.ActiveCfg = Release|Any CPU
		{18B678FE-E8BB-4B8B-B152-44D94BE5EB7B}.Release|Mixed Platforms.Build.0 = Release|Any CPU
		{2CD4105B-0DD6-4C18-9B37-05D8E8F57303}.Debug|.NET.ActiveCfg = Debug|Any CPU
		{2CD4105B-0DD6-4C18-9B37-05D8E8F57303}.Debug|Any CPU.ActiveCfg = Debug|Any CPU
		{2CD4105B-0DD6-4C18-9B37-05D8E8F57303}.Debug|Any CPU.Build.0 = Debug|Any CPU
		{2CD4105B-0DD6-4C18-9B37-05D8E8F57303}.Debug|Mixed Platforms.ActiveCfg = Debug|Any CPU
		{2CD4105B-0DD6-4C18-9B37-05D8E8F57303}.Debug|Mixed Platforms.Build.0 = Debug|Any CPU
		{2CD4105B-0DD6-4C18-9B37-05D8E8F57303}.Release|.NET.ActiveCfg = Release|Any CPU
		{2CD4105B-0DD6-4C18-9B37-05D8E8F57303}.Release|Any CPU.ActiveCfg = Release|Any CPU
		{2CD4105B-0DD6-4C18-9B37-05D8E8F57303}.Release|Any CPU.Build.0 = Release|Any CPU
		{2CD4105B-0DD6-4C18-9B37-05D8E8F57303}.Release|Mixed Platforms.ActiveCfg = Release|Any CPU
		{2CD4105B-0DD6-4C18-9B37-05D8E8F57303}.Release|Mixed Platforms.Build.0 = Release|Any CPU
		{AC34C8E7-2A5B-412C-AFF7-CF7F52EE4569}.Debug|.NET.ActiveCfg = Debug|Any CPU
		{AC34C8E7-2A5B-412C-AFF7-CF7F52EE4569}.Debug|Any CPU.ActiveCfg = Debug|Any CPU
		{AC34C8E7-2A5B-412C-AFF7-CF7F52EE4569}.Debug|Any CPU.Build.0 = Debug|Any CPU
		{AC34C8E7-2A5B-412C-AFF7-CF7F52EE4569}.Debug|Mixed Platforms.ActiveCfg = Debug|Any CPU
		{AC34C8E7-2A5B-412C-AFF7-CF7F52EE4569}.Debug|Mixed Platforms.Build.0 = Debug|Any CPU
		{AC34C8E7-2A5B-412C-AFF7-CF7F52EE4569}.Release|.NET.ActiveCfg = Release|Any CPU
		{AC34C8E7-2A5B-412C-AFF7-CF7F52EE4569}.Release|Any CPU.ActiveCfg = Release|Any CPU
		{AC34C8E7-2A5B-412C-AFF7-CF7F52EE4569}.Release|Any CPU.Build.0 = Release|Any CPU
		{AC34C8E7-2A5B-412C-AFF7-CF7F52EE4569}.Release|Mixed Platforms.ActiveCfg = Release|Any CPU
		{AC34C8E7-2A5B-412C-AFF7-CF7F52EE4569}.Release|Mixed Platforms.Build.0 = Release|Any CPU
		{8440AEA2-CD55-42A0-8724-2ECCE2B32374}.Debug|.NET.ActiveCfg = Debug|Any CPU
		{8440AEA2-CD55-42A0-8724-2ECCE2B32374}.Debug|Any CPU.ActiveCfg = Debug|Any CPU
		{8440AEA2-CD55-42A0-8724-2ECCE2B32374}.Debug|Any CPU.Build.0 = Debug|Any CPU
		{8440AEA2-CD55-42A0-8724-2ECCE2B32374}.Debug|Mixed Platforms.ActiveCfg = Debug|Any CPU
		{8440AEA2-CD55-42A0-8724-2ECCE2B32374}.Debug|Mixed Platforms.Build.0 = Debug|Any CPU
		{8440AEA2-CD55-42A0-8724-2ECCE2B32374}.Release|.NET.ActiveCfg = Release|Any CPU
		{8440AEA2-CD55-42A0-8724-2ECCE2B32374}.Release|Any CPU.ActiveCfg = Release|Any CPU
		{8440AEA2-CD55-42A0-8724-2ECCE2B32374}.Release|Any CPU.Build.0 = Release|Any CPU
		{8440AEA2-CD55-42A0-8724-2ECCE2B32374}.Release|Mixed Platforms.ActiveCfg = Release|Any CPU
		{8440AEA2-CD55-42A0-8724-2ECCE2B32374}.Release|Mixed Platforms.Build.0 = Release|Any CPU
		{0EBF89E7-D2B2-4968-BC17-0DA066029C46}.Debug|.NET.ActiveCfg = Debug|Any CPU
		{0EBF89E7-D2B2-4968-BC17-0DA066029C46}.Debug|Any CPU.ActiveCfg = Debug|Any CPU
		{0EBF89E7-D2B2-4968-BC17-0DA066029C46}.Debug|Any CPU.Build.0 = Debug|Any CPU
		{0EBF89E7-D2B2-4968-BC17-0DA066029C46}.Debug|Mixed Platforms.ActiveCfg = Debug|Any CPU
		{0EBF89E7-D2B2-4968-BC17-0DA066029C46}.Debug|Mixed Platforms.Build.0 = Debug|Any CPU
		{0EBF89E7-D2B2-4968-BC17-0DA066029C46}.Release|.NET.ActiveCfg = Release|Any CPU
		{0EBF89E7-D2B2-4968-BC17-0DA066029C46}.Release|Any CPU.ActiveCfg = Release|Any CPU
		{0EBF89E7-D2B2-4968-BC17-0DA066029C46}.Release|Any CPU.Build.0 = Release|Any CPU
		{0EBF89E7-D2B2-4968-BC17-0DA066029C46}.Release|Mixed Platforms.ActiveCfg = Release|Any CPU
		{0EBF89E7-D2B2-4968-BC17-0DA066029C46}.Release|Mixed Platforms.Build.0 = Release|Any CPU
		{D7979E9B-7978-48FE-B345-3C767A20F9A1}.Debug|.NET.ActiveCfg = Debug|Any CPU
		{D7979E9B-7978-48FE-B345-3C767A20F9A1}.Debug|Any CPU.ActiveCfg = Debug|Any CPU
		{D7979E9B-7978-48FE-B345-3C767A20F9A1}.Debug|Any CPU.Build.0 = Debug|Any CPU
		{D7979E9B-7978-48FE-B345-3C767A20F9A1}.Debug|Mixed Platforms.ActiveCfg = Debug|Any CPU
		{D7979E9B-7978-48FE-B345-3C767A20F9A1}.Debug|Mixed Platforms.Build.0 = Debug|Any CPU
		{D7979E9B-7978-48FE-B345-3C767A20F9A1}.Release|.NET.ActiveCfg = Release|Any CPU
		{D7979E9B-7978-48FE-B345-3C767A20F9A1}.Release|Any CPU.ActiveCfg = Release|Any CPU
		{D7979E9B-7978-48FE-B345-3C767A20F9A1}.Release|Any CPU.Build.0 = Release|Any CPU
		{D7979E9B-7978-48FE-B345-3C767A20F9A1}.Release|Mixed Platforms.ActiveCfg = Release|Any CPU
		{D7979E9B-7978-48FE-B345-3C767A20F9A1}.Release|Mixed Platforms.Build.0 = Release|Any CPU
		{B68F4968-A7CF-41CC-AD6E-373DB5E67944}.Debug|.NET.ActiveCfg = Debug|Any CPU
		{B68F4968-A7CF-41CC-AD6E-373DB5E67944}.Debug|Any CPU.ActiveCfg = Debug|Any CPU
		{B68F4968-A7CF-41CC-AD6E-373DB5E67944}.Debug|Any CPU.Build.0 = Debug|Any CPU
		{B68F4968-A7CF-41CC-AD6E-373DB5E67944}.Debug|Mixed Platforms.ActiveCfg = Debug|Any CPU
		{B68F4968-A7CF-41CC-AD6E-373DB5E67944}.Debug|Mixed Platforms.Build.0 = Debug|Any CPU
		{B68F4968-A7CF-41CC-AD6E-373DB5E67944}.Release|.NET.ActiveCfg = Release|Any CPU
		{B68F4968-A7CF-41CC-AD6E-373DB5E67944}.Release|Any CPU.ActiveCfg = Release|Any CPU
		{B68F4968-A7CF-41CC-AD6E-373DB5E67944}.Release|Any CPU.Build.0 = Release|Any CPU
		{B68F4968-A7CF-41CC-AD6E-373DB5E67944}.Release|Mixed Platforms.ActiveCfg = Release|Any CPU
		{B68F4968-A7CF-41CC-AD6E-373DB5E67944}.Release|Mixed Platforms.Build.0 = Release|Any CPU
		{1735E7F3-65BA-4E29-B319-6C2CA03659D1}.Debug|.NET.ActiveCfg = Debug|Any CPU
		{1735E7F3-65BA-4E29-B319-6C2CA03659D1}.Debug|Any CPU.ActiveCfg = Debug|Any CPU
		{1735E7F3-65BA-4E29-B319-6C2CA03659D1}.Debug|Any CPU.Build.0 = Debug|Any CPU
		{1735E7F3-65BA-4E29-B319-6C2CA03659D1}.Debug|Mixed Platforms.ActiveCfg = Debug|Any CPU
		{1735E7F3-65BA-4E29-B319-6C2CA03659D1}.Debug|Mixed Platforms.Build.0 = Debug|Any CPU
		{1735E7F3-65BA-4E29-B319-6C2CA03659D1}.Release|.NET.ActiveCfg = Release|Any CPU
		{1735E7F3-65BA-4E29-B319-6C2CA03659D1}.Release|Any CPU.ActiveCfg = Release|Any CPU
		{1735E7F3-65BA-4E29-B319-6C2CA03659D1}.Release|Any CPU.Build.0 = Release|Any CPU
		{1735E7F3-65BA-4E29-B319-6C2CA03659D1}.Release|Mixed Platforms.ActiveCfg = Release|Any CPU
		{1735E7F3-65BA-4E29-B319-6C2CA03659D1}.Release|Mixed Platforms.Build.0 = Release|Any CPU
	EndGlobalSection
	GlobalSection(SolutionProperties) = preSolution
		HideSolutionNode = FALSE
	EndGlobalSection
	GlobalSection(NestedProjects) = preSolution
		{72E1502D-A7A8-44C0-9903-0DAE301D5FF4} = {F57E6A6D-0FC7-4482-9EFA-5FEDA8DB59F7}
		{D8102251-EA56-44F1-AD23-42FAF8EA478C} = {F57E6A6D-0FC7-4482-9EFA-5FEDA8DB59F7}
		{A09297C8-2C40-470B-8856-D856676DDFFA} = {F57E6A6D-0FC7-4482-9EFA-5FEDA8DB59F7}
		{241CC28C-B5B3-4F9F-A8CA-A85BB0F52D23} = {72E1502D-A7A8-44C0-9903-0DAE301D5FF4}
		{C7E21FE1-53B4-4355-AB4A-834DA21B2607} = {72E1502D-A7A8-44C0-9903-0DAE301D5FF4}
		{9CC92B51-39D9-4622-BE1D-57257C894FA7} = {72E1502D-A7A8-44C0-9903-0DAE301D5FF4}
		{85032C2A-91D2-40C8-BE83-D7002FE58AC7} = {72E1502D-A7A8-44C0-9903-0DAE301D5FF4}
		{02FC8CE2-2CB3-41B6-8516-0A27B99708A9} = {D8102251-EA56-44F1-AD23-42FAF8EA478C}
		{C6DE0220-E31B-486B-AB57-107636AEB927} = {D8102251-EA56-44F1-AD23-42FAF8EA478C}
		{A5AE3165-DDBE-4790-8F8B-DA42FBE1060A} = {EBB28437-7393-44EC-BB21-4EF3C08AE3C0}
		{E814A5DC-C15B-4BA4-AB7C-B7C9A34AC2FD} = {EBB28437-7393-44EC-BB21-4EF3C08AE3C0}
		{30E03786-66F1-4F4E-A5C9-3162851D21BD} = {EBB28437-7393-44EC-BB21-4EF3C08AE3C0}
		{5E66DD34-3ABB-48F7-AF8E-1F6D1C41FB9B} = {EBB28437-7393-44EC-BB21-4EF3C08AE3C0}
		{891598C1-97B6-4703-B8DF-37024649482F} = {EBB28437-7393-44EC-BB21-4EF3C08AE3C0}
		{F2B37E3C-5C7C-468A-8497-AD0A13A1005B} = {EBB28437-7393-44EC-BB21-4EF3C08AE3C0}
		{A1EBF2C2-A0BC-4970-8FA3-7796D287152A} = {A5AE3165-DDBE-4790-8F8B-DA42FBE1060A}
		{B29D0579-A72E-4B82-A376-342176AF5475} = {A5AE3165-DDBE-4790-8F8B-DA42FBE1060A}
		{09F316EC-2F5F-48C9-9EBE-90E4705E6F09} = {A5AE3165-DDBE-4790-8F8B-DA42FBE1060A}
		{7229C7C8-FEF5-481D-82D9-660D5D6804B4} = {A5AE3165-DDBE-4790-8F8B-DA42FBE1060A}
		{2364A790-3FEF-4CBC-B0DE-A6C9FD9922F4} = {A5AE3165-DDBE-4790-8F8B-DA42FBE1060A}
		{3D3C0BEE-437E-487C-B9B3-46288AE933B9} = {A5AE3165-DDBE-4790-8F8B-DA42FBE1060A}
		{18B678FE-E8BB-4B8B-B152-44D94BE5EB7B} = {A5AE3165-DDBE-4790-8F8B-DA42FBE1060A}
		{AC321EDA-C130-47A4-B0E7-DBB6B7E560EC} = {D63C68DF-3AFE-4433-81F8-2153D161C029}
		{D349B6D8-992F-443F-BB57-57E50DD98794} = {D63C68DF-3AFE-4433-81F8-2153D161C029}
		{14DD9908-BB61-4402-810A-4C8A999163A9} = {D63C68DF-3AFE-4433-81F8-2153D161C029}
		{C10AAE86-F79E-430E-A5A4-FCDB9BB54AB0} = {AC321EDA-C130-47A4-B0E7-DBB6B7E560EC}
		{16D47884-153E-4A57-84F4-54115558CEEC} = {AC321EDA-C130-47A4-B0E7-DBB6B7E560EC}
		{5D9A30BB-5CC0-46F3-BD4B-828FC6270323} = {AC321EDA-C130-47A4-B0E7-DBB6B7E560EC}
		{8258FB05-E92F-428E-AB48-86D7E3F5FE43} = {AC321EDA-C130-47A4-B0E7-DBB6B7E560EC}
		{005550C0-0086-4B26-BA26-06445D3F79AD} = {1F70275F-7058-4456-8FDB-B9168903F671}
		{6AC97717-899D-4F72-BC5B-2C37959CD4FF} = {1F70275F-7058-4456-8FDB-B9168903F671}
		{5DC01A57-1DB2-48B9-AEB3-2BFAE9089FD7} = {1F70275F-7058-4456-8FDB-B9168903F671}
		{808F5173-C16B-4599-9C2C-9A704A6BD59C} = {1F70275F-7058-4456-8FDB-B9168903F671}
		{4804DAD4-EE9C-45E4-A151-DCDE6D06EB61} = {005550C0-0086-4B26-BA26-06445D3F79AD}
		{E0717C5B-A386-4296-AC23-20A0242CEFE8} = {005550C0-0086-4B26-BA26-06445D3F79AD}
		{B2B1B817-E31B-4696-8F84-93296F170E22} = {005550C0-0086-4B26-BA26-06445D3F79AD}
		{BA6BBE25-09D1-47F8-9BAB-F0FF66AD0D70} = {005550C0-0086-4B26-BA26-06445D3F79AD}
		{AD68682B-01A5-478E-A285-2A56A40367A6} = {BA30BD64-7E40-4022-8BF2-6E9822964491}
		{2DB0AD6D-BF59-4EBB-9F99-49ABD8539FD2} = {BA30BD64-7E40-4022-8BF2-6E9822964491}
		{EC311AD3-0A26-4808-901B-A983E97E5790} = {BA30BD64-7E40-4022-8BF2-6E9822964491}
		{90CBF2D3-767E-4E3C-AF8C-AB3E5F17BE18} = {BA30BD64-7E40-4022-8BF2-6E9822964491}
		{5179BF96-3EDA-43DD-A636-D98E4C7BE7BC} = {AD68682B-01A5-478E-A285-2A56A40367A6}
		{708C6E4C-1380-44A6-ABE9-0C25E633AD85} = {AD68682B-01A5-478E-A285-2A56A40367A6}
		{F703A7CA-B0BB-4EA2-B918-E7BC05C52CD7} = {AD68682B-01A5-478E-A285-2A56A40367A6}
		{C48EF765-06A2-4570-AB91-A6D5E5F4C854} = {5C581318-1C04-4232-9F94-4A43F75FB93F}
		{3E6129C8-18E4-410D-89FC-0DBBE6009FC5} = {5C581318-1C04-4232-9F94-4A43F75FB93F}
		{37B1BE56-EF65-4012-A4A8-B14E27083E16} = {C48EF765-06A2-4570-AB91-A6D5E5F4C854}
		{36D93DB7-1E3D-4322-AF2A-BE839E961BB3} = {C48EF765-06A2-4570-AB91-A6D5E5F4C854}
		{EBCB52B8-C189-4958-9BB2-B7670BCB49FB} = {C48EF765-06A2-4570-AB91-A6D5E5F4C854}
		{52EDBD26-8878-48F7-991A-F4B9216AE3A3} = {4D23CB21-B917-4487-9794-4C467FDAA862}
		{E7A6F876-1FA6-45A8-898C-9EE3D33440CC} = {4D23CB21-B917-4487-9794-4C467FDAA862}
		{373B9B52-66D1-406D-B2B3-43C370804AD3} = {4D23CB21-B917-4487-9794-4C467FDAA862}
		{694F23B5-C150-4965-B3BB-9906B2245019} = {4D23CB21-B917-4487-9794-4C467FDAA862}
		{939E2D99-434C-49A7-96CA-372D78FA0D7C} = {4D23CB21-B917-4487-9794-4C467FDAA862}
		{3D1F8654-BA08-472E-9A5D-F2D1EEE59134} = {4D23CB21-B917-4487-9794-4C467FDAA862}
		{F1FA20FB-5634-41B8-8196-14589DF98684} = {4D23CB21-B917-4487-9794-4C467FDAA862}
		{BF660C02-400E-4230-B8F1-9AB48B164EFF} = {52EDBD26-8878-48F7-991A-F4B9216AE3A3}
		{A954B853-8B69-401B-BE1E-F9984AF68BC0} = {52EDBD26-8878-48F7-991A-F4B9216AE3A3}
		{851D1031-8E5C-40F7-9D4C-CEE71BCD82A8} = {52EDBD26-8878-48F7-991A-F4B9216AE3A3}
		{2CD4105B-0DD6-4C18-9B37-05D8E8F57303} = {C764AAB6-7784-4D70-8114-AD6EC541729E}
		{AC34C8E7-2A5B-412C-AFF7-CF7F52EE4569} = {C764AAB6-7784-4D70-8114-AD6EC541729E}
		{8440AEA2-CD55-42A0-8724-2ECCE2B32374} = {C764AAB6-7784-4D70-8114-AD6EC541729E}
		{0EBF89E7-D2B2-4968-BC17-0DA066029C46} = {C764AAB6-7784-4D70-8114-AD6EC541729E}
		{D7979E9B-7978-48FE-B345-3C767A20F9A1} = {C764AAB6-7784-4D70-8114-AD6EC541729E}
		{B68F4968-A7CF-41CC-AD6E-373DB5E67944} = {C764AAB6-7784-4D70-8114-AD6EC541729E}
		{557F4B70-BFA9-4238-B18B-3E021635F266} = {C764AAB6-7784-4D70-8114-AD6EC541729E}
		{1735E7F3-65BA-4E29-B319-6C2CA03659D1} = {557F4B70-BFA9-4238-B18B-3E021635F266}
	EndGlobalSection
	GlobalSection(TextTemplating) = postSolution
		TextTemplating = 1
	EndGlobalSection
EndGlobal
