
Microsoft Visual Studio Solution File, Format Version 10.00
# Visual Studio 2008
Project("{2150E333-8FDC-42A3-9474-1A3956D46DE8}") = "Exception Handling with Logging QuickStart", "Exception Handling with Logging QuickStart", "{274E2AF4-A8AB-42D9-89EC-9D72D92DF20D}"
EndProject
Project("{2150E333-8FDC-42A3-9474-1A3956D46DE8}") = "Referenced Enterprise Library Projects", "Referenced Enterprise Library Projects", "{5BCF12A2-7F3F-47F3-9C5E-CFEEBC5B2E6E}"
EndProject
Project("{F184B08F-C81C-45F6-A57F-5ABD9991F28F}") = "ExceptionHandlingWithLoggingQuickStart", "ExceptionHandlingWithLoggingQuickStart\ExceptionHandlingWithLoggingQuickStart.vbproj", "{A0704D15-E392-41CE-8E58-010BD3149396}"
	ProjectSection(ProjectDependencies) = postProject
		{6AC97717-899D-4F72-BC5B-2C37959CD4FF} = {6AC97717-899D-4F72-BC5B-2C37959CD4FF}
		{2DB0AD6D-BF59-4EBB-9F99-49ABD8539FD2} = {2DB0AD6D-BF59-4EBB-9F99-49ABD8539FD2}
		{CA970EB3-8863-45EB-B7B5-38A138866D8C} = {CA970EB3-8863-45EB-B7B5-38A138866D8C}
		{A09297C8-2C40-470B-8856-D856676DDFFA} = {A09297C8-2C40-470B-8856-D856676DDFFA}
		{EC311AD3-0A26-4808-901B-A983E97E5790} = {EC311AD3-0A26-4808-901B-A983E97E5790}
	EndProjectSection
EndProject
Project("{F184B08F-C81C-45F6-A57F-5ABD9991F28F}") = "ExceptionHandlingQuickStart.BusinessLayer", "ExceptionHandlingQuickStart.BusinessLayer\ExceptionHandlingQuickStart.BusinessLayer.vbproj", "{CA970EB3-8863-45EB-B7B5-38A138866D8C}"
EndProject
Project("{FAE04EC0-301F-11D3-BF4B-00C04F79EFBC}") = "ExceptionHandling", "..\..\..\Blocks\ExceptionHandling\Src\ExceptionHandling\ExceptionHandling.csproj", "{2DB0AD6D-BF59-4EBB-9F99-49ABD8539FD2}"
EndProject
Project("{FAE04EC0-301F-11D3-BF4B-00C04F79EFBC}") = "ExceptionHandling.Logging", "..\..\..\Blocks\ExceptionHandling\Src\Logging\ExceptionHandling.Logging.csproj", "{EC311AD3-0A26-4808-901B-A983E97E5790}"
EndProject
Project("{FAE04EC0-301F-11D3-BF4B-00C04F79EFBC}") = "Logging", "..\..\..\Blocks\Logging\Src\Logging\Logging.csproj", "{6AC97717-899D-4F72-BC5B-2C37959CD4FF}"
EndProject
Project("{FAE04EC0-301F-11D3-BF4B-00C04F79EFBC}") = "Common", "..\..\..\Blocks\Common\Src\Common.csproj", "{A09297C8-2C40-470B-8856-D856676DDFFA}"
EndProject
Global
	GlobalSection(SolutionConfigurationPlatforms) = preSolution
		Debug|Any CPU = Debug|Any CPU
		DebugLongRunningTests|Any CPU = DebugLongRunningTests|Any CPU
		DebugUnitTests|Any CPU = DebugUnitTests|Any CPU
		Release|Any CPU = Release|Any CPU
		ReleaseFinal|Any CPU = ReleaseFinal|Any CPU
		ReleaseUnitTests|Any CPU = ReleaseUnitTests|Any CPU
	EndGlobalSection
	GlobalSection(ProjectConfigurationPlatforms) = postSolution
		{A0704D15-E392-41CE-8E58-010BD3149396}.Debug|Any CPU.ActiveCfg = Debug|Any CPU
		{A0704D15-E392-41CE-8E58-010BD3149396}.Debug|Any CPU.Build.0 = Debug|Any CPU
		{A0704D15-E392-41CE-8E58-010BD3149396}.DebugLongRunningTests|Any CPU.ActiveCfg = Debug|Any CPU
		{A0704D15-E392-41CE-8E58-010BD3149396}.DebugLongRunningTests|Any CPU.Build.0 = Debug|Any CPU
		{A0704D15-E392-41CE-8E58-010BD3149396}.DebugUnitTests|Any CPU.ActiveCfg = Debug|Any CPU
		{A0704D15-E392-41CE-8E58-010BD3149396}.DebugUnitTests|Any CPU.Build.0 = Debug|Any CPU
		{A0704D15-E392-41CE-8E58-010BD3149396}.Release|Any CPU.ActiveCfg = Release|Any CPU
		{A0704D15-E392-41CE-8E58-010BD3149396}.Release|Any CPU.Build.0 = Release|Any CPU
		{A0704D15-E392-41CE-8E58-010BD3149396}.ReleaseFinal|Any CPU.ActiveCfg = Release|Any CPU
		{A0704D15-E392-41CE-8E58-010BD3149396}.ReleaseFinal|Any CPU.Build.0 = Release|Any CPU
		{A0704D15-E392-41CE-8E58-010BD3149396}.ReleaseUnitTests|Any CPU.ActiveCfg = Release|Any CPU
		{A0704D15-E392-41CE-8E58-010BD3149396}.ReleaseUnitTests|Any CPU.Build.0 = Release|Any CPU
		{CA970EB3-8863-45EB-B7B5-38A138866D8C}.Debug|Any CPU.ActiveCfg = Debug|Any CPU
		{CA970EB3-8863-45EB-B7B5-38A138866D8C}.Debug|Any CPU.Build.0 = Debug|Any CPU
		{CA970EB3-8863-45EB-B7B5-38A138866D8C}.DebugLongRunningTests|Any CPU.ActiveCfg = Debug|Any CPU
		{CA970EB3-8863-45EB-B7B5-38A138866D8C}.DebugLongRunningTests|Any CPU.Build.0 = Debug|Any CPU
		{CA970EB3-8863-45EB-B7B5-38A138866D8C}.DebugUnitTests|Any CPU.ActiveCfg = Debug|Any CPU
		{CA970EB3-8863-45EB-B7B5-38A138866D8C}.DebugUnitTests|Any CPU.Build.0 = Debug|Any CPU
		{CA970EB3-8863-45EB-B7B5-38A138866D8C}.Release|Any CPU.ActiveCfg = Release|Any CPU
		{CA970EB3-8863-45EB-B7B5-38A138866D8C}.Release|Any CPU.Build.0 = Release|Any CPU
		{CA970EB3-8863-45EB-B7B5-38A138866D8C}.ReleaseFinal|Any CPU.ActiveCfg = Release|Any CPU
		{CA970EB3-8863-45EB-B7B5-38A138866D8C}.ReleaseFinal|Any CPU.Build.0 = Release|Any CPU
		{CA970EB3-8863-45EB-B7B5-38A138866D8C}.ReleaseUnitTests|Any CPU.ActiveCfg = Release|Any CPU
		{CA970EB3-8863-45EB-B7B5-38A138866D8C}.ReleaseUnitTests|Any CPU.Build.0 = Release|Any CPU
		{2DB0AD6D-BF59-4EBB-9F99-49ABD8539FD2}.Debug|Any CPU.ActiveCfg = Debug|Any CPU
		{2DB0AD6D-BF59-4EBB-9F99-49ABD8539FD2}.Debug|Any CPU.Build.0 = Debug|Any CPU
		{2DB0AD6D-BF59-4EBB-9F99-49ABD8539FD2}.DebugLongRunningTests|Any CPU.ActiveCfg = Debug|Any CPU
		{2DB0AD6D-BF59-4EBB-9F99-49ABD8539FD2}.DebugLongRunningTests|Any CPU.Build.0 = Debug|Any CPU
		{2DB0AD6D-BF59-4EBB-9F99-49ABD8539FD2}.DebugUnitTests|Any CPU.ActiveCfg = Debug|Any CPU
		{2DB0AD6D-BF59-4EBB-9F99-49ABD8539FD2}.DebugUnitTests|Any CPU.Build.0 = Debug|Any CPU
		{2DB0AD6D-BF59-4EBB-9F99-49ABD8539FD2}.Release|Any CPU.ActiveCfg = Release|Any CPU
		{2DB0AD6D-BF59-4EBB-9F99-49ABD8539FD2}.Release|Any CPU.Build.0 = Release|Any CPU
		{2DB0AD6D-BF59-4EBB-9F99-49ABD8539FD2}.ReleaseFinal|Any CPU.ActiveCfg = Release|Any CPU
		{2DB0AD6D-BF59-4EBB-9F99-49ABD8539FD2}.ReleaseFinal|Any CPU.Build.0 = Release|Any CPU
		{2DB0AD6D-BF59-4EBB-9F99-49ABD8539FD2}.ReleaseUnitTests|Any CPU.ActiveCfg = Release|Any CPU
		{2DB0AD6D-BF59-4EBB-9F99-49ABD8539FD2}.ReleaseUnitTests|Any CPU.Build.0 = Release|Any CPU
		{EC311AD3-0A26-4808-901B-A983E97E5790}.Debug|Any CPU.ActiveCfg = Debug|Any CPU
		{EC311AD3-0A26-4808-901B-A983E97E5790}.Debug|Any CPU.Build.0 = Debug|Any CPU
		{EC311AD3-0A26-4808-901B-A983E97E5790}.DebugLongRunningTests|Any CPU.ActiveCfg = Debug|Any CPU
		{EC311AD3-0A26-4808-901B-A983E97E5790}.DebugLongRunningTests|Any CPU.Build.0 = Debug|Any CPU
		{EC311AD3-0A26-4808-901B-A983E97E5790}.DebugUnitTests|Any CPU.ActiveCfg = Debug|Any CPU
		{EC311AD3-0A26-4808-901B-A983E97E5790}.DebugUnitTests|Any CPU.Build.0 = Debug|Any CPU
		{EC311AD3-0A26-4808-901B-A983E97E5790}.Release|Any CPU.ActiveCfg = Release|Any CPU
		{EC311AD3-0A26-4808-901B-A983E97E5790}.Release|Any CPU.Build.0 = Release|Any CPU
		{EC311AD3-0A26-4808-901B-A983E97E5790}.ReleaseFinal|Any CPU.ActiveCfg = Release|Any CPU
		{EC311AD3-0A26-4808-901B-A983E97E5790}.ReleaseFinal|Any CPU.Build.0 = Release|Any CPU
		{EC311AD3-0A26-4808-901B-A983E97E5790}.ReleaseUnitTests|Any CPU.ActiveCfg = Release|Any CPU
		{EC311AD3-0A26-4808-901B-A983E97E5790}.ReleaseUnitTests|Any CPU.Build.0 = Release|Any CPU
		{6AC97717-899D-4F72-BC5B-2C37959CD4FF}.Debug|Any CPU.ActiveCfg = Debug|Any CPU
		{6AC97717-899D-4F72-BC5B-2C37959CD4FF}.Debug|Any CPU.Build.0 = Debug|Any CPU
		{6AC97717-899D-4F72-BC5B-2C37959CD4FF}.DebugLongRunningTests|Any CPU.ActiveCfg = Debug|Any CPU
		{6AC97717-899D-4F72-BC5B-2C37959CD4FF}.DebugLongRunningTests|Any CPU.Build.0 = Debug|Any CPU
		{6AC97717-899D-4F72-BC5B-2C37959CD4FF}.DebugUnitTests|Any CPU.ActiveCfg = Debug|Any CPU
		{6AC97717-899D-4F72-BC5B-2C37959CD4FF}.DebugUnitTests|Any CPU.Build.0 = Debug|Any CPU
		{6AC97717-899D-4F72-BC5B-2C37959CD4FF}.Release|Any CPU.ActiveCfg = Release|Any CPU
		{6AC97717-899D-4F72-BC5B-2C37959CD4FF}.Release|Any CPU.Build.0 = Release|Any CPU
		{6AC97717-899D-4F72-BC5B-2C37959CD4FF}.ReleaseFinal|Any CPU.ActiveCfg = Release|Any CPU
		{6AC97717-899D-4F72-BC5B-2C37959CD4FF}.ReleaseFinal|Any CPU.Build.0 = Release|Any CPU
		{6AC97717-899D-4F72-BC5B-2C37959CD4FF}.ReleaseUnitTests|Any CPU.ActiveCfg = Release|Any CPU
		{6AC97717-899D-4F72-BC5B-2C37959CD4FF}.ReleaseUnitTests|Any CPU.Build.0 = Release|Any CPU
		{A09297C8-2C40-470B-8856-D856676DDFFA}.Debug|Any CPU.ActiveCfg = Debug|Any CPU
		{A09297C8-2C40-470B-8856-D856676DDFFA}.Debug|Any CPU.Build.0 = Debug|Any CPU
		{A09297C8-2C40-470B-8856-D856676DDFFA}.DebugLongRunningTests|Any CPU.ActiveCfg = Debug|Any CPU
		{A09297C8-2C40-470B-8856-D856676DDFFA}.DebugLongRunningTests|Any CPU.Build.0 = Debug|Any CPU
		{A09297C8-2C40-470B-8856-D856676DDFFA}.DebugUnitTests|Any CPU.ActiveCfg = Debug|Any CPU
		{A09297C8-2C40-470B-8856-D856676DDFFA}.DebugUnitTests|Any CPU.Build.0 = Debug|Any CPU
		{A09297C8-2C40-470B-8856-D856676DDFFA}.Release|Any CPU.ActiveCfg = Release|Any CPU
		{A09297C8-2C40-470B-8856-D856676DDFFA}.Release|Any CPU.Build.0 = Release|Any CPU
		{A09297C8-2C40-470B-8856-D856676DDFFA}.ReleaseFinal|Any CPU.ActiveCfg = Release|Any CPU
		{A09297C8-2C40-470B-8856-D856676DDFFA}.ReleaseFinal|Any CPU.Build.0 = Release|Any CPU
		{A09297C8-2C40-470B-8856-D856676DDFFA}.ReleaseUnitTests|Any CPU.ActiveCfg = Release|Any CPU
		{A09297C8-2C40-470B-8856-D856676DDFFA}.ReleaseUnitTests|Any CPU.Build.0 = Release|Any CPU
	EndGlobalSection
	GlobalSection(SolutionProperties) = preSolution
		HideSolutionNode = FALSE
	EndGlobalSection
	GlobalSection(NestedProjects) = preSolution
		{A0704D15-E392-41CE-8E58-010BD3149396} = {274E2AF4-A8AB-42D9-89EC-9D72D92DF20D}
		{CA970EB3-8863-45EB-B7B5-38A138866D8C} = {274E2AF4-A8AB-42D9-89EC-9D72D92DF20D}
		{2DB0AD6D-BF59-4EBB-9F99-49ABD8539FD2} = {5BCF12A2-7F3F-47F3-9C5E-CFEEBC5B2E6E}
		{EC311AD3-0A26-4808-901B-A983E97E5790} = {5BCF12A2-7F3F-47F3-9C5E-CFEEBC5B2E6E}
		{6AC97717-899D-4F72-BC5B-2C37959CD4FF} = {5BCF12A2-7F3F-47F3-9C5E-CFEEBC5B2E6E}
		{A09297C8-2C40-470B-8856-D856676DDFFA} = {5BCF12A2-7F3F-47F3-9C5E-CFEEBC5B2E6E}
	EndGlobalSection
	GlobalSection(ExtensibilityGlobals) = postSolution
		SelectedEnterpriseLibraryConfigurationSet = EntLib4Src
	EndGlobalSection
	GlobalSection(DPCodeReviewSolutionGUID) = preSolution
		DPCodeReviewSolutionGUID = {00000000-0000-0000-0000-000000000000}
	EndGlobalSection
EndGlobal
