
Microsoft Visual Studio Solution File, Format Version 10.00
# Visual Studio 2008
Project("{2150E333-8FDC-42A3-9474-1A3956D46DE8}") = "Policy Injection Application Block", "Policy Injection Application Block", "{9648EC50-4083-4A4A-BD92-B7CF1F297DDE}"
	ProjectSection(FolderStartupServices) = postProject
		{B4F97281-0DBD-4835-9ED8-7DFB966E87FF} = {B4F97281-0DBD-4835-9ED8-7DFB966E87FF}
	EndProjectSection
EndProject
Project("{2150E333-8FDC-42A3-9474-1A3956D46DE8}") = "Policy Injection QuickStart", "Policy Injection QuickStart", "{F461D253-A201-47D0-A29C-1CCE0677F4EA}"
	ProjectSection(FolderStartupServices) = postProject
		{B4F97281-0DBD-4835-9ED8-7DFB966E87FF} = {B4F97281-0DBD-4835-9ED8-7DFB966E87FF}
	EndProjectSection
EndProject
Project("{2150E333-8FDC-42A3-9474-1A3956D46DE8}") = "Referenced Projects", "Referenced Projects", "{3C4AE502-2854-498E-AE91-AFA4AA8E84F7}"
	ProjectSection(FolderStartupServices) = postProject
		{B4F97281-0DBD-4835-9ED8-7DFB966E87FF} = {B4F97281-0DBD-4835-9ED8-7DFB966E87FF}
	EndProjectSection
EndProject
Project("{F184B08F-C81C-45F6-A57F-5ABD9991F28F}") = "PolicyInjectionQuickStart", "PolicyInjectionQuickStart\PolicyInjectionQuickStart.vbproj", "{EB4A872E-C6CA-43F6-8C9C-E46A86C60CF3}"
EndProject
Project("{FAE04EC0-301F-11D3-BF4B-00C04F79EFBC}") = "PolicyInjection", "..\..\..\..\Blocks\PolicyInjection\Src\PolicyInjection\PolicyInjection.csproj", "{3E6129C8-18E4-410D-89FC-0DBBE6009FC5}"
EndProject
Project("{FAE04EC0-301F-11D3-BF4B-00C04F79EFBC}") = "PolicyInjection.CallHandlers", "..\..\..\..\Blocks\PolicyInjection\Src\CallHandlers\PolicyInjection.CallHandlers.csproj", "{88316009-DEDF-434C-A6A8-BE79D8A1B502}"
EndProject
Project("{FAE04EC0-301F-11D3-BF4B-00C04F79EFBC}") = "Common", "..\..\..\..\Blocks\Common\Src\Common.csproj", "{A09297C8-2C40-470B-8856-D856676DDFFA}"
EndProject
Project("{FAE04EC0-301F-11D3-BF4B-00C04F79EFBC}") = "ExceptionHandling", "..\..\..\..\Blocks\ExceptionHandling\Src\ExceptionHandling\ExceptionHandling.csproj", "{2DB0AD6D-BF59-4EBB-9F99-49ABD8539FD2}"
EndProject
Project("{FAE04EC0-301F-11D3-BF4B-00C04F79EFBC}") = "Logging", "..\..\..\..\Blocks\Logging\Src\Logging\Logging.csproj", "{6AC97717-899D-4F72-BC5B-2C37959CD4FF}"
EndProject
Project("{FAE04EC0-301F-11D3-BF4B-00C04F79EFBC}") = "Security", "..\..\..\..\Blocks\Security\Src\Security\Security.csproj", "{CF2CBDAD-4D43-45EA-9D40-4CD9CC7EE744}"
EndProject
Project("{FAE04EC0-301F-11D3-BF4B-00C04F79EFBC}") = "Validation", "..\..\..\..\Blocks\Validation\Src\Validation\Validation.csproj", "{E814A5DC-C15B-4BA4-AB7C-B7C9A34AC2FD}"
EndProject
Global
	GlobalSection(SolutionConfigurationPlatforms) = preSolution
		Debug|Any CPU = Debug|Any CPU
		Release|Any CPU = Release|Any CPU
	EndGlobalSection
	GlobalSection(ProjectConfigurationPlatforms) = postSolution
		{EB4A872E-C6CA-43F6-8C9C-E46A86C60CF3}.Debug|Any CPU.ActiveCfg = Debug|Any CPU
		{EB4A872E-C6CA-43F6-8C9C-E46A86C60CF3}.Debug|Any CPU.Build.0 = Debug|Any CPU
		{EB4A872E-C6CA-43F6-8C9C-E46A86C60CF3}.Release|Any CPU.ActiveCfg = Release|Any CPU
		{EB4A872E-C6CA-43F6-8C9C-E46A86C60CF3}.Release|Any CPU.Build.0 = Release|Any CPU
		{3E6129C8-18E4-410D-89FC-0DBBE6009FC5}.Debug|Any CPU.ActiveCfg = Debug|Any CPU
		{3E6129C8-18E4-410D-89FC-0DBBE6009FC5}.Debug|Any CPU.Build.0 = Debug|Any CPU
		{3E6129C8-18E4-410D-89FC-0DBBE6009FC5}.Release|Any CPU.ActiveCfg = Release|Any CPU
		{3E6129C8-18E4-410D-89FC-0DBBE6009FC5}.Release|Any CPU.Build.0 = Release|Any CPU
		{88316009-DEDF-434C-A6A8-BE79D8A1B502}.Debug|Any CPU.ActiveCfg = Debug|Any CPU
		{88316009-DEDF-434C-A6A8-BE79D8A1B502}.Debug|Any CPU.Build.0 = Debug|Any CPU
		{88316009-DEDF-434C-A6A8-BE79D8A1B502}.Release|Any CPU.ActiveCfg = Release|Any CPU
		{88316009-DEDF-434C-A6A8-BE79D8A1B502}.Release|Any CPU.Build.0 = Release|Any CPU
		{A09297C8-2C40-470B-8856-D856676DDFFA}.Debug|Any CPU.ActiveCfg = Debug|Any CPU
		{A09297C8-2C40-470B-8856-D856676DDFFA}.Debug|Any CPU.Build.0 = Debug|Any CPU
		{A09297C8-2C40-470B-8856-D856676DDFFA}.Release|Any CPU.ActiveCfg = Release|Any CPU
		{A09297C8-2C40-470B-8856-D856676DDFFA}.Release|Any CPU.Build.0 = Release|Any CPU
		{2DB0AD6D-BF59-4EBB-9F99-49ABD8539FD2}.Debug|Any CPU.ActiveCfg = Debug|Any CPU
		{2DB0AD6D-BF59-4EBB-9F99-49ABD8539FD2}.Debug|Any CPU.Build.0 = Debug|Any CPU
		{2DB0AD6D-BF59-4EBB-9F99-49ABD8539FD2}.Release|Any CPU.ActiveCfg = Release|Any CPU
		{2DB0AD6D-BF59-4EBB-9F99-49ABD8539FD2}.Release|Any CPU.Build.0 = Release|Any CPU
		{6AC97717-899D-4F72-BC5B-2C37959CD4FF}.Debug|Any CPU.ActiveCfg = Debug|Any CPU
		{6AC97717-899D-4F72-BC5B-2C37959CD4FF}.Debug|Any CPU.Build.0 = Debug|Any CPU
		{6AC97717-899D-4F72-BC5B-2C37959CD4FF}.Release|Any CPU.ActiveCfg = Release|Any CPU
		{6AC97717-899D-4F72-BC5B-2C37959CD4FF}.Release|Any CPU.Build.0 = Release|Any CPU
		{CF2CBDAD-4D43-45EA-9D40-4CD9CC7EE744}.Debug|Any CPU.ActiveCfg = Debug|Any CPU
		{CF2CBDAD-4D43-45EA-9D40-4CD9CC7EE744}.Debug|Any CPU.Build.0 = Debug|Any CPU
		{CF2CBDAD-4D43-45EA-9D40-4CD9CC7EE744}.Release|Any CPU.ActiveCfg = Release|Any CPU
		{CF2CBDAD-4D43-45EA-9D40-4CD9CC7EE744}.Release|Any CPU.Build.0 = Release|Any CPU
		{E814A5DC-C15B-4BA4-AB7C-B7C9A34AC2FD}.Debug|Any CPU.ActiveCfg = Debug|Any CPU
		{E814A5DC-C15B-4BA4-AB7C-B7C9A34AC2FD}.Debug|Any CPU.Build.0 = Debug|Any CPU
		{E814A5DC-C15B-4BA4-AB7C-B7C9A34AC2FD}.Release|Any CPU.ActiveCfg = Release|Any CPU
		{E814A5DC-C15B-4BA4-AB7C-B7C9A34AC2FD}.Release|Any CPU.Build.0 = Release|Any CPU
	EndGlobalSection
	GlobalSection(SolutionProperties) = preSolution
		HideSolutionNode = FALSE
	EndGlobalSection
	GlobalSection(NestedProjects) = preSolution
		{EB4A872E-C6CA-43F6-8C9C-E46A86C60CF3} = {9648EC50-4083-4A4A-BD92-B7CF1F297DDE}
		{3E6129C8-18E4-410D-89FC-0DBBE6009FC5} = {F461D253-A201-47D0-A29C-1CCE0677F4EA}
		{88316009-DEDF-434C-A6A8-BE79D8A1B502} = {F461D253-A201-47D0-A29C-1CCE0677F4EA}
		{A09297C8-2C40-470B-8856-D856676DDFFA} = {3C4AE502-2854-498E-AE91-AFA4AA8E84F7}
		{2DB0AD6D-BF59-4EBB-9F99-49ABD8539FD2} = {3C4AE502-2854-498E-AE91-AFA4AA8E84F7}
		{6AC97717-899D-4F72-BC5B-2C37959CD4FF} = {3C4AE502-2854-498E-AE91-AFA4AA8E84F7}
		{CF2CBDAD-4D43-45EA-9D40-4CD9CC7EE744} = {3C4AE502-2854-498E-AE91-AFA4AA8E84F7}
		{E814A5DC-C15B-4BA4-AB7C-B7C9A34AC2FD} = {3C4AE502-2854-498E-AE91-AFA4AA8E84F7}
	EndGlobalSection
	GlobalSection(TextTemplating) = postSolution
		TextTemplating = 1
	EndGlobalSection
EndGlobal
