
Microsoft Visual Studio Solution File, Format Version 10.00
# Visual Studio 2008
Project("{FAE04EC0-301F-11D3-BF4B-00C04F79EFBC}") = "Console.Wpf", "Console.Wpf\Console.Wpf.csproj", "{241CC28C-B5B3-4F9F-A8CA-A85BB0F52D23}"
EndProject
Project("{2150E333-8FDC-42A3-9474-1A3956D46DE8}") = "Referenced Projects", "Referenced Projects", "{3D1D9CCC-B85F-4929-AE73-1E06A5E7F5D8}"
EndProject
Project("{FAE04EC0-301F-11D3-BF4B-00C04F79EFBC}") = "Common", "..\..\Common\Src\Common.csproj", "{A09297C8-2C40-470B-8856-D856676DDFFA}"
EndProject
Project("{FAE04EC0-301F-11D3-BF4B-00C04F79EFBC}") = "ExceptionHandling", "..\..\ExceptionHandling\Src\ExceptionHandling\ExceptionHandling.csproj", "{2DB0AD6D-BF59-4EBB-9F99-49ABD8539FD2}"
EndProject
Project("{FAE04EC0-301F-11D3-BF4B-00C04F79EFBC}") = "Common.TestSupport", "..\..\Common\Tests\Common.TestSupport\Common.TestSupport.csproj", "{C6DE0220-E31B-486B-AB57-107636AEB927}"
EndProject
Project("{2150E333-8FDC-42A3-9474-1A3956D46DE8}") = "Tests", "Tests", "{484A2325-DDBD-4AC1-827A-C8BFD11CDB73}"
EndProject
Project("{FAE04EC0-301F-11D3-BF4B-00C04F79EFBC}") = "Console.Wpf.Tests.VSTS", "..\Tests\Console.Wpf\Console.Wpf.Tests.VSTS\Console.Wpf.Tests.VSTS.csproj", "{D0E92C3B-3A4E-4963-811A-28A6B067FE6D}"
EndProject
Project("{2150E333-8FDC-42A3-9474-1A3956D46DE8}") = "Solution Items", "Solution Items", "{CE44C72A-7C80-4046-AB4B-8389B8605A8C}"
	ProjectSection(SolutionItems) = preProject
		LocalTestRun.testrunconfig = LocalTestRun.testrunconfig
	EndProjectSection
EndProject
Project("{FAE04EC0-301F-11D3-BF4B-00C04F79EFBC}") = "Common.Tests.VSTS", "..\..\Common\Tests\Common\Common.Tests.VSTS.csproj", "{02FC8CE2-2CB3-41B6-8516-0A27B99708A9}"
EndProject
Project("{FAE04EC0-301F-11D3-BF4B-00C04F79EFBC}") = "Security.Cryptography", "..\..\Security.Cryptography\Src\Cryptography\Security.Cryptography.csproj", "{6A4E6A8A-A39F-4643-BA9B-87AED00BB03E}"
EndProject
Project("{FAE04EC0-301F-11D3-BF4B-00C04F79EFBC}") = "Security.Cryptography.Tests.VSTS", "..\..\Security.Cryptography\Tests\Cryptography.Tests\Security.Cryptography.Tests.VSTS.csproj", "{1C7F861B-FDF9-489F-8CBC-025165A78A03}"
EndProject
Project("{FAE04EC0-301F-11D3-BF4B-00C04F79EFBC}") = "Security", "..\..\Security\Src\Security\Security.csproj", "{CF2CBDAD-4D43-45EA-9D40-4CD9CC7EE744}"
EndProject
Project("{FAE04EC0-301F-11D3-BF4B-00C04F79EFBC}") = "Security.Cache.CachingStore", "..\..\Security\Src\CachingStore\Security.Cache.CachingStore.csproj", "{933575C4-BCAC-47E0-B651-C57FBC5CE58E}"
EndProject
Project("{FAE04EC0-301F-11D3-BF4B-00C04F79EFBC}") = "Caching", "..\..\Caching\Src\Caching\Caching.csproj", "{E725A5B4-A379-492F-89E3-3D8021376C3F}"
EndProject
Project("{FAE04EC0-301F-11D3-BF4B-00C04F79EFBC}") = "Logging", "..\..\Logging\Src\Logging\Logging.csproj", "{6AC97717-899D-4F72-BC5B-2C37959CD4FF}"
EndProject
Project("{FAE04EC0-301F-11D3-BF4B-00C04F79EFBC}") = "ExceptionHandling.Logging", "..\..\ExceptionHandling\Src\Logging\ExceptionHandling.Logging.csproj", "{EC311AD3-0A26-4808-901B-A983E97E5790}"
EndProject
Project("{FAE04EC0-301F-11D3-BF4B-00C04F79EFBC}") = "Configuration.EnvironmentalOverrides", "EnvironmentalOverrides\Configuration.EnvironmentalOverrides.csproj", "{9CC92B51-39D9-4622-BE1D-57257C894FA7}"
EndProject
Project("{FAE04EC0-301F-11D3-BF4B-00C04F79EFBC}") = "Configuration.Design", "Design\Configuration.Design.csproj", "{D6AAB55A-8C43-46B7-9EE4-EB8D1E1BFC17}"
EndProject
Global
	GlobalSection(TestCaseManagementSettings) = postSolution
		CategoryFile = Console.Wpf1.vsmdi
	EndGlobalSection
	GlobalSection(SolutionConfigurationPlatforms) = preSolution
		Debug|Any CPU = Debug|Any CPU
		Release|Any CPU = Release|Any CPU
	EndGlobalSection
	GlobalSection(ProjectConfigurationPlatforms) = postSolution
		{241CC28C-B5B3-4F9F-A8CA-A85BB0F52D23}.Debug|Any CPU.ActiveCfg = Debug|Any CPU
		{241CC28C-B5B3-4F9F-A8CA-A85BB0F52D23}.Debug|Any CPU.Build.0 = Debug|Any CPU
		{241CC28C-B5B3-4F9F-A8CA-A85BB0F52D23}.Release|Any CPU.ActiveCfg = Release|Any CPU
		{241CC28C-B5B3-4F9F-A8CA-A85BB0F52D23}.Release|Any CPU.Build.0 = Release|Any CPU
		{A09297C8-2C40-470B-8856-D856676DDFFA}.Debug|Any CPU.ActiveCfg = Debug|Any CPU
		{A09297C8-2C40-470B-8856-D856676DDFFA}.Debug|Any CPU.Build.0 = Debug|Any CPU
		{A09297C8-2C40-470B-8856-D856676DDFFA}.Release|Any CPU.ActiveCfg = Release|Any CPU
		{A09297C8-2C40-470B-8856-D856676DDFFA}.Release|Any CPU.Build.0 = Release|Any CPU
		{2DB0AD6D-BF59-4EBB-9F99-49ABD8539FD2}.Debug|Any CPU.ActiveCfg = Debug|Any CPU
		{2DB0AD6D-BF59-4EBB-9F99-49ABD8539FD2}.Debug|Any CPU.Build.0 = Debug|Any CPU
		{2DB0AD6D-BF59-4EBB-9F99-49ABD8539FD2}.Release|Any CPU.ActiveCfg = Release|Any CPU
		{2DB0AD6D-BF59-4EBB-9F99-49ABD8539FD2}.Release|Any CPU.Build.0 = Release|Any CPU
		{C6DE0220-E31B-486B-AB57-107636AEB927}.Debug|Any CPU.ActiveCfg = Debug|Any CPU
		{C6DE0220-E31B-486B-AB57-107636AEB927}.Debug|Any CPU.Build.0 = Debug|Any CPU
		{C6DE0220-E31B-486B-AB57-107636AEB927}.Release|Any CPU.ActiveCfg = Release|Any CPU
		{C6DE0220-E31B-486B-AB57-107636AEB927}.Release|Any CPU.Build.0 = Release|Any CPU
		{D0E92C3B-3A4E-4963-811A-28A6B067FE6D}.Debug|Any CPU.ActiveCfg = Debug|Any CPU
		{D0E92C3B-3A4E-4963-811A-28A6B067FE6D}.Debug|Any CPU.Build.0 = Debug|Any CPU
		{D0E92C3B-3A4E-4963-811A-28A6B067FE6D}.Release|Any CPU.ActiveCfg = Release|Any CPU
		{D0E92C3B-3A4E-4963-811A-28A6B067FE6D}.Release|Any CPU.Build.0 = Release|Any CPU
		{02FC8CE2-2CB3-41B6-8516-0A27B99708A9}.Debug|Any CPU.ActiveCfg = Debug|Any CPU
		{02FC8CE2-2CB3-41B6-8516-0A27B99708A9}.Debug|Any CPU.Build.0 = Debug|Any CPU
		{02FC8CE2-2CB3-41B6-8516-0A27B99708A9}.Release|Any CPU.ActiveCfg = Release|Any CPU
		{02FC8CE2-2CB3-41B6-8516-0A27B99708A9}.Release|Any CPU.Build.0 = Release|Any CPU
		{6A4E6A8A-A39F-4643-BA9B-87AED00BB03E}.Debug|Any CPU.ActiveCfg = Debug|Any CPU
		{6A4E6A8A-A39F-4643-BA9B-87AED00BB03E}.Debug|Any CPU.Build.0 = Debug|Any CPU
		{6A4E6A8A-A39F-4643-BA9B-87AED00BB03E}.Release|Any CPU.ActiveCfg = Release|Any CPU
		{6A4E6A8A-A39F-4643-BA9B-87AED00BB03E}.Release|Any CPU.Build.0 = Release|Any CPU
		{1C7F861B-FDF9-489F-8CBC-025165A78A03}.Debug|Any CPU.ActiveCfg = Debug|Any CPU
		{1C7F861B-FDF9-489F-8CBC-025165A78A03}.Debug|Any CPU.Build.0 = Debug|Any CPU
		{1C7F861B-FDF9-489F-8CBC-025165A78A03}.Release|Any CPU.ActiveCfg = Release|Any CPU
		{1C7F861B-FDF9-489F-8CBC-025165A78A03}.Release|Any CPU.Build.0 = Release|Any CPU
		{CF2CBDAD-4D43-45EA-9D40-4CD9CC7EE744}.Debug|Any CPU.ActiveCfg = Debug|Any CPU
		{CF2CBDAD-4D43-45EA-9D40-4CD9CC7EE744}.Debug|Any CPU.Build.0 = Debug|Any CPU
		{CF2CBDAD-4D43-45EA-9D40-4CD9CC7EE744}.Release|Any CPU.ActiveCfg = Release|Any CPU
		{CF2CBDAD-4D43-45EA-9D40-4CD9CC7EE744}.Release|Any CPU.Build.0 = Release|Any CPU
		{933575C4-BCAC-47E0-B651-C57FBC5CE58E}.Debug|Any CPU.ActiveCfg = Debug|Any CPU
		{933575C4-BCAC-47E0-B651-C57FBC5CE58E}.Debug|Any CPU.Build.0 = Debug|Any CPU
		{933575C4-BCAC-47E0-B651-C57FBC5CE58E}.Release|Any CPU.ActiveCfg = Release|Any CPU
		{933575C4-BCAC-47E0-B651-C57FBC5CE58E}.Release|Any CPU.Build.0 = Release|Any CPU
		{E725A5B4-A379-492F-89E3-3D8021376C3F}.Debug|Any CPU.ActiveCfg = Debug|Any CPU
		{E725A5B4-A379-492F-89E3-3D8021376C3F}.Debug|Any CPU.Build.0 = Debug|Any CPU
		{E725A5B4-A379-492F-89E3-3D8021376C3F}.Release|Any CPU.ActiveCfg = Release|Any CPU
		{E725A5B4-A379-492F-89E3-3D8021376C3F}.Release|Any CPU.Build.0 = Release|Any CPU
		{6AC97717-899D-4F72-BC5B-2C37959CD4FF}.Debug|Any CPU.ActiveCfg = Debug|Any CPU
		{6AC97717-899D-4F72-BC5B-2C37959CD4FF}.Debug|Any CPU.Build.0 = Debug|Any CPU
		{6AC97717-899D-4F72-BC5B-2C37959CD4FF}.Release|Any CPU.ActiveCfg = Release|Any CPU
		{6AC97717-899D-4F72-BC5B-2C37959CD4FF}.Release|Any CPU.Build.0 = Release|Any CPU
		{EC311AD3-0A26-4808-901B-A983E97E5790}.Debug|Any CPU.ActiveCfg = Debug|Any CPU
		{EC311AD3-0A26-4808-901B-A983E97E5790}.Debug|Any CPU.Build.0 = Debug|Any CPU
		{EC311AD3-0A26-4808-901B-A983E97E5790}.Release|Any CPU.ActiveCfg = Release|Any CPU
		{EC311AD3-0A26-4808-901B-A983E97E5790}.Release|Any CPU.Build.0 = Release|Any CPU
		{9CC92B51-39D9-4622-BE1D-57257C894FA7}.Debug|Any CPU.ActiveCfg = Debug|Any CPU
		{9CC92B51-39D9-4622-BE1D-57257C894FA7}.Debug|Any CPU.Build.0 = Debug|Any CPU
		{9CC92B51-39D9-4622-BE1D-57257C894FA7}.Release|Any CPU.ActiveCfg = Release|Any CPU
		{9CC92B51-39D9-4622-BE1D-57257C894FA7}.Release|Any CPU.Build.0 = Release|Any CPU
		{D6AAB55A-8C43-46B7-9EE4-EB8D1E1BFC17}.Debug|Any CPU.ActiveCfg = Debug|Any CPU
		{D6AAB55A-8C43-46B7-9EE4-EB8D1E1BFC17}.Debug|Any CPU.Build.0 = Debug|Any CPU
		{D6AAB55A-8C43-46B7-9EE4-EB8D1E1BFC17}.Release|Any CPU.ActiveCfg = Release|Any CPU
		{D6AAB55A-8C43-46B7-9EE4-EB8D1E1BFC17}.Release|Any CPU.Build.0 = Release|Any CPU
	EndGlobalSection
	GlobalSection(SolutionProperties) = preSolution
		HideSolutionNode = FALSE
	EndGlobalSection
	GlobalSection(NestedProjects) = preSolution
		{A09297C8-2C40-470B-8856-D856676DDFFA} = {3D1D9CCC-B85F-4929-AE73-1E06A5E7F5D8}
		{2DB0AD6D-BF59-4EBB-9F99-49ABD8539FD2} = {3D1D9CCC-B85F-4929-AE73-1E06A5E7F5D8}
		{C6DE0220-E31B-486B-AB57-107636AEB927} = {3D1D9CCC-B85F-4929-AE73-1E06A5E7F5D8}
		{02FC8CE2-2CB3-41B6-8516-0A27B99708A9} = {3D1D9CCC-B85F-4929-AE73-1E06A5E7F5D8}
		{6A4E6A8A-A39F-4643-BA9B-87AED00BB03E} = {3D1D9CCC-B85F-4929-AE73-1E06A5E7F5D8}
		{1C7F861B-FDF9-489F-8CBC-025165A78A03} = {3D1D9CCC-B85F-4929-AE73-1E06A5E7F5D8}
		{CF2CBDAD-4D43-45EA-9D40-4CD9CC7EE744} = {3D1D9CCC-B85F-4929-AE73-1E06A5E7F5D8}
		{933575C4-BCAC-47E0-B651-C57FBC5CE58E} = {3D1D9CCC-B85F-4929-AE73-1E06A5E7F5D8}
		{E725A5B4-A379-492F-89E3-3D8021376C3F} = {3D1D9CCC-B85F-4929-AE73-1E06A5E7F5D8}
		{6AC97717-899D-4F72-BC5B-2C37959CD4FF} = {3D1D9CCC-B85F-4929-AE73-1E06A5E7F5D8}
		{EC311AD3-0A26-4808-901B-A983E97E5790} = {3D1D9CCC-B85F-4929-AE73-1E06A5E7F5D8}
		{9CC92B51-39D9-4622-BE1D-57257C894FA7} = {3D1D9CCC-B85F-4929-AE73-1E06A5E7F5D8}
		{D6AAB55A-8C43-46B7-9EE4-EB8D1E1BFC17} = {3D1D9CCC-B85F-4929-AE73-1E06A5E7F5D8}
		{D0E92C3B-3A4E-4963-811A-28A6B067FE6D} = {484A2325-DDBD-4AC1-827A-C8BFD11CDB73}
		{CE44C72A-7C80-4046-AB4B-8389B8605A8C} = {484A2325-DDBD-4AC1-827A-C8BFD11CDB73}
	EndGlobalSection
EndGlobal
