
Microsoft Visual Studio Solution File, Format Version 10.00
# Visual Studio 2008
Project("{2150E333-8FDC-42A3-9474-1A3956D46DE8}") = "Logging QuickStart", "Logging QuickStart", "{4BDCD267-455E-4ACE-87DB-6D4BC18D1C28}"
EndProject
Project("{2150E333-8FDC-42A3-9474-1A3956D46DE8}") = "Referenced Enterprise Library Projects", "Referenced Enterprise Library Projects", "{514294F9-FA03-4CA1-8B91-414DD0093304}"
EndProject
Project("{FAE04EC0-301F-11D3-BF4B-00C04F79EFBC}") = "LoggingQuickStart", "LoggingQuickStart\LoggingQuickStart.csproj", "{F634E038-A2C9-4284-B585-90E21D93613E}"
EndProject
Project("{FAE04EC0-301F-11D3-BF4B-00C04F79EFBC}") = "Common", "..\..\..\Blocks\Common\Src\Common.csproj", "{A09297C8-2C40-470B-8856-D856676DDFFA}"
EndProject
Project("{FAE04EC0-301F-11D3-BF4B-00C04F79EFBC}") = "Logging", "..\..\..\Blocks\Logging\Src\Logging\Logging.csproj", "{6AC97717-899D-4F72-BC5B-2C37959CD4FF}"
EndProject
Global
	GlobalSection(SolutionConfigurationPlatforms) = preSolution
		Debug|Any CPU = Debug|Any CPU
		Release|Any CPU = Release|Any CPU
	EndGlobalSection
	GlobalSection(ProjectConfigurationPlatforms) = postSolution
		{F634E038-A2C9-4284-B585-90E21D93613E}.Debug|Any CPU.ActiveCfg = Debug|Any CPU
		{F634E038-A2C9-4284-B585-90E21D93613E}.Debug|Any CPU.Build.0 = Debug|Any CPU
		{F634E038-A2C9-4284-B585-90E21D93613E}.Release|Any CPU.ActiveCfg = Release|Any CPU
		{F634E038-A2C9-4284-B585-90E21D93613E}.Release|Any CPU.Build.0 = Release|Any CPU
		{A09297C8-2C40-470B-8856-D856676DDFFA}.Debug|Any CPU.ActiveCfg = Debug|Any CPU
		{A09297C8-2C40-470B-8856-D856676DDFFA}.Debug|Any CPU.Build.0 = Debug|Any CPU
		{A09297C8-2C40-470B-8856-D856676DDFFA}.Release|Any CPU.ActiveCfg = Release|Any CPU
		{A09297C8-2C40-470B-8856-D856676DDFFA}.Release|Any CPU.Build.0 = Release|Any CPU
		{6AC97717-899D-4F72-BC5B-2C37959CD4FF}.Debug|Any CPU.ActiveCfg = Debug|Any CPU
		{6AC97717-899D-4F72-BC5B-2C37959CD4FF}.Debug|Any CPU.Build.0 = Debug|Any CPU
		{6AC97717-899D-4F72-BC5B-2C37959CD4FF}.Release|Any CPU.ActiveCfg = Release|Any CPU
		{6AC97717-899D-4F72-BC5B-2C37959CD4FF}.Release|Any CPU.Build.0 = Release|Any CPU
	EndGlobalSection
	GlobalSection(SolutionProperties) = preSolution
		HideSolutionNode = FALSE
	EndGlobalSection
	GlobalSection(NestedProjects) = preSolution
		{F634E038-A2C9-4284-B585-90E21D93613E} = {4BDCD267-455E-4ACE-87DB-6D4BC18D1C28}
		{A09297C8-2C40-470B-8856-D856676DDFFA} = {514294F9-FA03-4CA1-8B91-414DD0093304}
		{6AC97717-899D-4F72-BC5B-2C37959CD4FF} = {514294F9-FA03-4CA1-8B91-414DD0093304}
	EndGlobalSection
	GlobalSection(ExtensibilityGlobals) = postSolution
		SelectedEnterpriseLibraryConfigurationSet = EntLib41Src
	EndGlobalSection
EndGlobal
